{"SurveyEntry":{"SurveyID":"SV_e4eMITeZ8WisKSa","SurveyName":"counting gender author 1220 (full)","SurveyDescription":null,"SurveyOwnerID":"UR_51kqMTaUzYIYveC","SurveyBrandID":"wharton","DivisionID":null,"SurveyLanguage":"EN","SurveyActiveResponseSet":"RS_1yMDFds4KN3PpNs","SurveyStatus":"Active","SurveyStartDate":"0000-00-00 00:00:00","SurveyExpirationDate":"0000-00-00 00:00:00","SurveyCreationDate":"2023-12-18 12:21:54","CreatorID":"UR_51kqMTaUzYIYveC","LastModified":"2024-01-21 17:36:56","LastAccessed":"0000-00-00 00:00:00","LastActivated":"2023-12-18 15:06:44","Deleted":null},"SurveyElements":[{"SurveyID":"SV_e4eMITeZ8WisKSa","Element":"BL","PrimaryAttribute":"Survey Blocks","SecondaryAttribute":null,"TertiaryAttribute":null,"Payload":[{"Type":"Default","Description":"treatment block","ID":"BL_6AwidzydgbaZLMi","BlockElements":[{"Type":"Question","QuestionID":"QID1"},{"Type":"Page Break"},{"Type":"Question","QuestionID":"QID5"}],"Options":{"BlockLocking":"false","RandomizeQuestions":"false","BlockVisibility":"Expanded"}},{"Type":"Trash","Description":"Trash \/ Unused Questions","ID":"BL_2003JNTnqpTB7NA","BlockElements":[{"Type":"Question","QuestionID":"QID2"},{"Type":"Question","QuestionID":"QID12"},{"Type":"Question","QuestionID":"QID21"},{"Type":"Question","QuestionID":"QID23"},{"Type":"Question","QuestionID":"QID28"},{"Type":"Question","QuestionID":"QID24"},{"Type":"Question","QuestionID":"QID25"},{"Type":"Question","QuestionID":"QID26"},{"Type":"Question","QuestionID":"QID27"},{"Type":"Question","QuestionID":"QID36"},{"Type":"Question","QuestionID":"QID39"}]},{"Type":"Standard","SubType":"","Description":"DV Block","ID":"BL_0kZJ3GKwIuR1Vwq","BlockElements":[{"Type":"Question","QuestionID":"QID22"},{"Type":"Page Break"},{"Type":"Question","QuestionID":"QID4"},{"Type":"Page Break"},{"Type":"Question","QuestionID":"QID3"},{"Type":"Page Break"},{"Type":"Question","QuestionID":"QID38"}],"Options":{"BlockLocking":"false","RandomizeQuestions":"false","BlockVisibility":"Expanded"}},{"Type":"Standard","SubType":"","Description":"Intro Block","ID":"BL_cCQ6W06q30TyMyG","BlockElements":[{"Type":"Question","QuestionID":"QID6"},{"Type":"Page Break"},{"Type":"Question","QuestionID":"QID7"},{"Type":"Page Break"},{"Type":"Question","QuestionID":"QID8"}],"Options":{"BlockLocking":"false","RandomizeQuestions":"false","BlockVisibility":"Collapsed"}},{"Type":"Standard","SubType":"","Description":"Closing Block","ID":"BL_1YOjfH4C2i90Hwa","BlockElements":[{"Type":"Question","QuestionID":"QID10"},{"Type":"Page Break"},{"Type":"Question","QuestionID":"QID11"},{"Type":"Page Break"},{"Type":"Question","QuestionID":"QID13"},{"Type":"Question","QuestionID":"QID14"},{"Type":"Question","QuestionID":"QID15"},{"Type":"Question","QuestionID":"QID16"},{"Type":"Question","QuestionID":"QID17"},{"Type":"Question","QuestionID":"QID18"},{"Type":"Question","QuestionID":"QID19"},{"Type":"Page Break"},{"Type":"Question","QuestionID":"QID20"}]},{"Type":"Standard","SubType":"","Description":"consent","ID":"BL_eWkTQCBBCcfPRzw","BlockElements":[{"Type":"Question","QuestionID":"QID9"}],"Options":{"BlockLocking":"false","RandomizeQuestions":"false","BlockVisibility":"Expanded"}},{"Type":"Standard","SubType":"","Description":"mediation","ID":"BL_4IKmXl3eGrIiMWW","BlockElements":[{"Type":"Question","QuestionID":"QID37"},{"Type":"Question","QuestionID":"QID29"},{"Type":"Question","QuestionID":"QID30"},{"Type":"Question","QuestionID":"QID31"},{"Type":"Question","QuestionID":"QID32"},{"Type":"Question","QuestionID":"QID33"},{"Type":"Question","QuestionID":"QID34"},{"Type":"Question","QuestionID":"QID35"}],"Options":{"BlockLocking":"false","RandomizeQuestions":"Advanced","Randomization":{"Advanced":{"FixedOrder":["QID37","{~Randomized~}","{~Randomized~}","{~Randomized~}","{~Randomized~}","{~Randomized~}","{~Randomized~}","{~Randomized~}"],"RandomizeAll":["QID29","QID30","QID31","QID32","QID33","QID34","QID35"],"RandomSubSet":[],"Undisplayed":[],"TotalRandSubset":0,"QuestionsPerPage":"5"},"EvenPresentation":false}}}]},{"SurveyID":"SV_e4eMITeZ8WisKSa","Element":"FL","PrimaryAttribute":"Survey Flow","SecondaryAttribute":null,"TertiaryAttribute":null,"Payload":{"Type":"Root","FlowID":"FL_1","Flow":[{"Type":"EmbeddedData","FlowID":"FL_8","EmbeddedData":[{"Description":"choice-1","Type":"Recipient","Field":"choice-1","VariableType":"String","DataVisibility":[],"AnalyzeText":false},{"Description":"choice-2","Type":"Recipient","Field":"choice-2","VariableType":"String","DataVisibility":[],"AnalyzeText":false},{"Description":"choice-3","Type":"Recipient","Field":"choice-3","VariableType":"String","DataVisibility":[],"AnalyzeText":false},{"Description":"choice-4","Type":"Recipient","Field":"choice-4","VariableType":"String","DataVisibility":[],"AnalyzeText":false},{"Description":"choice-5","Type":"Recipient","Field":"choice-5","VariableType":"String","DataVisibility":[],"AnalyzeText":false},{"Description":"choice-6","Type":"Recipient","Field":"choice-6","VariableType":"String","DataVisibility":[],"AnalyzeText":false},{"Description":"choice-7","Type":"Recipient","Field":"choice-7","VariableType":"String","DataVisibility":[],"AnalyzeText":false},{"Description":"feedback_categories","Type":"Recipient","Field":"feedback_categories","VariableType":"String","DataVisibility":[],"AnalyzeText":false},{"Description":"workerId","Type":"Recipient","Field":"workerId","VariableType":"String","DataVisibility":[],"AnalyzeText":false},{"Description":"randomSeed","Type":"Recipient","Field":"randomSeed","VariableType":"String","DataVisibility":[],"AnalyzeText":false},{"Description":"feedbackItem1","Type":"Recipient","Field":"feedbackItem1","VariableType":"String","DataVisibility":[],"AnalyzeText":false},{"Description":"feedbackItem2","Type":"Recipient","Field":"feedbackItem2","VariableType":"String","DataVisibility":[],"AnalyzeText":false},{"Description":"feedbackItem3","Type":"Recipient","Field":"feedbackItem3","VariableType":"String","DataVisibility":[],"AnalyzeText":false},{"Description":"PROLIFIC_PID","Type":"Recipient","Field":"PROLIFIC_PID","VariableType":"String","DataVisibility":[],"AnalyzeText":false}]},{"Type":"Block","ID":"BL_cCQ6W06q30TyMyG","FlowID":"FL_21","Autofill":[]},{"Type":"Branch","FlowID":"FL_25","Description":"New Branch","BranchLogic":{"0":{"0":{"LogicType":"Question","QuestionID":"QID7","QuestionIsInLoop":"no","ChoiceLocator":"q:\/\/QID7\/SelectableChoice\/4\/2","Operator":"Selected","QuestionIDFromLocator":"QID7","LeftOperand":"q:\/\/QID7\/SelectableChoice\/4\/2","Type":"Expression","Description":"<span class=\"ConjDesc\">If<\/span> <span class=\"QuestionDesc\">Please respond truthfully to the items below.<\/span> <span class=\"LeftOpDesc\">Have you ever drank water? - No<\/span> <span class=\"OpDesc\">Is Selected<\/span> "},"1":{"LogicType":"Question","QuestionID":"QID7","QuestionIsInLoop":"no","ChoiceLocator":"q:\/\/QID7\/SelectableChoice\/3\/1","Operator":"Selected","QuestionIDFromLocator":"QID7","LeftOperand":"q:\/\/QID7\/SelectableChoice\/3\/1","Type":"Expression","Description":"<span class=\"ConjDesc\">Or<\/span> <span class=\"QuestionDesc\">Please respond truthfully to the items below.<\/span> <span class=\"LeftOpDesc\">Have you ever been to the Moon? - Yes<\/span> <span class=\"OpDesc\">Is Selected<\/span> ","Conjuction":"Or"},"2":{"LogicType":"Question","QuestionID":"QID7","QuestionIsInLoop":"no","ChoiceLocator":"q:\/\/QID7\/SelectableChoice\/5\/1","Operator":"Selected","QuestionIDFromLocator":"QID7","LeftOperand":"q:\/\/QID7\/SelectableChoice\/5\/1","Type":"Expression","Description":"<span class=\"ConjDesc\">Or<\/span> <span class=\"QuestionDesc\">Please respond truthfully to the items below.<\/span> <span class=\"LeftOpDesc\">Have you ever suffered a fatal heart attack? - Yes<\/span> <span class=\"OpDesc\">Is Selected<\/span> ","Conjuction":"Or"},"3":{"LogicType":"Question","QuestionID":"QID7","QuestionIsInLoop":"no","ChoiceLocator":"q:\/\/QID7\/SelectableChoice\/6\/2","Operator":"Selected","QuestionIDFromLocator":"QID7","LeftOperand":"q:\/\/QID7\/SelectableChoice\/6\/2","Type":"Expression","Description":"<span class=\"ConjDesc\">Or<\/span> <span class=\"QuestionDesc\">Please respond truthfully to the items below.<\/span> <span class=\"LeftOpDesc\">Are you human? - No<\/span> <span class=\"OpDesc\">Is Selected<\/span> ","Conjuction":"Or"},"Type":"If"},"1":{"0":{"LogicType":"Question","QuestionID":"QID8","QuestionIsInLoop":"no","ChoiceLocator":"q:\/\/QID8\/ChoiceTextEntryValue","Operator":"NotEqualTo","QuestionIDFromLocator":"QID8","LeftOperand":"q:\/\/QID8\/ChoiceTextEntryValue","RightOperand":"one one","IgnoreCase":1,"Type":"Expression","Description":"<span class=\"ConjDesc\">If<\/span> <span class=\"QuestionDesc\">Please ignore the question below and instead type in \"one one\" (exactly as shown) as your respons...<\/span> <span class=\"LeftOpDesc\">Text Response<\/span> <span class=\"OpDesc\">Is Not Equal to<\/span> <span class=\"RightOpDesc\"> one one <\/span>"},"1":{"LogicType":"Question","QuestionID":"QID8","QuestionIsInLoop":"no","ChoiceLocator":"q:\/\/QID8\/ChoiceTextEntryValue","Operator":"NotEqualTo","QuestionIDFromLocator":"QID8","LeftOperand":"q:\/\/QID8\/ChoiceTextEntryValue","RightOperand":"\"one one\"","IgnoreCase":1,"Type":"Expression","Description":"<span class=\"ConjDesc\">And<\/span> <span class=\"QuestionDesc\">Please ignore the question below and instead type in \"one one\" (exactly as shown) as your respons...<\/span> <span class=\"LeftOpDesc\">Text Response<\/span> <span class=\"OpDesc\">Is Not Equal to<\/span> <span class=\"RightOpDesc\"> \"one one\" <\/span>","Conjuction":"And"},"Type":"ElseIf"},"Type":"BooleanExpression"},"Flow":[{"Type":"EndSurvey","FlowID":"FL_26","EndingType":"Advanced","Options":{"Advanced":"true","SurveyTermination":"DisplayMessage","EOSMessageLibrary":"UR_51kqMTaUzYIYveC","EOSMessage":"MS_9oTOXQztHrk1Rdk"}}]},{"Type":"Block","ID":"BL_eWkTQCBBCcfPRzw","FlowID":"FL_22","Autofill":[]},{"Type":"BlockRandomizer","FlowID":"FL_5","SubSet":1,"EvenPresentation":true,"Flow":[{"Type":"EmbeddedData","FlowID":"FL_13","EmbeddedData":[{"Description":"cond","Type":"Custom","Field":"cond","VariableType":"String","DataVisibility":[],"AnalyzeText":false,"Value":"treat"}]},{"Type":"EmbeddedData","FlowID":"FL_20","EmbeddedData":[{"Description":"cond","Type":"Custom","Field":"cond","VariableType":"String","DataVisibility":[],"AnalyzeText":false,"Value":"control"}]}]},{"Type":"Block","ID":"BL_6AwidzydgbaZLMi","FlowID":"FL_2","Autofill":[]},{"Type":"Standard","ID":"BL_0kZJ3GKwIuR1Vwq","FlowID":"FL_9","Autofill":[]},{"Type":"Standard","ID":"BL_4IKmXl3eGrIiMWW","FlowID":"FL_27","Autofill":[]},{"Type":"Block","ID":"BL_1YOjfH4C2i90Hwa","FlowID":"FL_23","Autofill":[]},{"Type":"EndSurvey","FlowID":"FL_18","EndingType":"Advanced","Options":{"Advanced":"true","SurveyTermination":"DisplayMessage","EOSMessageLibrary":"UR_51kqMTaUzYIYveC","EOSMessage":"MS_5iqzg8dBrPbKXBA"}}],"Properties":{"Count":27,"RemovedFieldsets":[]}}},{"SurveyID":"SV_e4eMITeZ8WisKSa","Element":"PL","PrimaryAttribute":"Preview Link","SecondaryAttribute":null,"TertiaryAttribute":null,"Payload":{"PreviewType":"Brand","PreviewID":"78df882f-8852-4aa3-921a-31729f7afe28"}},{"SurveyID":"SV_e4eMITeZ8WisKSa","Element":"RS","PrimaryAttribute":"RS_1yMDFds4KN3PpNs","SecondaryAttribute":null,"TertiaryAttribute":null,"Payload":null},{"SurveyID":"SV_e4eMITeZ8WisKSa","Element":"SO","PrimaryAttribute":"Survey Options","SecondaryAttribute":null,"TertiaryAttribute":null,"Payload":{"BackButton":"false","SaveAndContinue":"true","SurveyProtection":"PublicSurvey","BallotBoxStuffingPrevention":"false","NoIndex":"Yes","SecureResponseFiles":"true","SurveyExpiration":"None","SurveyTermination":"DefaultMessage","Header":"","Footer":"","ProgressBarDisplay":"None","PartialData":"+1 week","ValidationMessage":"","PreviousButton":" \u2190 ","NextButton":" \u2192 ","SurveyTitle":"Qualtrics Survey | Qualtrics Experience Management","SkinLibrary":"wharton","SkinType":"templated","Skin":{"brandingId":null,"templateId":"*2014","overrides":{"colors":{"primary":"#000000"}}},"NewScoring":1,"SurveyMetaDescription":"The most powerful, simple and trusted way to gather experience data. Start your journey to experience management and try a free account today.","CustomStyles":[],"ProtectSelectionIds":true}},{"SurveyID":"SV_e4eMITeZ8WisKSa","Element":"SCO","PrimaryAttribute":"Scoring","SecondaryAttribute":null,"TertiaryAttribute":null,"Payload":{"ScoringCategories":[],"ScoringCategoryGroups":[],"ScoringSummaryCategory":null,"ScoringSummaryAfterQuestions":0,"ScoringSummaryAfterSurvey":0,"DefaultScoringCategory":null,"AutoScoringCategory":null}},{"SurveyID":"SV_e4eMITeZ8WisKSa","Element":"PROJ","PrimaryAttribute":"CORE","SecondaryAttribute":null,"TertiaryAttribute":"1.1.0","Payload":{"ProjectCategory":"CORE","SchemaVersion":"1.1.0"}},{"SurveyID":"SV_e4eMITeZ8WisKSa","Element":"STAT","PrimaryAttribute":"Survey Statistics","SecondaryAttribute":null,"TertiaryAttribute":null,"Payload":{"MobileCompatible":true,"ID":"Survey Statistics"}},{"SurveyID":"SV_e4eMITeZ8WisKSa","Element":"SQ","PrimaryAttribute":"QID5","SecondaryAttribute":" ","TertiaryAttribute":null,"Payload":{"QuestionText":"&nbsp;","QuestionJS":"Qualtrics.SurveyEngine.addOnReady(function() {\n\t\n\tlet seed = Math.floor(Math.random() * 100000);\n\tQualtrics.SurveyEngine.setEmbeddedData('randomSeed', seed);\n\n\n\t\n\tfunction shuffleArray(array, seed) {\n    var m = array.length, t, i;\n\n    \/\/ Use the seed to have consistent random values\n    var random = function() {\n        var x = Math.sin(seed++) * 10000;\n        return x - Math.floor(x);\n    };\n\n    while (m) {\n        i = Math.floor(random() * m--);\n\n        t = array[m];\n        array[m] = array[i];\n        array[i] = t;\n    }\n}\n\tclass Author {\n\t\tconstructor(photoUrl, name, birthYear, bestKnownWork, authoredWorks) {\n\t\t\tthis.photoUrl = photoUrl;\n\t\t\tthis.name = name;\n\t\t\tthis.birthYear = birthYear;\n\t\t\tthis.bestKnownWork = bestKnownWork;\n\t\t\tthis.authoredWorks = authoredWorks;\n\t\t}\n\t}\n\nconst authors = [\n    new Author(\"https:\/\/wharton.yul1.qualtrics.com\/ControlPanel\/Graphic.php?IM=IM_rHvBRqlBaTKu4Cj\", \"Zadie Smith\", 1975, \"White Teeth\", \"6 books, numerous essays and short stories.\"),\n    new Author(\"https:\/\/wharton.yul1.qualtrics.com\/ControlPanel\/Graphic.php?IM=IM_emS46KUDC5DYJn0\", \"Charles Dickens\", 1812, \"A Tale of Two Cities\", \"15 books and various short stories, poems, and plays\"),\n    new Author(\"https:\/\/wharton.yul1.qualtrics.com\/ControlPanel\/Graphic.php?IM=IM_dhQyEbhPn3tungW\", \"Ernest Hemingway\", 1899, \"The Old Man and the Sea\", \"7 books and several short story collections\"),\n    new Author(\"https:\/\/wharton.yul1.qualtrics.com\/ControlPanel\/Graphic.php?IM=IM_4GjYCNpzVdBoPnE\", \"Gabriel Garcia Marquez\", 1927, \"Love in the Time of Cholera\", \"6 books and several novellas and short story collections\"),\n    new Author(\"https:\/\/wharton.yul1.qualtrics.com\/ControlPanel\/Graphic.php?IM=IM_6KmX3aObtKHdHpQ\", \"George Orwell\", 1903, \"Animal Farm\", \"6 books and several poems and plays\"),\n    new Author(\"https:\/\/wharton.yul1.qualtrics.com\/ControlPanel\/Graphic.php?IM=IM_5dLJCT0lpct4TuC\", \"Herman Melville\", 1819, \"Moby Dick\", \"11 books and several short stories\"),\n    new Author(\"https:\/\/wharton.yul1.qualtrics.com\/ControlPanel\/Graphic.php?IM=IM_bIqc9N8QR8EeU8m\", \"Isabel Allende\", 1942, \"La Casa De Los Esp\u00edritus\", \"25 books\"),\n    new Author(\"https:\/\/wharton.yul1.qualtrics.com\/ControlPanel\/Graphic.php?IM=IM_0cVvZ74xVzmaxSK\", \"Jack London\", 1876, \"The Call of the Wild\", \"23 books, several poems and short stories\"),\n    new Author(\"https:\/\/wharton.yul1.qualtrics.com\/ControlPanel\/Graphic.php?IM=IM_3dZZL6kupWfyybA\", \"Jane Austen\", 1775, \"Pride and Prejudice\", \"6 books\"),\n    new Author(\"https:\/\/wharton.yul1.qualtrics.com\/ControlPanel\/Graphic.php?IM=IM_9X0Wzhohxib5zro\", \"J.D. Salinger\", 1919, \"The Catcher in the Rye\", \"4 books and several short stories\"),\n    new Author(\"https:\/\/wharton.yul1.qualtrics.com\/ControlPanel\/Graphic.php?IM=IM_a4scMZFBBQNr6Yu\", \"John Steinbeck\", 1902, \"The Grapes of Wrath\", \"33 books and several short stories\"),\n    new Author(\"https:\/\/wharton.yul1.qualtrics.com\/ControlPanel\/Graphic.php?IM=IM_eepMxOsBNQdCyMK\", \"Joyce Carol Oates\", 1938, \"Blonde\", \"58 books and several plays and poems\"),\n    new Author(\"https:\/\/wharton.yul1.qualtrics.com\/ControlPanel\/Graphic.php?IM=IM_4UU3kxVnPqfL86G\", \"Jorge Luis Borges\", 1899, \"Fictions\", \"74 books, several poems and short stories\"),\n    new Author(\"https:\/\/wharton.yul1.qualtrics.com\/ControlPanel\/Graphic.php?IM=IM_3atrCIPrDBfGejA\", \"J.R.R. Tolkien\", 1892, \"The Lord of the Rings\", \"28 books and several periodicals\"),\n    new Author(\"https:\/\/wharton.yul1.qualtrics.com\/ControlPanel\/Graphic.php?IM=IM_7WZwqiXUSpWTiQe\", \"Lucy Maud\", 1874, \"Anne of Green Gables\", \"20 books, several essays, and short stories\"),\n    new Author(\"https:\/\/wharton.yul1.qualtrics.com\/ControlPanel\/Graphic.php?IM=IM_cwg0vTl9AoDOdQa\", \"Michael Crichton\", 1942, \"Jurassic Park\", \"32 books\"),\n    new Author(\"https:\/\/wharton.yul1.qualtrics.com\/ControlPanel\/Graphic.php?IM=IM_20t4qo2lg2zus18\", \"Nathaniel Hawthorne\", 1804, \"The Scarlet Letter\", \"8 books and several short stories\"),\n    new Author(\"https:\/\/wharton.yul1.qualtrics.com\/ControlPanel\/Graphic.php?IM=IM_dfXbtjPeHxb1XkG\", \"Sylvia Plath\", 1932, \"The Bell Jar\", \"4 books and several poems\"),\n    new Author(\"https:\/\/wharton.yul1.qualtrics.com\/ControlPanel\/Graphic.php?IM=IM_2NgQfFNvbYyoBgy\", \"Kurt Vonnegut\", 1922, \"Slaughterhouse-Five\", \"14 books, 3 short story collections, essays.\"),\n    new Author(\"https:\/\/wharton.yul1.qualtrics.com\/ControlPanel\/Graphic.php?IM=IM_OLndJ16ZBAVBDMj\", \"Ray Bradbury\", 1920, \"Fahrenheit 451\", \"27 novels, over 600 short stories, essays.\"),\n    new Author(\"https:\/\/wharton.yul1.qualtrics.com\/ControlPanel\/Graphic.php?IM=IM_5up6bGMkB6AOZ7r\", \"Neil Gaiman\", 1960, \"The Sandman\", \"5 books, comics, children's books, poetry and short stories.\"),\n    new Author(\"https:\/\/wharton.yul1.qualtrics.com\/ControlPanel\/Graphic.php?IM=IM_RkDCBhzhaQv1Hq2\", \"Cormac McCarthy\", 1933, \"No Country for Old Men\", \"10 books, plays, and screenplays.\"),\n    new Author(\"https:\/\/wharton.yul1.qualtrics.com\/ControlPanel\/Graphic.php?IM=IM_UKtkZk5ok4RWCrA\", \"George Saunders\", 1958, \"Lincoln in the Bardo\", \"1 book, short stories, and essays.\"),\n    new Author(\"https:\/\/wharton.yul1.qualtrics.com\/ControlPanel\/Graphic.php?IM=IM_cAgHGt45uXKhlfQ\", \"F. Scott Fitzgerald\", 1896, \"The Great Gatsby\", \"4 books and numerous short stories.\"),\n    new Author(\"https:\/\/wharton.yul1.qualtrics.com\/ControlPanel\/Graphic.php?IM=IM_opdLj0AHQhKE2Aq\", \"Ian McEwan\", 1948, \"Atonement\", \"17 books, short story collections, screenplays.\")\n];\n\n\t\n\tshuffleArray(authors, seed);\n\n\t\/\/ Instruction paragraph\n\tvar instructionPara = document.createElement('p');\n\tinstructionPara.innerHTML = \"Please select the <b>6 authors<\/b> you would like to include in your local library's reading list.<br><br>\";\n\tinstructionPara.style.fontWeight = 'bold'; \/\/ Make the text bold\n\tinstructionPara.style.fontSize = '18px';   \/\/ Increase font size to 18px\n\tthis.getQuestionContainer().appendChild(instructionPara);\n\n\t\/\/ Create a table and style it\n\tvar table = document.createElement('table');\n\ttable.style.borderCollapse = 'collapse';\n\ttable.style.width = '100%';\n\ttable.style.color = 'black';\n\n\t\/\/ Calculate rows and columns\n\tvar rows = 5;\n\tvar cols = 5;\n\tvar selectedAuthors = [];\n\n\t\/\/ Handles the logic for selecting\/deselecting an author cell\n\tfunction handleAuthorClick(cell, authorName) {\n\t\tif(cell.classList.contains('selected')) {\n\t\t\tcell.classList.remove('selected');\n\t\t\tselectedAuthors = selectedAuthors.filter(name => name !== authorName);\n\t\t} else if(selectedAuthors.length < 6) {\n\t\t\tcell.classList.add('selected');\n\t\t\tselectedAuthors.push(authorName);\n\t\t}\n\n\t\tif (selectedAuthors.length === 6) {\n\t\t\t\/\/ Save the selected authors as embedded data\n\t\t\tfor (let i = 0; i < selectedAuthors.length; i++) {\n\t\t\t\tvar embeddedVariableName = 'choice-' + (i + 1); \n\t\t\t\tQualtrics.SurveyEngine.setEmbeddedData(embeddedVariableName, selectedAuthors[i]);\n\t\t\t}\n\t\t}\n\t\tcheckSelections();\n\t}\n\n\t\/\/ Function to check whether 6 authors are selected\n\tfunction checkSelections() {\n\t\tlet nextButton = document.querySelector('#NextButton');\n\t\tif (selectedAuthors.length === 6) {\n\t\t\tnextButton.style.pointerEvents = 'auto';\n\t\t\tnextButton.style.opacity = '1';\n\t\t} else {\n\t\t\tnextButton.style.pointerEvents = 'none';\n\t\t\tnextButton.style.opacity = '0.5';\n\t\t}\n\t}\n\n\t\/\/ Initially disable the NextButton\n\tcheckSelections();\n\n\tfor (var i = 0; i < rows; i++) {\n\t\tvar row = document.createElement('tr');\n\t\tfor (var j = 0; j < cols; j++) {\n\t\t\tvar index = i * cols + j;\n\n\t\t\tvar cell = document.createElement('td');\n\n\t\t\tif (index < authors.length) {\n\t\t\t\tvar author = authors[index];\n\n\t\t\t\t\/\/ Create img element and add the link\n\t\t\t\tvar img = document.createElement('img');\n\t\t\t\timg.src = author.photoUrl;\n\t\t\t\timg.style.width = '150px';\n\t\t\t\timg.style.height = '150px';\n\t\t\t\timg.style.margin = '0 auto'; \/\/ To center the image\n\n\t\t\t\t\/\/ Add img and other details to cell\n\t\t\t\tcell.innerHTML = img.outerHTML + \"<br>\" + \n\t\t\t\t\t\"<b>\" + author.name + \"<\/b><br>\" + \n\t\t\t\t\t\"<u>Birth Year:<\/u> \" + author.birthYear + \"<br>\" + \n\t\t\t\t\t\"<u>Best-Known Work:<\/u> \" + author.bestKnownWork + \"<br>\" +\n\t\t\t\t\t\"<u>Authored:<\/u> \" + author.authoredWorks;\n\n\t\t\t\t\/\/ Add click event to select the author from the table\n\t\t\t\tcell.addEventListener('click', function(authorName) {\n\t\t\t\t\treturn function() {\n\t\t\t\t\t\thandleAuthorClick(this, authorName);\n\t\t\t\t\t};\n\t\t\t\t}(author.name)); \/\/ Pass the current author name into the event function\n\t\t\t}\n\n\t\t\t\/\/ Style cell\n\t\t\tcell.style.border = '1px solid black';\n\t\t\tcell.style.padding = '10px';\n\t\t\tcell.style.cursor = 'pointer';\n\t\t\tcell.style.textAlign = 'center';     \/\/ Center align content horizontally\n\t\t\tcell.style.verticalAlign = 'top';    \/\/ Top align content vertically\n\t\t\trow.appendChild(cell);\n\t\t}\n\t\ttable.appendChild(row);\n\t}\n\n\n    \/\/ Add styles for the selected class\n    var style = document.createElement('style');\n    style.innerHTML = `\n        td.selected {\n            background-color: #ffdd99; \/* Change this to your desired highlight color *\/\n        }\n    `;\n    document.head.appendChild(style);\n\n    \/\/ Add the table to the survey question\n    this.getQuestionContainer().appendChild(table);\n\n});\nQualtrics.SurveyEngine.addOnReady(function()\n{\n\t\/*Place your JavaScript here to run when the page is fully displayed*\/\n\n});\n\nQualtrics.SurveyEngine.addOnUnload(function()\n{\n\t\/*Place your JavaScript here to run when the page is unloaded*\/\n\n});","DefaultChoices":false,"DataExportTag":"code","QuestionType":"DB","Selector":"TB","DataVisibility":{"Private":false,"Hidden":false},"Configuration":{"QuestionDescriptionOption":"UseText"},"QuestionDescription":" ","ChoiceOrder":[],"Validation":{"Settings":{"Type":"None"}},"GradingData":[],"Language":[],"NextChoiceId":4,"NextAnswerId":1,"QuestionID":"QID5"}},{"SurveyID":"SV_e4eMITeZ8WisKSa","Element":"SQ","PrimaryAttribute":"QID28","SecondaryAttribute":"${e:\/\/Field\/choice-1}","TertiaryAttribute":null,"Payload":{"QuestionText":"${e:\/\/Field\/choice-1}","DefaultChoices":false,"DataExportTag":"Q28","QuestionID":"QID28","QuestionType":"DB","Selector":"TB","Configuration":{"QuestionDescriptionOption":"UseText"},"QuestionDescription":"${e:\/\/Field\/choice-1}","ChoiceOrder":[],"Validation":{"Settings":{"Type":"None"}},"GradingData":[],"Language":[],"NextChoiceId":4,"NextAnswerId":1}},{"SurveyID":"SV_e4eMITeZ8WisKSa","Element":"QC","PrimaryAttribute":"Survey Question Count","SecondaryAttribute":"39","TertiaryAttribute":null,"Payload":null},{"SurveyID":"SV_e4eMITeZ8WisKSa","Element":"SQ","PrimaryAttribute":"QID2","SecondaryAttribute":"Click to write the question text","TertiaryAttribute":null,"Payload":{"QuestionText":"Click to write the question text","DefaultChoices":false,"DataExportTag":"vignette","QuestionID":"QID2","QuestionType":"DB","Selector":"TB","Configuration":{"QuestionDescriptionOption":"UseText"},"QuestionDescription":"Click to write the question text","ChoiceOrder":[],"Validation":{"Settings":{"Type":"None"}},"GradingData":[],"Language":[],"NextChoiceId":4,"NextAnswerId":1,"DataVisibility":{"Private":false,"Hidden":false}}},{"SurveyID":"SV_e4eMITeZ8WisKSa","Element":"SQ","PrimaryAttribute":"QID21","SecondaryAttribute":"Click to write the question text","TertiaryAttribute":null,"Payload":{"QuestionText":"Click to write the question text","DataExportTag":"Q21","QuestionType":"MC","Selector":"SAVR","SubSelector":"TX","Configuration":{"QuestionDescriptionOption":"UseText"},"QuestionDescription":"Click to write the question text","Choices":{"1":{"Display":"Click to write Choice 1"},"2":{"Display":"Click to write Choice 2"},"3":{"Display":"Click to write Choice 3"}},"ChoiceOrder":["1","2","3"],"Validation":{"Settings":{"ForceResponse":"OFF","Type":"None"}},"Language":[],"NextChoiceId":4,"NextAnswerId":1,"QuestionID":"QID21"}},{"SurveyID":"SV_e4eMITeZ8WisKSa","Element":"SQ","PrimaryAttribute":"QID23","SecondaryAttribute":"Click to write the question text","TertiaryAttribute":null,"Payload":{"QuestionText":"Click to write the question text","DataExportTag":"Q23","QuestionType":"MC","Selector":"SAVR","SubSelector":"TX","Configuration":{"QuestionDescriptionOption":"UseText"},"QuestionDescription":"Click to write the question text","Choices":{"1":{"Display":"Click to write Choice 1"},"2":{"Display":"Click to write Choice 2"},"3":{"Display":"Click to write Choice 3"}},"ChoiceOrder":["1","2","3"],"Validation":{"Settings":{"ForceResponse":"OFF","Type":"None"}},"Language":[],"NextChoiceId":4,"NextAnswerId":1,"QuestionID":"QID23"}},{"SurveyID":"SV_e4eMITeZ8WisKSa","Element":"SQ","PrimaryAttribute":"QID39","SecondaryAttribute":"Click to write the question text","TertiaryAttribute":null,"Payload":{"QuestionText":"Click to write the question text","DataExportTag":"Q39","QuestionType":"MC","Selector":"SAVR","SubSelector":"TX","Configuration":{"QuestionDescriptionOption":"UseText"},"QuestionDescription":"Click to write the question text","Choices":{"1":{"Display":"Click to write Choice 1"},"2":{"Display":"Click to write Choice 2"},"3":{"Display":"Click to write Choice 3"}},"ChoiceOrder":["1","2","3"],"Validation":{"Settings":{"ForceResponse":"OFF","Type":"None"}},"Language":[],"NextChoiceId":4,"NextAnswerId":1,"QuestionID":"QID39"}},{"SurveyID":"SV_e4eMITeZ8WisKSa","Element":"SQ","PrimaryAttribute":"QID30","SecondaryAttribute":"Given my personal values and beliefs, an important factor in my selection of the seventh author t...","TertiaryAttribute":null,"Payload":{"ChoiceOrder":["1","2","3","4","5","6","7"],"Choices":{"1":{"Display":"Strongly disagree"},"2":{"Display":"Disagree"},"3":{"Display":"Somewhat disagree"},"4":{"Display":"Neither agree nor disagree"},"5":{"Display":"Somewhat agree"},"6":{"Display":"Agree"},"7":{"Display":"Strongly agree"}},"Configuration":{"LabelPosition":"BELOW","QuestionDescriptionOption":"UseText"},"DataExportTag":"I2","DataVisibility":{"Hidden":false,"Private":false},"Language":[],"NextAnswerId":1,"NextChoiceId":9,"QuestionDescription":"Given my personal values and beliefs, an important factor in my selection of the seventh author t...","QuestionID":"QID30","QuestionText":"Given my personal values and beliefs, an important factor in my selection of the seventh author to add to my list was my desire to promote the success of women.","QuestionText_Unsafe":"Given my personal values and beliefs, an important factor in my selection of the seventh author to add to my list was my desire to promote the success of racial minorities.","QuestionType":"MC","RecodeValues":{"1":"1","2":"2","3":"3","4":"4","5":"5","6":"6","7":"7"},"Selector":"SAHR","SubSelector":"TX","Validation":{"Settings":{"ForceResponse":"ON","ForceResponseType":"ON","Type":"None"}}}},{"SurveyID":"SV_e4eMITeZ8WisKSa","Element":"SQ","PrimaryAttribute":"QID33","SecondaryAttribute":"Given today\u2019s political correctness standards, a factor in my decision about who to select as my..","TertiaryAttribute":null,"Payload":{"ChoiceOrder":["1","2","3","4","5","6","7"],"Choices":{"1":{"Display":"Strongly disagree"},"2":{"Display":"Disagree"},"3":{"Display":"Somewhat disagree"},"4":{"Display":"Neither agree nor disagree"},"5":{"Display":"Somewhat agree"},"6":{"Display":"Agree"},"7":{"Display":"Strongly agree"}},"Configuration":{"LabelPosition":"BELOW","QuestionDescriptionOption":"UseText"},"DataExportTag":"E1","DataVisibility":{"Hidden":false,"Private":false},"Language":[],"NextAnswerId":1,"NextChoiceId":9,"QuestionDescription":"Given today\u2019s political correctness standards, a factor in my decision about who to select as my...","QuestionID":"QID33","QuestionText":"Given today\u2019s political correctness standards, a factor in my decision&nbsp;about who to select as my seventh author was that I should do my best not to act sexist.","QuestionText_Unsafe":"Given today\u2019s political correctness standards, a factor in my decision&nbsp;about who to select as my seventh author was that I should do my best not to act racist.","QuestionType":"MC","RecodeValues":{"1":"1","2":"2","3":"3","4":"4","5":"5","6":"6","7":"7"},"Selector":"SAHR","SubSelector":"TX","Validation":{"Settings":{"ForceResponse":"ON","ForceResponseType":"ON","Type":"None"}}}},{"SurveyID":"SV_e4eMITeZ8WisKSa","Element":"SQ","PrimaryAttribute":"QID27","SecondaryAttribute":"Here is a preview of the Facebook advertisement!","TertiaryAttribute":null,"Payload":{"QuestionText":"<div style=\"text-align: center;\">Here is a preview of the Facebook advertisement!<\/div><div style=\"text-align: center;\"><br><\/div><div style=\"display: grid; place-items: center; height: 100v;\"><img style=\"width: 600px; height: 600px;\" src=\"https:\/\/wharton.yul1.qualtrics.com\/ControlPanel\/Graphic.php?IM=IM_37MCpseJ6UVFJP0\">\n<\/div>","DefaultChoices":false,"DataExportTag":"img","QuestionID":"QID27","QuestionType":"DB","Selector":"TB","Configuration":{"QuestionDescriptionOption":"UseText"},"QuestionDescription":"Here is a preview of the Facebook advertisement!","ChoiceOrder":[],"Validation":{"Settings":{"Type":"None"}},"GradingData":[],"Language":[],"NextChoiceId":4,"NextAnswerId":1,"DataVisibility":{"Private":false,"Hidden":false}}},{"SurveyID":"SV_e4eMITeZ8WisKSa","Element":"SQ","PrimaryAttribute":"QID19","SecondaryAttribute":"How many years of work experience do you have?","TertiaryAttribute":null,"Payload":{"Configuration":{"InputHeight":29,"InputWidth":161,"QuestionDescriptionOption":"UseText"},"DataExportTag":"work_exp","DataVisibility":{"Hidden":false,"Private":false},"DefaultChoices":false,"GradingData":[],"Language":[],"NextAnswerId":1,"NextChoiceId":29,"QuestionDescription":"How many years of work experience do you have?","QuestionID":"QID19","QuestionText":"How many years of work experience do you have?","QuestionText_Unsafe":"How many years of work experience do you have?","QuestionType":"TE","SearchSource":{"AllowFreeResponse":"false"},"Selector":"SL","Validation":{"Settings":{"ContentType":"ValidNumber","ForceResponse":"ON","ForceResponseType":"ON","MinChars":"1","Type":"ContentType","ValidDateType":"DateWithFormat","ValidNumber":{"Max":"","Min":"","NumDecimals":""},"ValidPhoneType":"ValidUSPhone","ValidZipType":"ValidUSZip"}}}},{"SurveyID":"SV_e4eMITeZ8WisKSa","Element":"SQ","PrimaryAttribute":"QID35","SecondaryAttribute":"In making my decision about who to select as my seventh author, I considered my desire to not app...","TertiaryAttribute":null,"Payload":{"ChoiceOrder":["1","2","3","4","5","6","7"],"Choices":{"1":{"Display":"Strongly disagree"},"2":{"Display":"Disagree"},"3":{"Display":"Somewhat disagree"},"4":{"Display":"Neither agree nor disagree"},"5":{"Display":"Somewhat agree"},"6":{"Display":"Agree"},"7":{"Display":"Strongly agree"}},"Configuration":{"LabelPosition":"BELOW","QuestionDescriptionOption":"UseText"},"DataExportTag":"E3","DataVisibility":{"Hidden":false,"Private":false},"Language":[],"NextAnswerId":1,"NextChoiceId":9,"QuestionDescription":"In making my decision about who to select as my seventh author, I considered my desire to not app...","QuestionID":"QID35","QuestionText":"In making my decision about who to select as my seventh author, I considered my desire to not appear sexist in order to avoid negative reactions from others.","QuestionText_Unsafe":"In making my decision about who to select as my seventh author, I considered my desire to not appear racist in order to avoid negative reactions from others.","QuestionType":"MC","RecodeValues":{"1":"1","2":"2","3":"3","4":"4","5":"5","6":"6","7":"7"},"Selector":"SAHR","SubSelector":"TX","Validation":{"Settings":{"ForceResponse":"ON","ForceResponseType":"ON","Type":"None"}}}},{"SurveyID":"SV_e4eMITeZ8WisKSa","Element":"SQ","PrimaryAttribute":"QID32","SecondaryAttribute":"In making my decision about who to select as my seventh author, I prioritized my personal motivat...","TertiaryAttribute":null,"Payload":{"ChoiceOrder":["1","2","3","4","5","6","7"],"Choices":{"1":{"Display":"Strongly disagree"},"2":{"Display":"Disagree"},"3":{"Display":"Somewhat disagree"},"4":{"Display":"Neither agree nor disagree"},"5":{"Display":"Somewhat agree"},"6":{"Display":"Agree"},"7":{"Display":"Strongly agree"}},"Configuration":{"LabelPosition":"BELOW","QuestionDescriptionOption":"UseText"},"DataExportTag":"I4","DataVisibility":{"Hidden":false,"Private":false},"Language":[],"NextAnswerId":1,"NextChoiceId":9,"QuestionDescription":"In making my decision about who to select as my seventh author, I prioritized my personal motivat...","QuestionID":"QID32","QuestionText":"In making my decision about who to select as my seventh author, I prioritized my personal motivation to ensure that women have the same visibility as others.","QuestionText_Unsafe":"In making my decision about who to select as my seventh author, I prioritized my personal motivation to ensure that racial minorities have the same visibility as others.","QuestionType":"MC","RecodeValues":{"1":"1","2":"2","3":"3","4":"4","5":"5","6":"6","7":"7"},"Selector":"SAHR","SubSelector":"TX","Validation":{"Settings":{"ForceResponse":"ON","ForceResponseType":"ON","Type":"None"}}}},{"SurveyID":"SV_e4eMITeZ8WisKSa","Element":"SQ","PrimaryAttribute":"QID9","SecondaryAttribute":"Informed Consent You are being asked to complete a survey as part of a research study about human...","TertiaryAttribute":null,"Payload":{"ChoiceOrder":[],"Configuration":{"QuestionDescriptionOption":"UseText"},"DataExportTag":"consent","DataVisibility":{"Hidden":false,"Private":false},"DefaultChoices":false,"GradingData":[],"Language":[],"NextAnswerId":1,"NextChoiceId":4,"QuestionDescription":"Informed Consent You are being asked to complete a survey as part of a research study about human...","QuestionID":"QID9","QuestionText":"<div style=\"text-align: center;\"><b>Informed Consent<\/b><\/div>\n<br>\nYou are being asked to complete a survey as part of a research study about human behavior and decision-making. Your participation in this study is entirely voluntary. If you elect to participate, you will be asked to select an advisory panel based on a pool of options. You will then be asked to answer a series of survey questions. Additional information will be provided to you during your study participation.<br>\n<br>\nThis survey should take about 3 minutes. You can withdraw from the study at any time. If you decide to withdraw from the survey, your data will be destroyed. We will not share or store any data beyond the use of this research project.<br>\n<br>\nWe will make every effort to keep all the information you tell us during the study strictly confidential, except as required by law. Worker IDs will be collected strictly on the basis of compensation. Your name and other identifying information will never be connected with the responses you provide so no one will ever be able to identify you in any publications that will result from this research. If you have questions, concerns, or complaints regarding your confidentiality or if you have any questions about your rights as a research participant, you should e-mail the researcher at josecerv@wharton.upenn.edu. If a member of the research team cannot be reached or you want to talk to someone other than those working on the study, you may contact the Office of Regulatory Affairs with any questions, concerns, or complaints at the University of Pennsylvania by calling (215) 898-2614.<br>\n<br>\nIf you agree to participate, please click the arrow to continue. Otherwise, you may close the browser or navigate away from the page.","QuestionText_Unsafe":"<div style=\"text-align: center;\"><b>Informed Consent<\/b><\/div>\n<br>\nYou are being asked to complete a survey as part of a research study about human behavior and decision-making. Your participation in this study is entirely voluntary. If you elect to participate, you will be asked to select an advisory panel based on a pool of options. You will then be asked to answer a series of survey questions. Additional information will be provided to you during your study participation.<br>\n<br>\nThis survey should take about 5 minutes. You can withdraw from the study at any time. If you decide to withdraw from the survey, your data will be destroyed. We will not share or store any data beyond the use of this research project.<br>\n<br>\nWe will make every effort to keep all the information you tell us during the study strictly confidential, except as required by law. Worker IDs will be collected strictly on the basis of compensation. Your name and other identifying information will never be connected with the responses you provide so no one will ever be able to identify you in any publications that will result from this research. If you have questions, concerns, or complaints regarding your confidentiality or if you have any questions about your rights as a research participant, you should e-mail the researcher at josecerv@wharton.upenn.edu. If a member of the research team cannot be reached or you want to talk to someone other than those working on the study, you may contact the Office of Regulatory Affairs with any questions, concerns, or complaints at the University of Pennsylvania by calling (215) 898-2614.<br>\n<br>\nIf you agree to participate, please click the arrow to continue. Otherwise, you may close the browser or navigate away from the page.","QuestionType":"DB","Selector":"TB","Validation":{"Settings":{"Type":"None"}}}},{"SurveyID":"SV_e4eMITeZ8WisKSa","Element":"SQ","PrimaryAttribute":"QID6","SecondaryAttribute":"Please check the box below to proceed.","TertiaryAttribute":null,"Payload":{"Configuration":{"Align":"left","QuestionDescriptionOption":"UseText","Theme":"light"},"DataExportTag":"captcha","DefaultChoices":false,"GradingData":[],"Language":[],"NextAnswerId":1,"NextChoiceId":4,"QuestionDescription":"Please check the box below to proceed.","QuestionID":"QID6","QuestionText":"Please check the box below to proceed.","QuestionText_Unsafe":"Please check the box below to proceed.","QuestionType":"Captcha","Selector":"V2"}},{"SurveyID":"SV_e4eMITeZ8WisKSa","Element":"SQ","PrimaryAttribute":"QID8","SecondaryAttribute":"Please ignore the question below and instead type in \"one one\" (exactly as shown) as your respons...","TertiaryAttribute":null,"Payload":{"Configuration":{"InputHeight":29,"InputWidth":170,"QuestionDescriptionOption":"UseText"},"DataExportTag":"ec_2","DataVisibility":{"Hidden":false,"Private":false},"DefaultChoices":false,"GradingData":[],"Language":[],"NextAnswerId":1,"NextChoiceId":4,"QuestionDescription":"Please ignore the question below and instead type in \"one one\" (exactly as shown) as your respons...","QuestionID":"QID8","QuestionText":"Please ignore the question below and instead type in \"one one\" (exactly as shown) as your response to proceed:<br><br>What is 13 + 39?<br>","QuestionText_Unsafe":"Please ignore the question below and instead type in \"one one\" (exactly as shown) as your response to proceed:<br><br>What is 13 + 39?<br>","QuestionType":"TE","SearchSource":{"AllowFreeResponse":"false"},"Selector":"SL","Validation":{"Settings":{"ForceResponse":"ON","ForceResponseType":"ON","Type":"None"}}}},{"SurveyID":"SV_e4eMITeZ8WisKSa","Element":"SQ","PrimaryAttribute":"QID37","SecondaryAttribute":"Please rate the extent to which you agree with each of the following statements:","TertiaryAttribute":null,"Payload":{"QuestionText":"Please rate the extent to which you agree with each of the following statements:","DefaultChoices":false,"DataExportTag":"Q37","QuestionType":"DB","Selector":"TB","DataVisibility":{"Private":false,"Hidden":false},"Configuration":{"QuestionDescriptionOption":"UseText"},"QuestionDescription":"Please rate the extent to which you agree with each of the following statements:","ChoiceOrder":[],"Validation":{"Settings":{"Type":"None"}},"GradingData":[],"Language":[],"NextChoiceId":4,"NextAnswerId":1,"QuestionID":"QID37"}},{"SurveyID":"SV_e4eMITeZ8WisKSa","Element":"SQ","PrimaryAttribute":"QID7","SecondaryAttribute":"Please respond truthfully to the items below.","TertiaryAttribute":null,"Payload":{"AnswerOrder":["1","2"],"Answers":{"1":{"Display":"Yes"},"2":{"Display":"No"}},"ChoiceDataExportTags":false,"ChoiceOrder":["1","2","3","4","5","6"],"Choices":{"1":{"Display":"Have you ever been bitten by an insect?"},"2":{"Display":"Have you ever been to Mexico?"},"3":{"Display":"Have you ever been to the Moon?"},"4":{"Display":"Have you ever drank water?"},"5":{"Display":"Have you ever suffered a fatal heart attack?"},"6":{"Display":"Are you human?"}},"Configuration":{"ChoiceColumnWidth":25,"MobileFirst":true,"QuestionDescriptionOption":"UseText","RepeatHeaders":"none","TextPosition":"inline","WhiteSpace":"OFF"},"DataExportTag":"ec_1","DataVisibility":{"Hidden":false,"Private":false},"DefaultChoices":false,"GradingData":[],"Language":[],"NextAnswerId":4,"NextChoiceId":7,"QuestionDescription":"Please respond truthfully to the items below.","QuestionID":"QID7","QuestionText":"Please respond truthfully to the items below.","QuestionText_Unsafe":"Please respond truthfully to the items below.","QuestionType":"Matrix","Randomization":{"Advanced":null,"TotalRandSubset":"","Type":"All"},"Selector":"Likert","SubSelector":"SingleAnswer","Validation":{"Settings":{"ForceResponse":"ON","ForceResponseType":"ON","Type":"None"}}}},{"SurveyID":"SV_e4eMITeZ8WisKSa","Element":"SQ","PrimaryAttribute":"QID20","SecondaryAttribute":"Thank you for taking the survey. Please feel free to leave any comments or feedback!","TertiaryAttribute":null,"Payload":{"Configuration":{"InputHeight":65,"InputWidth":299,"QuestionDescriptionOption":"UseText"},"DataExportTag":"end","DefaultChoices":false,"GradingData":[],"Language":[],"NextAnswerId":1,"NextChoiceId":4,"QuestionDescription":"Thank you for taking the survey. Please feel free to leave any comments or feedback!","QuestionID":"QID20","QuestionText":"Thank you for taking the survey. Please feel free to leave any comments or feedback!","QuestionText_Unsafe":"Thank you for taking the survey. Please feel free to leave any comments or feedback!","QuestionType":"TE","SearchSource":{"AllowFreeResponse":"false"},"Selector":"ML","Validation":{"Settings":{"ForceResponse":"OFF","Type":"None"}},"DataVisibility":{"Private":false,"Hidden":false}}},{"SurveyID":"SV_e4eMITeZ8WisKSa","Element":"SQ","PrimaryAttribute":"QID22","SecondaryAttribute":"Thank you for your selections. \u00a0 Here is the breakdown of your selected authors:","TertiaryAttribute":null,"Payload":{"QuestionText":"Thank you for your selections.<br>&nbsp;<br>Here is the breakdown of your selected authors:","DefaultChoices":false,"DataExportTag":"Q22","QuestionID":"QID22","QuestionType":"DB","Selector":"TB","Configuration":{"QuestionDescriptionOption":"UseText"},"QuestionDescription":"Thank you for your selections. \u00a0 Here is the breakdown of your selected authors:","ChoiceOrder":[],"Validation":{"Settings":{"Type":"None"}},"GradingData":[],"Language":[],"NextChoiceId":4,"NextAnswerId":1,"QuestionJS":"Qualtrics.SurveyEngine.addOnReady(function () {\n    \/\/ Define categories\n    var categories = {\n        'women': ['Sylvia Plath', 'Isabel Allende', 'Lucy Maud', 'Jane Austen', 'Joyce Carol Oates', 'Zadie Smith'],\n        'poets': ['George Orwell','Sylvia Plath','Jack London', 'Charles Dickens', 'Neil Gaiman', 'Jorge Luis Borges'],\n        'oldies': ['Charles Dickens', 'Ernest Hemingway', 'Herman Melville', 'Jack London', 'Jane Austen', 'Jorge Luis Borges', 'J.R.R. Tolkien', 'Lucy Maud', 'Nathaniel Hawthorne', 'F. Scott Fitzgerald'],\n\t\t'books': ['Charles Dickens', 'Herman Melville', 'Isabel Allende', 'Jack London', 'John Steinbeck', 'Joyce Carol Oates', 'Jorge Luis Borges', 'J.R.R. Tolkien', 'Lucy Maud', 'Michael Crichton', 'Ray Bradbury', 'Kurt Vonnegut', 'Ian McEwan']\n    };\n\t\n\tfunction formatPercentage(number) {\n    return Math.round(number).toString();\n\t}\n\n    \n\t\/\/ Retrieve selected movies\n\tfunction getSelectedAuthors() {\n\t\treturn [\n\t\t\tQualtrics.SurveyEngine.getEmbeddedData('choice-1'),\n\t\t\tQualtrics.SurveyEngine.getEmbeddedData('choice-2'),\n\t\t\tQualtrics.SurveyEngine.getEmbeddedData('choice-3'),\n\t\t\tQualtrics.SurveyEngine.getEmbeddedData('choice-4'),\n\t\t\tQualtrics.SurveyEngine.getEmbeddedData('choice-5'),\n\t\t\tQualtrics.SurveyEngine.getEmbeddedData('choice-6')\n\t\t];\n\t}\n    var selectedAuthors = getSelectedAuthors();\n    console.log(selectedAuthors);\n\n    var cond = Qualtrics.SurveyEngine.getEmbeddedData('cond');\n\n    var authorsInCategories = {\n        'women': selectedAuthors.filter(author => categories.women.includes(author)),\n        'poets': selectedAuthors.filter(author => categories.poets.includes(author)),\n        'oldies': selectedAuthors.filter(author => categories.oldies.includes(author)),\n        'books': selectedAuthors.filter(author => categories.books.includes(author))\n    };\n\n    console.log(authorsInCategories);\n\n\t\tfunction calculatePercent(selectedAuthors, categoryAuthors) {\n\n\t\t\tvar count = 0;\n\t\t\tfor (let author of selectedAuthors) {\n\t\t\t\tif (categoryAuthors.includes(author)) {\n\t\t\t\t\tcount++;\n\t\t\t\t\tconsole.log(\"Matched movie:\", author);\n\t\t\t\t}\n\t\t\t}\n\t\t\tconsole.log('Count for category:', count);\n\t\t\tvar percent = (count \/ selectedAuthors.length * 100).toFixed(2);\n\t\t\tconsole.log('Calculated Percent:', percent);\n\t\t\treturn percent;\n\t\t}\n\n\n\tvar poetsPercent = formatPercentage(calculatePercent(selectedAuthors, categories.poets));\n\tvar oldiesPercent = formatPercentage(calculatePercent(selectedAuthors, categories.oldies));\n\tvar booksPercent = formatPercentage(calculatePercent(selectedAuthors, categories.books));\n\n\tvar feedbackItems = [\n\t\tpoetsPercent +  \"% wrote poetry\",\n\t\toldiesPercent + \"% were born in the 1800s\",\n\t\tbooksPercent + \"% wrote more than 10 books\"\n\t];\n\n\tvar cond = Qualtrics.SurveyEngine.getEmbeddedData('cond');\n\tif (cond == \"treat\") {\n\t\tfeedbackItems.sort(() => 0.5 - Math.random());\n\t\tfeedbackItems = feedbackItems.slice(0, 2);\n\t\tvar womenPercent = formatPercentage(calculatePercent(selectedAuthors, categories.women));\n\t\tfeedbackItems.push(womenPercent + \"% were women\");\n\t}\n\n\n\tfeedbackItems.sort(() => 0.5 - Math.random());\n\tconsole.log(cond);\n\n\t\/\/ Prepare the feedback text\n\tvar feedbackText = \"<ul style='font-size: 18px; margin-top: 0px;'>\";\n\tfor (var i = 0; i < feedbackItems.length; i++) {\n\t\tfeedbackText += \"<li>\" + feedbackItems[i] + \"<\/li>\";\n\t}\n\tfeedbackText += \"<\/ul>\";\n\n\t\/\/ Add the feedback to the question\n\tthis.getQuestionContainer().innerHTML += feedbackText;\n\t\n\tfor (let i = 0; i < feedbackItems.length; i++) {\n    Qualtrics.SurveyEngine.setEmbeddedData('feedbackItem' + (i+1), feedbackItems[i]);\n\t}\n\n});\n\n\nQualtrics.SurveyEngine.addOnReady(function()\n{\n\t\/*Place your JavaScript here to run when the page is fully displayed*\/\n\n});\n\nQualtrics.SurveyEngine.addOnUnload(function()\n{\n\t\/*Place your JavaScript here to run when the page is unloaded*\/\n\n});","DataVisibility":{"Private":false,"Hidden":false}}},{"SurveyID":"SV_e4eMITeZ8WisKSa","Element":"SQ","PrimaryAttribute":"QID36","SecondaryAttribute":"Thank you for your selections. We have a few more questions about your author selection. ","TertiaryAttribute":null,"Payload":{"QuestionText":"Thank you for your selections. We have a few more questions about your author selection.&nbsp;","DefaultChoices":false,"DataExportTag":"Q36","QuestionID":"QID36","QuestionType":"DB","Selector":"TB","Configuration":{"QuestionDescriptionOption":"UseText"},"QuestionDescription":"Thank you for your selections. We have a few more questions about your author selection. ","ChoiceOrder":[],"Validation":{"Settings":{"Type":"None"}},"GradingData":[],"Language":[],"NextChoiceId":4,"NextAnswerId":1}},{"SurveyID":"SV_e4eMITeZ8WisKSa","Element":"SQ","PrimaryAttribute":"QID38","SecondaryAttribute":"Thank you for your selections. We have a few more questions about your author selection.","TertiaryAttribute":null,"Payload":{"QuestionText":"Thank you for your selections. We have a few more questions about your author selection.","DefaultChoices":false,"DataExportTag":"Q38","QuestionID":"QID38","QuestionType":"DB","Selector":"TB","Configuration":{"QuestionDescriptionOption":"UseText"},"QuestionDescription":"Thank you for your selections. We have a few more questions about your author selection.","ChoiceOrder":[],"Validation":{"Settings":{"Type":"None"}},"GradingData":[],"Language":[],"NextChoiceId":4,"NextAnswerId":1,"QuestionJS":false,"DataVisibility":{"Private":false,"Hidden":false}}},{"SurveyID":"SV_e4eMITeZ8WisKSa","Element":"SQ","PrimaryAttribute":"QID12","SecondaryAttribute":"Thank you. We have a few more questions for you about your panel decision.","TertiaryAttribute":null,"Payload":{"ChoiceOrder":[],"Configuration":{"QuestionDescriptionOption":"UseText"},"DataExportTag":"Q32","DataVisibility":{"Hidden":false,"Private":false},"DefaultChoices":false,"GradingData":[],"Language":[],"NextAnswerId":1,"NextChoiceId":4,"QuestionDescription":"Thank you. We have a few more questions for you about your panel decision.","QuestionID":"QID12","QuestionText":"Thank you. We have a few more questions for you about your panel decision.","QuestionText_Unsafe":"Thank you. We have a few more questions for you about your panel decision.","QuestionType":"DB","Selector":"TB","Validation":{"Settings":{"Type":"None"}}}},{"SurveyID":"SV_e4eMITeZ8WisKSa","Element":"SQ","PrimaryAttribute":"QID10","SecondaryAttribute":"Thank you. We just have a few more questions.","TertiaryAttribute":null,"Payload":{"ChoiceOrder":[],"Configuration":{"QuestionDescriptionOption":"UseText"},"DataExportTag":"Q23","DataVisibility":{"Hidden":false,"Private":false},"DefaultChoices":false,"GradingData":[],"Language":[],"NextAnswerId":1,"NextChoiceId":4,"QuestionDescription":"Thank you. We just have a few more questions.","QuestionID":"QID10","QuestionText":"Thank you. We just have a few more questions.<br>","QuestionText_Unsafe":"Thank you. In the following section please answer the question to the best of your ability.<br>","QuestionType":"DB","Selector":"TB","Validation":{"Settings":{"Type":"None"}}}},{"SurveyID":"SV_e4eMITeZ8WisKSa","Element":"SQ","PrimaryAttribute":"QID24","SecondaryAttribute":"We are preparing a campaign on Facebook, marketing a set of popular and inspirational biographica...","TertiaryAttribute":null,"Payload":{"QuestionText":"<p dir=\"ltr\"><span style=\"color:#95a5a6;\">We are preparing a campaign on Facebook, marketing a set of popular and inspirational biographical films. Such films provide important educational content and our mission is to draw more viewers to these kinds of movies.<\/span><\/p>\n\n<p dir=\"ltr\">&nbsp;<\/p>\n\n<p dir=\"ltr\">The purpose of this HIT is to help us identify a set of biographical films that are widely admired and therefore the right set to feature in our Facebook campaign. We appreciate your help with this selection task in advance.<\/p>","QuestionJS":false,"DefaultChoices":false,"DataExportTag":"vignette2","QuestionType":"DB","Selector":"TB","DataVisibility":{"Private":false,"Hidden":false},"Configuration":{"QuestionDescriptionOption":"UseText"},"QuestionDescription":"We are preparing a campaign on Facebook, marketing a set of popular and inspirational biographica...","ChoiceOrder":[],"Validation":{"Settings":{"Type":"None"}},"GradingData":[],"Language":[],"NextChoiceId":4,"NextAnswerId":1,"QuestionID":"QID24"}},{"SurveyID":"SV_e4eMITeZ8WisKSa","Element":"SQ","PrimaryAttribute":"QID25","SecondaryAttribute":"We are preparing a campaign on Facebook, marketing a set of popular and inspirational biographica...","TertiaryAttribute":null,"Payload":{"QuestionText":"<p dir=\"ltr\"><span style=\"color:#95a5a6;\">We are preparing a campaign on Facebook, marketing a set of popular and inspirational biographical films. Such films provide important educational content and our mission is to draw more viewers to these kinds of movies.<\/span><\/p>\n\n<p dir=\"ltr\">&nbsp;<\/p>\n\n<p dir=\"ltr\"><span style=\"color:#95a5a6;\">The purpose of this HIT is to help us identify a set of biographical films that are widely admired and therefore the right set to feature in our Facebook campaign. We appreciate your help with this selection task in advance.<\/span><\/p>\n\n<p dir=\"ltr\">&nbsp;<\/p>\n\n<p dir=\"ltr\">On the next page you will see a set of 25 biographical films. We will ask you to select a subset of these films that you believe would be of broad interest to audiences and are therefore ideal to feature in our Facebook campaign.<\/p>","QuestionJS":false,"DefaultChoices":false,"DataExportTag":"vignette3","QuestionType":"DB","Selector":"TB","DataVisibility":{"Private":false,"Hidden":false},"Configuration":{"QuestionDescriptionOption":"UseText"},"QuestionDescription":"We are preparing a campaign on Facebook, marketing a set of popular and inspirational biographica...","ChoiceOrder":[],"Validation":{"Settings":{"Type":"None"}},"GradingData":[],"Language":[],"NextChoiceId":4,"NextAnswerId":1,"QuestionID":"QID25"}},{"SurveyID":"SV_e4eMITeZ8WisKSa","Element":"SQ","PrimaryAttribute":"QID26","SecondaryAttribute":"We are preparing a campaign on Facebook, marketing a set of popular and inspirational biographica...","TertiaryAttribute":null,"Payload":{"QuestionText":"<p dir=\"ltr\"><span style=\"color:#95a5a6;\">We are preparing a campaign on Facebook, marketing a set of popular and inspirational biographical films. Such films provide important educational content and our mission is to draw more viewers to these kinds of movies.<\/span><\/p>\n\n<p dir=\"ltr\">&nbsp;<\/p>\n\n<p dir=\"ltr\"><span style=\"color:#95a5a6;\">The purpose of this HIT is to help us identify a set of biographical films that are widely admired and therefore the right set to feature in our Facebook campaign. We appreciate your help with this selection task in advance.<\/span><\/p>\n\n<p dir=\"ltr\">&nbsp;<\/p>\n\n<p dir=\"ltr\"><span style=\"color:#95a5a6;\">On the next page you will see a set of 25 biographical films. We will ask you to select a subset of these films that you believe would be of broad interest to audiences and are therefore ideal to feature in our Facebook campaign.<\/span><br>\n<br>\nTo provide extra motivation to take this seriously, we\u2019ll send you a $5 bonus if your list is selected (there will be an eventual vote on all of the lists generated).<\/p>","QuestionJS":false,"DefaultChoices":false,"DataExportTag":"vignette4","QuestionType":"DB","Selector":"TB","DataVisibility":{"Private":false,"Hidden":false},"Configuration":{"QuestionDescriptionOption":"UseText"},"QuestionDescription":"We are preparing a campaign on Facebook, marketing a set of popular and inspirational biographica...","ChoiceOrder":[],"Validation":{"Settings":{"Type":"None"}},"GradingData":[],"Language":[],"NextChoiceId":4,"NextAnswerId":1,"QuestionID":"QID26"}},{"SurveyID":"SV_e4eMITeZ8WisKSa","Element":"SQ","PrimaryAttribute":"QID16","SecondaryAttribute":"What is the highest level of school you have completed or the highest degree you have received? ","TertiaryAttribute":null,"Payload":{"ChoiceOrder":[1,2,3,4,5,6],"Choices":{"1":{"Display":"Less than high school degree"},"2":{"Display":"High school graduate (high school diploma or equivalent including GED)"},"3":{"Display":"Some college but no degree"},"4":{"Display":"Associate degree in college (2-year)"},"5":{"Display":"Bachelor's degree in college (4-year)"},"6":{"Display":"Advanced degree (Masters, PhD, MD, JD, etc.)"}},"Configuration":{"QuestionDescriptionOption":"UseText"},"DataExportTag":"edu","DataVisibility":{"Hidden":false,"Private":false},"Language":[],"NextAnswerId":1,"NextChoiceId":9,"QuestionDescription":"What is the highest level of school you have completed or the highest degree you have received? ","QuestionID":"QID16","QuestionText":"What is the highest level of school you have completed or the highest degree you have received?&nbsp;","QuestionText_Unsafe":"What is the highest level of school you have completed or the highest degree you have received?&nbsp;","QuestionType":"MC","RecodeValues":{"1":"1","2":"2","3":"3","4":"4","5":"5","6":"6"},"Selector":"SAVR","SubSelector":"TX","Validation":{"Settings":{"ForceResponse":"ON","ForceResponseType":"ON","Type":"None"}}}},{"SurveyID":"SV_e4eMITeZ8WisKSa","Element":"SQ","PrimaryAttribute":"QID13","SecondaryAttribute":"What is your age?","TertiaryAttribute":null,"Payload":{"Configuration":{"InputHeight":29,"InputWidth":160,"QuestionDescriptionOption":"UseText"},"DataExportTag":"age","DefaultChoices":false,"GradingData":[],"Language":[],"NextAnswerId":1,"NextChoiceId":4,"QuestionDescription":"What is your age?","QuestionID":"QID13","QuestionText":"What is your age?","QuestionText_Unsafe":"What is your age?","QuestionType":"TE","SearchSource":{"AllowFreeResponse":"false"},"Selector":"SL","Validation":{"Settings":{"ContentType":"ValidNumber","ForceResponse":"ON","ForceResponseType":"ON","MinChars":"1","Type":"ContentType","ValidDateType":"DateWithFormat","ValidNumber":{"Max":"100","Min":"17","NumDecimals":"0"},"ValidPhoneType":"ValidUSPhone","ValidZipType":"ValidUSZip"}}}},{"SurveyID":"SV_e4eMITeZ8WisKSa","Element":"SQ","PrimaryAttribute":"QID14","SecondaryAttribute":"What is your gender?","TertiaryAttribute":null,"Payload":{"ChoiceOrder":["1","2","3","4"],"Choices":{"1":{"Display":"Woman"},"2":{"Display":"Man"},"3":{"Display":"Non-binary"},"4":{"Display":"Another gender not listed here:","TextEntry":"true"}},"Configuration":{"QuestionDescriptionOption":"UseText"},"DataExportTag":"gender","DataVisibility":{"Hidden":false,"Private":false},"DefaultChoices":false,"GradingData":[],"Language":[],"NextAnswerId":1,"NextChoiceId":5,"QuestionDescription":"What is your gender?","QuestionID":"QID14","QuestionText":"What is your gender?","QuestionText_Unsafe":"What is your gender?","QuestionType":"MC","RecodeValues":{"1":"1","2":"2","3":"3","4":"4"},"Selector":"SAVR","SubSelector":"TX","Validation":{"Settings":{"ForceResponse":"ON","ForceResponseType":"ON","Type":"None"}}}},{"SurveyID":"SV_e4eMITeZ8WisKSa","Element":"SQ","PrimaryAttribute":"QID17","SecondaryAttribute":"What was your total household income before taxes during the past 12 months?","TertiaryAttribute":null,"Payload":{"ChoiceOrder":[1,2,3,4,5,6,7],"Choices":{"1":{"Display":"Less than $25,000"},"2":{"Display":"$25,000-$49,999"},"3":{"Display":"$50,000-$74,999"},"4":{"Display":"$75,000-$99,999"},"5":{"Display":"$100,000-$149,999"},"6":{"Display":"$150,000 or more"},"7":{"Display":"Prefer not to say"}},"Configuration":{"QuestionDescriptionOption":"UseText"},"DataExportTag":"income","DataVisibility":{"Hidden":false,"Private":false},"DefaultChoices":false,"Language":{"DE":{"Choices":{"1":{"Display":"Unter 25.000 US-Dollar"},"2":{"Display":"25.000 - 49.999 Dollar"},"3":{"Display":"50.000 - 74.999 US-Dollar"},"4":{"Display":"75.000 - 99.999 US-Dollar"},"5":{"Display":"100.000 - 149.999 US-Dollar"},"6":{"Display":"150.000 US-Dollar oder mehr"},"7":{"Display":"Keine Angabe"}},"QuestionText":"Wie hoch war das Gesamteinkommen Ihres Haushalts vor Steuern in den letzten 12 Monaten?"},"EN-GB":{"Choices":{"1":{"Display":"Less than $25,000"},"2":{"Display":"$25,000-$49,999"},"3":{"Display":"$50,000-$74,999"},"4":{"Display":"$75,000-$99,999"},"5":{"Display":"$100,000-$149,999"},"6":{"Display":"$150,000 or more"},"7":{"Display":"Prefer not to say"}},"QuestionText":"What was your total household income before taxes during the past 12 months?"},"ES":{"Choices":{"1":{"Display":"Menos de 25.000 d\u00f3lares"},"2":{"Display":"25.000 - 49.999 d\u00f3lares"},"3":{"Display":"Entre 50.000 y 74.999 d\u00f3lares"},"4":{"Display":"Entre 75.000 y 99.999 d\u00f3lares"},"5":{"Display":"Entre 100.000 y 149.999 d\u00f3lares"},"6":{"Display":"150.000 d\u00f3lares o m\u00e1s"},"7":{"Display":"Prefiero no decirlo"}},"QuestionText":"\u00bfA cu\u00e1nto ascienden sus ingresos dom\u00e9sticos totales antes de impuestos de los \u00faltimos 12 meses?"},"ES-ES":{"Choices":{"1":{"Display":"Menos de 25 000 USD"},"2":{"Display":"25 000-49 999 USD"},"3":{"Display":"50 000-74 999 USD"},"4":{"Display":"75 000-99 999 USD"},"5":{"Display":"100 000-149 999 USD"},"6":{"Display":"150 000 USD o m\u00e1s"},"7":{"Display":"Prefiero no decirlo"}},"QuestionText":"\u00bfCu\u00e1les fueron los ingresos brutos anuales de su hogar durante los \u00faltimos 12 meses?"},"FR":{"Choices":{"1":{"Display":"Moins de 25\u00a0000\u00a0$"},"2":{"Display":"25\u00a0000\u00a0$-49\u00a0999\u00a0$"},"3":{"Display":"50\u00a0000\u00a0\u20ac-74\u00a0999\u00a0\u20ac"},"4":{"Display":"75\u00a0000\u00a0\u20ac-99\u00a0999\u00a0\u20ac"},"5":{"Display":"100\u00a0000\u00a0\u20ac-149\u00a0999\u00a0\u20ac"},"6":{"Display":"150\u00a0000\u00a0\u20ac ou plus"},"7":{"Display":"Ne souhaite pas r\u00e9pondre"}},"QuestionText":"Quel \u00e9tait le revenu total de votre m\u00e9nage (avant imp\u00f4t) au cours des 12\u00a0derniers mois\u00a0?"},"IT":{"Choices":{"1":{"Display":"Inferiore a $ 25.000"},"2":{"Display":"25.000 $ - 49.999 $"},"3":{"Display":"50.000 $ - 74.999 $"},"4":{"Display":"75.000 $ -99.999 $"},"5":{"Display":"100.000 $ - 149.999 $"},"6":{"Display":"$150.000 o superiore"},"7":{"Display":"Preferisco non dirlo"}},"QuestionText":"Qual \u00e8 stato il tuo reddito familiare complessivo prima delle tasse durante gli ultimi 12 mesi?"},"JA":{"Choices":{"1":{"Display":"$25,000\u672a\u6e80"},"2":{"Display":"$25,000\u304b\u3089$49,999"},"3":{"Display":"$50,000\u304b\u3089$74,999"},"4":{"Display":"$75,000\u304b\u3089$99,999"},"5":{"Display":"$100,000\u304b\u3089$149,999"},"6":{"Display":"$150,000\u4ee5\u4e0a"},"7":{"Display":"\u56de\u7b54\u3057\u305f\u304f\u306a\u3044"}},"QuestionText":"\u904e\u53bb12\u30ab\u6708\u9593\u306e\u5408\u8a08\u4e16\u5e2f\u53ce\u5165\uff08\u7a0e\u8fbc\u307f\uff09\u3092\u304a\u7b54\u3048\u304f\u3060\u3055\u3044\u3002"},"KO":{"Choices":{"1":{"Display":"$25,000 \ubbf8\ub9cc"},"2":{"Display":"$25,000~$49,999"},"3":{"Display":"$50,000~$74,999"},"4":{"Display":"$75,000~$99,999"},"5":{"Display":"$100,000~$149,999"},"6":{"Display":"$150,000 \uc774\uc0c1"},"7":{"Display":"\uc5b8\uae09 \uc548 \ud568"}},"QuestionText":"\uc9c0\ub09c 12\uac1c\uc6d4 \ub3d9\uc548 \uadc0\ud558\uc758 \uc138\uc804 \ucd1d \uac00\uacc4\uc18c\ub4dd\uc740 \uc5bc\ub9c8\uc785\ub2c8\uae4c?"},"NL":{"Choices":{"1":{"Display":"Minder dan $ 25.000"},"2":{"Display":"$ 25.000 - $ 49.999"},"3":{"Display":"$50.000 - $74.999"},"4":{"Display":"$75.000 - $99.999"},"5":{"Display":"$100.000 - $149.999"},"6":{"Display":"$ 150.000 of meer"},"7":{"Display":"Ik antwoord liever niet"}},"QuestionText":"Wat was uw totale bruto gezinsinkomen in de afgelopen twaalf maanden?"},"PT-BR":{"Choices":{"1":{"Display":"Menos de US$ 25.000"},"2":{"Display":"$25.000-$49.999"},"3":{"Display":"US$ 50.000 a US$ 74.999"},"4":{"Display":"US$ 75.000 a US$ 99.999"},"5":{"Display":"US$ 100.000 a US$ 149.999"},"6":{"Display":"$150.000 ou mais"},"7":{"Display":"Prefiro n\u00e3o dizer"}},"QuestionText":"Qual foi sua renda familiar total sem impostos nos \u00faltimos 12 meses?"},"ZH-S":{"Choices":{"1":{"Display":"\u4f4e\u4e8e $25,000"},"2":{"Display":"$25,000-$49,999"},"3":{"Display":"$50,000-$74,999"},"4":{"Display":"$75,000-$99,999"},"5":{"Display":"$100,000-$149,999"},"6":{"Display":"$150,000 \u6216\u4ee5\u4e0a"},"7":{"Display":"\u4fdd\u5bc6"}},"QuestionText":"\u60a8\u8fc7\u53bb 12 \u4e2a\u6708\u7684\u7a0e\u524d\u5bb6\u5ead\u603b\u6536\u5165\u662f\u591a\u5c11\uff1f"},"ZH-T":{"Choices":{"1":{"Display":"\u4f4e\u65bc 25,000 \u7f8e\u5143"},"2":{"Display":"$25,000-$49,999"},"3":{"Display":"50,000 - 74,999 \u7f8e\u5143"},"4":{"Display":"75,000 - 99,999 \u7f8e\u5143"},"5":{"Display":"100,000 - 149,999 \u7f8e\u5143"},"6":{"Display":"150,000 \u7f8e\u5143\u4ee5\u4e0a"},"7":{"Display":"\u4e0d\u9858\u900f\u9732"}},"QuestionText":"\u60a8\u904e\u53bb 12 \u500b\u6708\u7684\u7a05\u524d\u5bb6\u5ead\u7e3d\u6536\u5165\u662f\uff1f"}},"NextAnswerId":1,"NextChoiceId":8,"QuestionDescription":"What was your total household income before taxes during the past 12 months?","QuestionID":"QID17","QuestionText":"What was your total household income before taxes during the past 12 months?","QuestionText_Unsafe":"What was your total household income before taxes during the past 12 months?","QuestionType":"MC","Selector":"SAVR","SubSelector":"TX","Validation":{"Settings":{"ForceResponse":"ON","ForceResponseType":"ON","Type":"None"}}}},{"SurveyID":"SV_e4eMITeZ8WisKSa","Element":"SQ","PrimaryAttribute":"QID11","SecondaryAttribute":"What were your goals in selecting your author list?","TertiaryAttribute":null,"Payload":{"Configuration":{"InputHeight":84,"InputWidth":400,"QuestionDescriptionOption":"UseText"},"DataExportTag":"goals","DataVisibility":{"Hidden":false,"Private":false},"DefaultChoices":false,"GradingData":[],"Language":[],"NextAnswerId":1,"NextChoiceId":4,"QuestionDescription":"What were your goals in selecting your author list?","QuestionID":"QID11","QuestionText":"What were your goals in selecting your author list?","QuestionText_Unsafe":"What were your goals in selecting the seventh panelist?","QuestionType":"TE","SearchSource":{"AllowFreeResponse":"false"},"Selector":"ML","Validation":{"Settings":{"ForceResponse":"ON","ForceResponseType":"ON","Type":"None"}}}},{"SurveyID":"SV_e4eMITeZ8WisKSa","Element":"SQ","PrimaryAttribute":"QID31","SecondaryAttribute":"When deciding about who to select as my seventh author, I considered how personally important it...","TertiaryAttribute":null,"Payload":{"ChoiceOrder":["1","2","3","4","5","6","7"],"Choices":{"1":{"Display":"Strongly disagree"},"2":{"Display":"Disagree"},"3":{"Display":"Somewhat disagree"},"4":{"Display":"Neither agree nor disagree"},"5":{"Display":"Somewhat agree"},"6":{"Display":"Agree"},"7":{"Display":"Strongly agree"}},"Configuration":{"LabelPosition":"BELOW","QuestionDescriptionOption":"UseText"},"DataExportTag":"I3","DataVisibility":{"Hidden":false,"Private":false},"Language":[],"NextAnswerId":1,"NextChoiceId":9,"QuestionDescription":"When deciding about who to select as my seventh author, I considered how personally important it...","QuestionID":"QID31","QuestionText":"When deciding about who to select as my seventh author, I considered how personally important it is to me to support women.","QuestionText_Unsafe":"When deciding about who to select as my seventh author, I considered how personally important it is to me to support racial minorities.","QuestionType":"MC","RecodeValues":{"1":"1","2":"2","3":"3","4":"4","5":"5","6":"6","7":"7"},"Selector":"SAHR","SubSelector":"TX","Validation":{"Settings":{"ForceResponse":"ON","ForceResponseType":"ON","Type":"None"}}}},{"SurveyID":"SV_e4eMITeZ8WisKSa","Element":"SQ","PrimaryAttribute":"QID29","SecondaryAttribute":"When making my decision about who to select as my seventh author, I considered my personal commit...","TertiaryAttribute":null,"Payload":{"ChoiceOrder":["1","2","3","4","5","6","7"],"Choices":{"1":{"Display":"Strongly disagree"},"2":{"Display":"Disagree"},"3":{"Display":"Somewhat disagree"},"4":{"Display":"Neither agree nor disagree"},"5":{"Display":"Somewhat agree"},"6":{"Display":"Agree"},"7":{"Display":"Strongly agree"}},"Configuration":{"LabelPosition":"BELOW","QuestionDescriptionOption":"UseText"},"DataExportTag":"I1","DataVisibility":{"Hidden":false,"Private":false},"Language":[],"NextAnswerId":1,"NextChoiceId":9,"QuestionDescription":"When making my decision about who to select as my seventh author, I considered my personal commit...","QuestionID":"QID29","QuestionText":"When making my decision about who to select as my seventh author, I considered my personal commitment to not be sexist.","QuestionText_Unsafe":"When making my decision about who to select as my seventh author , I considered my personal commitment to not be racist.","QuestionType":"MC","RecodeValues":{"1":"1","2":"2","3":"3","4":"4","5":"5","6":"6","7":"7"},"Selector":"SAHR","SubSelector":"TX","Validation":{"Settings":{"ForceResponse":"ON","ForceResponseType":"ON","Type":"None"}}}},{"SurveyID":"SV_e4eMITeZ8WisKSa","Element":"SQ","PrimaryAttribute":"QID34","SecondaryAttribute":"When making my decision about who to select as my seventh author, I considered the social pressur...","TertiaryAttribute":null,"Payload":{"ChoiceOrder":["1","2","3","4","5","6","7"],"Choices":{"1":{"Display":"Strongly disagree"},"2":{"Display":"Disagree"},"3":{"Display":"Somewhat disagree"},"4":{"Display":"Neither agree nor disagree"},"5":{"Display":"Somewhat agree"},"6":{"Display":"Agree"},"7":{"Display":"Strongly agree"}},"Configuration":{"LabelPosition":"BELOW","QuestionDescriptionOption":"UseText"},"DataExportTag":"E2","DataVisibility":{"Hidden":false,"Private":false},"Language":[],"NextAnswerId":1,"NextChoiceId":9,"QuestionDescription":"When making my decision about who to select as my seventh author, I considered the social pressur...","QuestionID":"QID34","QuestionText":"When making my decision about who to select as my seventh author, I considered the social pressures I face to appear to promote women where they are typically underrepresented.","QuestionText_Unsafe":"When making my decision about who to select as my seventh author, I considered the social pressures I face to appear to promote racial minorities where they are typically underrepresented.","QuestionType":"MC","RecodeValues":{"1":"1","2":"2","3":"3","4":"4","5":"5","6":"6","7":"7"},"Selector":"SAHR","SubSelector":"TX","Validation":{"Settings":{"ForceResponse":"ON","ForceResponseType":"ON","Type":"None"}}}},{"SurveyID":"SV_e4eMITeZ8WisKSa","Element":"SQ","PrimaryAttribute":"QID18","SecondaryAttribute":"Which of the following industries most closely matches the one in which you are employed?","TertiaryAttribute":null,"Payload":{"ChoiceOrder":[1,2,3,4,5,6,7,8,9,10,11,12,13,14,15,16,17,18,19,20],"Choices":{"1":{"Display":"Forestry, fishing, hunting or agriculture support"},"10":{"Display":"Educational services"},"11":{"Display":"Wholesale trade"},"12":{"Display":"Health care or social assistance"},"13":{"Display":"Retail trade"},"14":{"Display":"Arts, entertainment or recreation"},"15":{"Display":"Transportation or warehousing"},"16":{"Display":"Accommodation or food services"},"17":{"Display":"Information"},"18":{"Display":"Other services (except public administration)"},"19":{"Display":"Finance or insurance"},"2":{"Display":"Real estate or rental and leasing"},"20":{"Display":"Unclassified establishments"},"3":{"Display":"Mining"},"4":{"Display":"Professional, scientific or technical services"},"5":{"Display":"Utilities"},"6":{"Display":"Management of companies or enterprises"},"7":{"Display":"Construction"},"8":{"Display":"Admin, support, waste management or remediation services"},"9":{"Display":"Manufacturing"}},"Configuration":{"QuestionDescriptionOption":"UseText"},"DataExportTag":"occupation","DataVisibility":{"Hidden":false,"Private":false},"Language":[],"NextAnswerId":1,"NextChoiceId":21,"QuestionDescription":"Which of the following industries most closely matches the one in which you are employed?","QuestionID":"QID18","QuestionText":"Which of the following industries most closely matches the one in which you are employed?","QuestionText_Unsafe":"Which of the following industries most closely matches the one in which you are employed?","QuestionType":"MC","Randomization":{"Advanced":{"FixedOrder":["{~Randomized~}","{~Randomized~}","{~Randomized~}","{~Randomized~}","{~Randomized~}","{~Randomized~}","{~Randomized~}","{~Randomized~}","{~Randomized~}","{~Randomized~}","{~Randomized~}","{~Randomized~}","{~Randomized~}","{~Randomized~}","{~Randomized~}","{~Randomized~}","{~Randomized~}","{~Randomized~}","20","18"],"RandomSubSet":[],"RandomizeAll":["1","2","3","4","5","6","7","8","9","10","11","12","13","14","15","16","17","19"],"TotalRandSubset":0,"Undisplayed":[]},"EvenPresentation":false,"TotalRandSubset":"","Type":"Advanced"},"Selector":"DL","Validation":{"Settings":{"ForceResponse":"ON","ForceResponseType":"ON","Type":"None"}}}},{"SurveyID":"SV_e4eMITeZ8WisKSa","Element":"SQ","PrimaryAttribute":"QID15","SecondaryAttribute":"Which race or ethnicity best describes you?","TertiaryAttribute":null,"Payload":{"ChoiceOrder":["1","2","3","4","5"],"Choices":{"1":{"Display":"American Indian or Alaskan Native"},"2":{"Display":"Asian \/ Pacific Islander"},"3":{"Display":"Black or African American"},"4":{"Display":"Hispanic \/ Latinx"},"5":{"Display":"White \/ Caucasian"}},"Configuration":{"QuestionDescriptionOption":"UseText"},"DataExportTag":"race","DataVisibility":{"Hidden":false,"Private":false},"Language":[],"NextAnswerId":1,"NextChoiceId":6,"QuestionDescription":"Which race or ethnicity best describes you?","QuestionID":"QID15","QuestionText":"Which race or ethnicity best describes you?","QuestionText_Unsafe":"Which race or ethnicity best describes you?","QuestionType":"MC","RecodeValues":{"1":"1","2":"2","3":"3","4":"4","5":"5"},"Selector":"SAVR","SubSelector":"TX","Validation":{"Settings":{"ForceResponse":"ON","ForceResponseType":"ON","Type":"None"}}}},{"SurveyID":"SV_e4eMITeZ8WisKSa","Element":"SQ","PrimaryAttribute":"QID1","SecondaryAttribute":"You\u2019ve been tasked with creating a winter reading list for your local library. On the following p.","TertiaryAttribute":null,"Payload":{"QuestionText":"<p dir=\"ltr\">You\u2019ve been tasked with creating a winter reading list for your local library. On the following page, you will pick six authors who you would like to see included on your local library\u2019s reading list.<\/p>","DefaultChoices":false,"DataExportTag":"vignette","QuestionID":"QID1","QuestionType":"DB","Selector":"TB","Configuration":{"QuestionDescriptionOption":"UseText"},"QuestionDescription":"You\u2019ve been tasked with creating a winter reading list for your local library. On the following p...","ChoiceOrder":[],"Validation":{"Settings":{"Type":"None"}},"GradingData":[],"Language":[],"NextChoiceId":4,"NextAnswerId":1,"QuestionJS":false,"DataVisibility":{"Private":false,"Hidden":false}}},{"SurveyID":"SV_e4eMITeZ8WisKSa","Element":"SQ","PrimaryAttribute":"QID3","SecondaryAttribute":"You\u2019ve picked the first six authors for your reading list, but we actually have room for seven. O.","TertiaryAttribute":null,"Payload":{"QuestionText":"<span style=\"color:#95a5a6;\"><b>You\u2019ve picked the first six authors for your reading list, but we actually have room for seven. On the next page we will ask you to make your final selection.<\/b><\/span><br>\n<br>\n<b>Please select an additional author.<\/b><br>\n<br>\nAs a reminder, here is the breakdown of your previous selected authors:","DefaultChoices":false,"DataExportTag":"Q3","QuestionType":"DB","Selector":"TB","Configuration":{"QuestionDescriptionOption":"UseText"},"QuestionDescription":"You\u2019ve picked the first six authors for your reading list, but we actually have room for seven. O...","ChoiceOrder":[],"Validation":{"Settings":{"Type":"None"}},"GradingData":[],"Language":[],"NextChoiceId":4,"NextAnswerId":1,"QuestionID":"QID3","QuestionJS":"Qualtrics.SurveyEngine.addOnload(function()\n{\n\t\n\t\/\/ Retrieve the feedback items\n\tvar feedbackItem1 = Qualtrics.SurveyEngine.getEmbeddedData('feedbackItem1');\n\tvar feedbackItem2 = Qualtrics.SurveyEngine.getEmbeddedData('feedbackItem2');\n\tvar feedbackItem3 = Qualtrics.SurveyEngine.getEmbeddedData('feedbackItem3');\n\n\t\/\/ Prepare the feedback text\n\tvar feedbackText = \"<ul style='font-size: 18px; margin-top: 0px;'>\";\n\tvar feedbackItems = [feedbackItem1, feedbackItem2, feedbackItem3];\n\tfor (var i = 0; i < feedbackItems.length; i++) {\n\t\tfeedbackText += \"<li>\" + feedbackItems[i] + \"<\/li>\";\n\t}\n\tfeedbackText += \"<\/ul>\";\n\n\t\/\/ Add the feedback to the question\n\tthis.getQuestionContainer().innerHTML += feedbackText;\n\t\n\tlet seed = Qualtrics.SurveyEngine.getEmbeddedData('randomSeed');\n\tlet previousChoices = [\n    Qualtrics.SurveyEngine.getEmbeddedData('choice-1'),\n    Qualtrics.SurveyEngine.getEmbeddedData('choice-2'),\n    Qualtrics.SurveyEngine.getEmbeddedData('choice-3'),\n    Qualtrics.SurveyEngine.getEmbeddedData('choice-4'),\n    Qualtrics.SurveyEngine.getEmbeddedData('choice-5'),\n    Qualtrics.SurveyEngine.getEmbeddedData('choice-6')\n];\n\tfunction shuffleArray(array, seed) {\n    var m = array.length, t, i;\n\n    \/\/ Use the seed to have consistent random values\n    var random = function() {\n        var x = Math.sin(seed++) * 10000;\n        return x - Math.floor(x);\n    };\n\n    while (m) {\n        i = Math.floor(random() * m--);\n\n        t = array[m];\n        array[m] = array[i];\n        array[i] = t;\n    }\n}\n\tclass Author {\n\t\tconstructor(photoUrl, name, birthYear, bestKnownWork, authoredWorks) {\n\t\t\tthis.photoUrl = photoUrl;\n\t\t\tthis.name = name;\n\t\t\tthis.birthYear = birthYear;\n\t\t\tthis.bestKnownWork = bestKnownWork;\n\t\t\tthis.authoredWorks = authoredWorks;\n\t\t}\n\t}\n\nconst authors = [\n    new Author(\"https:\/\/wharton.yul1.qualtrics.com\/ControlPanel\/Graphic.php?IM=IM_rHvBRqlBaTKu4Cj\", \"Zadie Smith\", 1975, \"White Teeth\", \"6 books, numerous essays and short stories.\"),\n    new Author(\"https:\/\/wharton.yul1.qualtrics.com\/ControlPanel\/Graphic.php?IM=IM_emS46KUDC5DYJn0\", \"Charles Dickens\", 1812, \"A Tale of Two Cities\", \"15 books and various short stories, poems, and plays\"),\n    new Author(\"https:\/\/wharton.yul1.qualtrics.com\/ControlPanel\/Graphic.php?IM=IM_dhQyEbhPn3tungW\", \"Ernest Hemingway\", 1899, \"The Old Man and the Sea\", \"7 books and several short story collections\"),\n    new Author(\"https:\/\/wharton.yul1.qualtrics.com\/ControlPanel\/Graphic.php?IM=IM_4GjYCNpzVdBoPnE\", \"Gabriel Garcia Marquez\", 1927, \"Love in the Time of Cholera\", \"6 books and several novellas and short story collections\"),\n    new Author(\"https:\/\/wharton.yul1.qualtrics.com\/ControlPanel\/Graphic.php?IM=IM_6KmX3aObtKHdHpQ\", \"George Orwell\", 1903, \"Animal Farm\", \"6 books and several poems and plays\"),\n    new Author(\"https:\/\/wharton.yul1.qualtrics.com\/ControlPanel\/Graphic.php?IM=IM_5dLJCT0lpct4TuC\", \"Herman Melville\", 1819, \"Moby Dick\", \"11 books and several short stories\"),\n    new Author(\"https:\/\/wharton.yul1.qualtrics.com\/ControlPanel\/Graphic.php?IM=IM_bIqc9N8QR8EeU8m\", \"Isabel Allende\", 1942, \"La Casa De Los Esp\u00edritus\", \"25 books\"),\n    new Author(\"https:\/\/wharton.yul1.qualtrics.com\/ControlPanel\/Graphic.php?IM=IM_0cVvZ74xVzmaxSK\", \"Jack London\", 1876, \"The Call of the Wild\", \"23 books, several poems and short stories\"),\n    new Author(\"https:\/\/wharton.yul1.qualtrics.com\/ControlPanel\/Graphic.php?IM=IM_3dZZL6kupWfyybA\", \"Jane Austen\", 1775, \"Pride and Prejudice\", \"6 books\"),\n    new Author(\"https:\/\/wharton.yul1.qualtrics.com\/ControlPanel\/Graphic.php?IM=IM_9X0Wzhohxib5zro\", \"J.D. Salinger\", 1919, \"The Catcher in the Rye\", \"4 books and several short stories\"),\n    new Author(\"https:\/\/wharton.yul1.qualtrics.com\/ControlPanel\/Graphic.php?IM=IM_a4scMZFBBQNr6Yu\", \"John Steinbeck\", 1902, \"The Grapes of Wrath\", \"33 books and several short stories\"),\n    new Author(\"https:\/\/wharton.yul1.qualtrics.com\/ControlPanel\/Graphic.php?IM=IM_eepMxOsBNQdCyMK\", \"Joyce Carol Oates\", 1938, \"Blonde\", \"58 books and several plays and poems\"),\n    new Author(\"https:\/\/wharton.yul1.qualtrics.com\/ControlPanel\/Graphic.php?IM=IM_4UU3kxVnPqfL86G\", \"Jorge Luis Borges\", 1899, \"Fictions\", \"74 books, several poems and short stories\"),\n    new Author(\"https:\/\/wharton.yul1.qualtrics.com\/ControlPanel\/Graphic.php?IM=IM_3atrCIPrDBfGejA\", \"J.R.R. Tolkien\", 1892, \"The Lord of the Rings\", \"28 books and several periodicals\"),\n    new Author(\"https:\/\/wharton.yul1.qualtrics.com\/ControlPanel\/Graphic.php?IM=IM_7WZwqiXUSpWTiQe\", \"Lucy Maud\", 1874, \"Anne of Green Gables\", \"20 books, several essays, and short stories\"),\n    new Author(\"https:\/\/wharton.yul1.qualtrics.com\/ControlPanel\/Graphic.php?IM=IM_cwg0vTl9AoDOdQa\", \"Michael Crichton\", 1942, \"Jurassic Park\", \"32 books\"),\n    new Author(\"https:\/\/wharton.yul1.qualtrics.com\/ControlPanel\/Graphic.php?IM=IM_20t4qo2lg2zus18\", \"Nathaniel Hawthorne\", 1804, \"The Scarlet Letter\", \"8 books and several short stories\"),\n    new Author(\"https:\/\/wharton.yul1.qualtrics.com\/ControlPanel\/Graphic.php?IM=IM_dfXbtjPeHxb1XkG\", \"Sylvia Plath\", 1932, \"The Bell Jar\", \"4 books and several poems\"),\n    new Author(\"https:\/\/wharton.yul1.qualtrics.com\/ControlPanel\/Graphic.php?IM=IM_2NgQfFNvbYyoBgy\", \"Kurt Vonnegut\", 1922, \"Slaughterhouse-Five\", \"14 books, 3 short story collections, essays.\"),\n    new Author(\"https:\/\/wharton.yul1.qualtrics.com\/ControlPanel\/Graphic.php?IM=IM_OLndJ16ZBAVBDMj\", \"Ray Bradbury\", 1920, \"Fahrenheit 451\", \"27 novels, over 600 short stories, essays.\"),\n    new Author(\"https:\/\/wharton.yul1.qualtrics.com\/ControlPanel\/Graphic.php?IM=IM_5up6bGMkB6AOZ7r\", \"Neil Gaiman\", 1960, \"The Sandman\", \"5 books, comics, children's books, poetry and short stories.\"),\n    new Author(\"https:\/\/wharton.yul1.qualtrics.com\/ControlPanel\/Graphic.php?IM=IM_RkDCBhzhaQv1Hq2\", \"Cormac McCarthy\", 1933, \"No Country for Old Men\", \"10 books, plays, and screenplays.\"),\n    new Author(\"https:\/\/wharton.yul1.qualtrics.com\/ControlPanel\/Graphic.php?IM=IM_UKtkZk5ok4RWCrA\", \"George Saunders\", 1958, \"Lincoln in the Bardo\", \"1 book, short stories, and essays.\"),\n    new Author(\"https:\/\/wharton.yul1.qualtrics.com\/ControlPanel\/Graphic.php?IM=IM_cAgHGt45uXKhlfQ\", \"F. Scott Fitzgerald\", 1896, \"The Great Gatsby\", \"4 books and numerous short stories.\"),\n    new Author(\"https:\/\/wharton.yul1.qualtrics.com\/ControlPanel\/Graphic.php?IM=IM_opdLj0AHQhKE2Aq\", \"Ian McEwan\", 1948, \"Atonement\", \"17 books, short story collections, screenplays.\")\n];\n\n\n\t\n\tshuffleArray(authors, seed);\n\t\n\t\/\/ Create a table and style it\n\tvar table = document.createElement('table');\n\ttable.style.borderCollapse = 'collapse';\n\ttable.style.width = '100%';\n\ttable.style.color = 'black';\n\n\t\/\/ Calculate rows and columns\n\tvar rows = 5;\n\tvar cols = 5;\n\tvar selectedAuthors = [];\n\n\tfunction handleAuthorClick(cell, authorName) {\n\t\t\/\/ If the cell is a previous choice, do nothing.\n\t\tif (cell.classList.contains('previous-choice')) {\n\t\t\treturn;\n\t\t}\n\n\t\t\/\/ If the cell is already selected, deselect it.\n\t\tif (cell.classList.contains('selected')) {\n\t\t\tcell.classList.remove('selected');\n\t\t\tlet authorIndex = selectedAuthors.indexOf(authorName);\n\t\t\tif (authorIndex > -1) {\n\t\t\t\tselectedAuthors.splice(authorIndex, 1);\n\t\t\t\tQualtrics.SurveyEngine.setEmbeddedData('choice-7', null);\n\t\t\t}\n\t\t\tcheckSelections();\n\t\t\treturn;\n\t\t}\n\n\t\t\/\/ If no movie is selected yet, add the 'selected' class to the clicked cell.\n\t\tif (selectedAuthors.length < 1) {\n\t\t\tcell.classList.add('selected');\n\t\t\tselectedAuthors.push(authorName);\n\t\t\tif (selectedAuthors.length === 1) {\n\t\t\t\tQualtrics.SurveyEngine.setEmbeddedData('choice-7', selectedAuthors[0]);\n\t\t\t}\n\t\t\tcheckSelections();\n\t\t}\n\t}\n\n\n\t\/\/ Function to check whether 1 author is selected\n\tfunction checkSelections() {\n\t\tlet nextButton = document.querySelector('#NextButton');\n\t\tif (selectedAuthors.length === 1) {\n\t\t\tnextButton.style.pointerEvents = 'auto';\n\t\t\tnextButton.style.opacity = '1';\n\t\t} else {\n\t\t\tnextButton.style.pointerEvents = 'none';\n\t\t\tnextButton.style.opacity = '0.5';\n\t\t}\n\t}\n\n\t\/\/ Initially disable the NextButton\n\tcheckSelections();\n\t\n\n\t\n\tfor (var i = 0; i < rows; i++) {\n\t\tvar row = document.createElement('tr');\n\t\tfor (var j = 0; j < cols; j++) {\n\t\t\tvar index = i * cols + j;\n\n\t\t\tvar cell = document.createElement('td');\n\t\t\t\n\t\t\tvar author = authors[index];\n\t\t\tif (author && previousChoices.includes(author.name)) {\n                cell.classList.add('previous-choice');\n                cell.style.backgroundColor = 'gray';\n            }\n\t\t\tif (index < authors.length) {\n\t\t\t\tvar author = authors[index];\n\n\t\t\t\t\/\/ Create img element and add the link\n\t\t\t\tvar img = document.createElement('img');\n\t\t\t\timg.src = author.photoUrl;\n\t\t\t\timg.style.width = '150px';\n\t\t\t\timg.style.height = '150px';\n\t\t\t\timg.style.margin = '0 auto'; \/\/ To center the image\n\n\t\t\t\t\/\/ Add img and other details to cell\n\t\t\t\tcell.innerHTML = img.outerHTML + \"<br>\" + \n\t\t\t\t\t\"<b>\" + author.name + \"<\/b><br>\" + \n\t\t\t\t\t\"<u>Birth Year:<\/u> \" + author.birthYear + \"<br>\" + \n\t\t\t\t\t\"<u>Best-Known Work:<\/u> \" + author.bestKnownWork + \"<br>\" +\n\t\t\t\t\t\"<u>Authored:<\/u> \" + author.authoredWorks;\n\n\t\t\t\t\/\/ Add click event to select the author from the table\n\t\t\t\tcell.addEventListener('click', function(authorName) {\n\t\t\t\t\treturn function() {\n\t\t\t\t\t\thandleAuthorClick(this, authorName);\n\t\t\t\t\t};\n\t\t\t\t}(author.name)); \/\/ Pass the current author name into the event function\n\t\t\t}\n\n\t\t\t\/\/ Style cell\n\t\t\tcell.style.border = '1px solid black';\n\t\t\tcell.style.padding = '10px';\n\t\t\tcell.style.cursor = 'pointer';\n\t\t\tcell.style.textAlign = 'center';     \/\/ Center align content horizontally\n\t\t\tcell.style.verticalAlign = 'top';    \/\/ Top align content vertically\n\t\t\trow.appendChild(cell);\n\t\t}\n\t\ttable.appendChild(row);\n\t}\n\t\n\t\/\/ Check if author is in the previousChoices\n\tif (previousChoices.includes(author.name)) {\n\t\tcell.classList.add('previous-choice');\n\t\tcell.style.border = '1px solid black';\n        cell.style.padding = '10px';\n        cell.style.cursor = 'pointer';\n        cell.style.textAlign = 'center';     \/\/ Center align content horizontally\n        cell.style.verticalAlign = 'top';    \/\/ Top align content vertically\n\t}\n\n\t\n\t\n\n\/\/ Additional styles for the previous-choice class\nvar style = document.createElement('style');\nstyle.innerHTML = `\n    td.previous-choice {\n        background-color: #CCCCCC; \/\/ Gray color for already selected choices\n        cursor: not-allowed;\n    }\n    td.selected {\n        background-color: #ffdd99; \/\/ Light green for the newly selected choice\n    }\n`;\n\n\tdocument.head.appendChild(style);\n\t    \/\/ Add the table to the survey question\n    this.getQuestionContainer().appendChild(table);\n});\n\nQualtrics.SurveyEngine.addOnReady(function()\n{\n\t\/*Place your JavaScript here to run when the page is fully displayed*\/\n\n});\n\nQualtrics.SurveyEngine.addOnUnload(function()\n{\n\t\/*Place your JavaScript here to run when the page is unloaded*\/\n\n});","DataVisibility":{"Private":false,"Hidden":false}}},{"SurveyID":"SV_e4eMITeZ8WisKSa","Element":"SQ","PrimaryAttribute":"QID4","SecondaryAttribute":"You\u2019ve picked the first six authors for your reading list, but we actually have room for seven. O.","TertiaryAttribute":null,"Payload":{"QuestionText":"<b>You\u2019ve picked the first six authors for your reading list, but we actually have room for seven. On the next page we will ask you to make your final selection.<\/b><br>","DefaultChoices":false,"DataExportTag":"Q4","QuestionID":"QID4","QuestionType":"DB","Selector":"TB","Configuration":{"QuestionDescriptionOption":"UseText"},"QuestionDescription":"You\u2019ve picked the first six authors for your reading list, but we actually have room for seven. O...","ChoiceOrder":[],"Validation":{"Settings":{"Type":"None"}},"GradingData":[],"Language":[],"NextChoiceId":4,"NextAnswerId":1,"DataVisibility":{"Private":false,"Hidden":false}}}]}