{"SurveyEntry":{"SurveyID":"SV_3jZLUQYdzXtaJCu","SurveyName":"race base rate study","SurveyDescription":null,"SurveyOwnerID":"UR_51kqMTaUzYIYveC","SurveyBrandID":"wharton","DivisionID":null,"SurveyLanguage":"EN","SurveyActiveResponseSet":"RS_5mvRubdtdGyGsnk","SurveyStatus":"Active","SurveyStartDate":"0000-00-00 00:00:00","SurveyExpirationDate":"0000-00-00 00:00:00","SurveyCreationDate":"2024-06-26 10:35:22","CreatorID":"UR_51kqMTaUzYIYveC","LastModified":"2024-07-09 13:12:26","LastAccessed":"0000-00-00 00:00:00","LastActivated":"2024-06-26 10:38:19","Deleted":null},"SurveyElements":[{"SurveyID":"SV_3jZLUQYdzXtaJCu","Element":"BL","PrimaryAttribute":"Survey Blocks","SecondaryAttribute":null,"TertiaryAttribute":null,"Payload":[{"Type":"Default","Description":"Pool Block","ID":"BL_6AwidzydgbaZLMi","BlockElements":[{"Type":"Question","QuestionID":"QID1"},{"Type":"Page Break"},{"Type":"Question","QuestionID":"QID5"}]},{"Type":"Trash","Description":"Trash \/ Unused Questions","ID":"BL_2003JNTnqpTB7NA","BlockElements":[{"Type":"Question","QuestionID":"QID2"},{"Type":"Question","QuestionID":"QID12"},{"Type":"Question","QuestionID":"QID21"}]},{"Type":"Standard","SubType":"","Description":"DV Block","ID":"BL_0kZJ3GKwIuR1Vwq","BlockElements":[{"Type":"Question","QuestionID":"QID22"},{"Type":"Page Break"},{"Type":"Question","QuestionID":"QID4"},{"Type":"Page Break"},{"Type":"Question","QuestionID":"QID3"}]},{"Type":"Standard","SubType":"","Description":"Intro Block","ID":"BL_cCQ6W06q30TyMyG","BlockElements":[{"Type":"Question","QuestionID":"QID6"},{"Type":"Page Break"},{"Type":"Question","QuestionID":"QID7"},{"Type":"Page Break"},{"Type":"Question","QuestionID":"QID8"}]},{"Type":"Standard","SubType":"","Description":"Closing Block","ID":"BL_1YOjfH4C2i90Hwa","BlockElements":[{"Type":"Question","QuestionID":"QID10"},{"Type":"Page Break"},{"Type":"Question","QuestionID":"QID11"},{"Type":"Page Break"},{"Type":"Question","QuestionID":"QID13"},{"Type":"Question","QuestionID":"QID14"},{"Type":"Question","QuestionID":"QID15"},{"Type":"Question","QuestionID":"QID16"},{"Type":"Question","QuestionID":"QID17"},{"Type":"Question","QuestionID":"QID18"},{"Type":"Question","QuestionID":"QID19"},{"Type":"Page Break"},{"Type":"Question","QuestionID":"QID20"}]},{"Type":"Standard","SubType":"","Description":"consent","ID":"BL_eWkTQCBBCcfPRzw","BlockElements":[{"Type":"Question","QuestionID":"QID9"}]}]},{"SurveyID":"SV_3jZLUQYdzXtaJCu","Element":"FL","PrimaryAttribute":"Survey Flow","SecondaryAttribute":null,"TertiaryAttribute":null,"Payload":{"Type":"Root","FlowID":"FL_1","Flow":[{"Type":"EmbeddedData","FlowID":"FL_8","EmbeddedData":[{"Description":"choice-1","Type":"Recipient","Field":"choice-1","VariableType":"String","DataVisibility":[],"AnalyzeText":false},{"Description":"choice-2","Type":"Recipient","Field":"choice-2","VariableType":"String","DataVisibility":[],"AnalyzeText":false},{"Description":"choice-3","Type":"Recipient","Field":"choice-3","VariableType":"String","DataVisibility":[],"AnalyzeText":false},{"Description":"choice-4","Type":"Recipient","Field":"choice-4","VariableType":"String","DataVisibility":[],"AnalyzeText":false},{"Description":"choice-5","Type":"Recipient","Field":"choice-5","VariableType":"String","DataVisibility":[],"AnalyzeText":false},{"Description":"choice-6","Type":"Recipient","Field":"choice-6","VariableType":"String","DataVisibility":[],"AnalyzeText":false},{"Description":"choice-7","Type":"Recipient","Field":"choice-7","VariableType":"String","DataVisibility":[],"AnalyzeText":false},{"Description":"sample","Type":"Recipient","Field":"sample","VariableType":"String","DataVisibility":[],"AnalyzeText":false},{"Description":"feedbackText","Type":"Recipient","Field":"feedbackText","VariableType":"String","DataVisibility":[],"AnalyzeText":false},{"Description":"workerId","Type":"Recipient","Field":"workerId","VariableType":"String","DataVisibility":[],"AnalyzeText":false},{"Description":"savedTable","Type":"Recipient","Field":"savedTable","VariableType":"String","DataVisibility":[],"AnalyzeText":false}]},{"Type":"Standard","ID":"BL_cCQ6W06q30TyMyG","FlowID":"FL_14","Autofill":[]},{"Type":"Branch","FlowID":"FL_16","Description":"New Branch","BranchLogic":{"0":{"0":{"LogicType":"Question","QuestionID":"QID7","QuestionIsInLoop":"no","ChoiceLocator":"q:\/\/QID7\/SelectableChoice\/4\/2","Operator":"Selected","QuestionIDFromLocator":"QID7","LeftOperand":"q:\/\/QID7\/SelectableChoice\/4\/2","Type":"Expression","Description":"<span class=\"ConjDesc\">If<\/span> <span class=\"QuestionDesc\">Please respond truthfully to the items below.<\/span> <span class=\"LeftOpDesc\">Have you ever drank water? - No<\/span> <span class=\"OpDesc\">Is Selected<\/span> "},"1":{"LogicType":"Question","QuestionID":"QID7","QuestionIsInLoop":"no","ChoiceLocator":"q:\/\/QID7\/SelectableChoice\/3\/1","Operator":"Selected","QuestionIDFromLocator":"QID7","LeftOperand":"q:\/\/QID7\/SelectableChoice\/3\/1","Type":"Expression","Description":"<span class=\"ConjDesc\">Or<\/span> <span class=\"QuestionDesc\">Please respond truthfully to the items below.<\/span> <span class=\"LeftOpDesc\">Have you ever been to the Moon? - Yes<\/span> <span class=\"OpDesc\">Is Selected<\/span> ","Conjuction":"Or"},"2":{"LogicType":"Question","QuestionID":"QID7","QuestionIsInLoop":"no","ChoiceLocator":"q:\/\/QID7\/SelectableChoice\/5\/1","Operator":"Selected","QuestionIDFromLocator":"QID7","LeftOperand":"q:\/\/QID7\/SelectableChoice\/5\/1","Type":"Expression","Description":"<span class=\"ConjDesc\">Or<\/span> <span class=\"QuestionDesc\">Please respond truthfully to the items below.<\/span> <span class=\"LeftOpDesc\">Have you ever suffered a fatal heart attack? - Yes<\/span> <span class=\"OpDesc\">Is Selected<\/span> ","Conjuction":"Or"},"3":{"LogicType":"Question","QuestionID":"QID7","QuestionIsInLoop":"no","ChoiceLocator":"q:\/\/QID7\/SelectableChoice\/6\/2","Operator":"Selected","QuestionIDFromLocator":"QID7","LeftOperand":"q:\/\/QID7\/SelectableChoice\/6\/2","Type":"Expression","Description":"<span class=\"ConjDesc\">Or<\/span> <span class=\"QuestionDesc\">Please respond truthfully to the items below.<\/span> <span class=\"LeftOpDesc\">Are you human? - No<\/span> <span class=\"OpDesc\">Is Selected<\/span> ","Conjuction":"Or"},"Type":"If"},"1":{"0":{"LogicType":"Question","QuestionID":"QID8","QuestionIsInLoop":"no","ChoiceLocator":"q:\/\/QID8\/ChoiceTextEntryValue","Operator":"NotEqualTo","QuestionIDFromLocator":"QID8","LeftOperand":"q:\/\/QID8\/ChoiceTextEntryValue","RightOperand":"one one","IgnoreCase":1,"Type":"Expression","Description":"<span class=\"ConjDesc\">If<\/span> <span class=\"QuestionDesc\">Please ignore the question below and instead type in \"one one\" (exactly as shown) as your respons...<\/span> <span class=\"LeftOpDesc\">Text Response<\/span> <span class=\"OpDesc\">Is Not Equal to<\/span> <span class=\"RightOpDesc\"> one one <\/span>"},"1":{"LogicType":"Question","QuestionID":"QID8","QuestionIsInLoop":"no","ChoiceLocator":"q:\/\/QID8\/ChoiceTextEntryValue","Operator":"NotEqualTo","QuestionIDFromLocator":"QID8","LeftOperand":"q:\/\/QID8\/ChoiceTextEntryValue","RightOperand":"\"one one\"","IgnoreCase":1,"Type":"Expression","Description":"<span class=\"ConjDesc\">And<\/span> <span class=\"QuestionDesc\">Please ignore the question below and instead type in \"one one\" (exactly as shown) as your respons...<\/span> <span class=\"LeftOpDesc\">Text Response<\/span> <span class=\"OpDesc\">Is Not Equal to<\/span> <span class=\"RightOpDesc\"> \"one one\" <\/span>","Conjuction":"And"},"Type":"ElseIf"},"Type":"BooleanExpression"},"Flow":[{"Type":"EndSurvey","FlowID":"FL_17","EndingType":"Advanced","Options":{"Advanced":"true","SurveyTermination":"DisplayMessage","EOSMessageLibrary":"UR_51kqMTaUzYIYveC","EOSMessage":"MS_9oTOXQztHrk1Rdk"}}]},{"Type":"Standard","ID":"BL_eWkTQCBBCcfPRzw","FlowID":"FL_19","Autofill":[]},{"Type":"BlockRandomizer","FlowID":"FL_5","SubSet":1,"EvenPresentation":true,"Flow":[{"Type":"EmbeddedData","FlowID":"FL_7","EmbeddedData":[{"Description":"pool","Type":"Custom","Field":"pool","VariableType":"String","DataVisibility":[],"AnalyzeText":false,"Value":"Non-URM"},{"Description":"cond","Type":"Custom","Field":"cond","VariableType":"String","DataVisibility":[],"AnalyzeText":false,"Value":"control"}]},{"Type":"EmbeddedData","FlowID":"FL_13","EmbeddedData":[{"Description":"pool","Type":"Custom","Field":"pool","VariableType":"String","DataVisibility":[],"AnalyzeText":false,"Value":"Non-URM"},{"Description":"cond","Type":"Custom","Field":"cond","VariableType":"String","DataVisibility":[],"AnalyzeText":false,"Value":"treat"}]},{"Type":"EmbeddedData","FlowID":"FL_21","EmbeddedData":[{"Description":"pool","Type":"Custom","Field":"pool","VariableType":"String","DataVisibility":[],"AnalyzeText":false,"Value":"URM"},{"Description":"cond","Type":"Custom","Field":"cond","VariableType":"String","DataVisibility":[],"AnalyzeText":false,"Value":"control"}]},{"Type":"EmbeddedData","FlowID":"FL_22","EmbeddedData":[{"Description":"pool","Type":"Custom","Field":"pool","VariableType":"String","DataVisibility":[],"AnalyzeText":false,"Value":"URM"},{"Description":"cond","Type":"Custom","Field":"cond","VariableType":"String","DataVisibility":[],"AnalyzeText":false,"Value":"treat"}]}]},{"Type":"Block","ID":"BL_6AwidzydgbaZLMi","FlowID":"FL_2","Autofill":[]},{"Type":"Standard","ID":"BL_0kZJ3GKwIuR1Vwq","FlowID":"FL_9","Autofill":[]},{"Type":"Standard","ID":"BL_1YOjfH4C2i90Hwa","FlowID":"FL_15","Autofill":[]},{"Type":"EndSurvey","FlowID":"FL_18","EndingType":"Advanced","Options":{"Advanced":"true","SurveyTermination":"DisplayMessage","EOSMessageLibrary":"UR_51kqMTaUzYIYveC","EOSMessage":"MS_5iqzg8dBrPbKXBA"}}],"Properties":{"Count":22}}},{"SurveyID":"SV_3jZLUQYdzXtaJCu","Element":"PL","PrimaryAttribute":"Preview Link","SecondaryAttribute":null,"TertiaryAttribute":null,"Payload":{"PreviewType":"Brand","PreviewID":"2fba1f11-0ef3-4ffd-adab-d333da391d27"}},{"SurveyID":"SV_3jZLUQYdzXtaJCu","Element":"RS","PrimaryAttribute":"RS_5mvRubdtdGyGsnk","SecondaryAttribute":null,"TertiaryAttribute":null,"Payload":null},{"SurveyID":"SV_3jZLUQYdzXtaJCu","Element":"SO","PrimaryAttribute":"Survey Options","SecondaryAttribute":null,"TertiaryAttribute":null,"Payload":{"BackButton":"false","SaveAndContinue":"true","SurveyProtection":"PublicSurvey","BallotBoxStuffingPrevention":"false","NoIndex":"Yes","SecureResponseFiles":"true","SurveyExpiration":"None","SurveyTermination":"DefaultMessage","Header":"","Footer":"","ProgressBarDisplay":"None","PartialData":"+1 week","ValidationMessage":"","PreviousButton":" \u2190 ","NextButton":" \u2192 ","SurveyTitle":"Qualtrics Survey | Qualtrics Experience Management","SkinLibrary":"wharton","SkinType":"templated","Skin":{"brandingId":null,"templateId":"*2014","overrides":{"colors":{"primary":"#000000"}}},"NewScoring":1,"SurveyMetaDescription":"The most powerful, simple and trusted way to gather experience data. Start your journey to experience management and try a free account today.","CustomStyles":[],"ProtectSelectionIds":true}},{"SurveyID":"SV_3jZLUQYdzXtaJCu","Element":"SCO","PrimaryAttribute":"Scoring","SecondaryAttribute":null,"TertiaryAttribute":null,"Payload":{"ScoringCategories":[],"ScoringCategoryGroups":[],"ScoringSummaryCategory":null,"ScoringSummaryAfterQuestions":0,"ScoringSummaryAfterSurvey":0,"DefaultScoringCategory":null,"AutoScoringCategory":null}},{"SurveyID":"SV_3jZLUQYdzXtaJCu","Element":"PROJ","PrimaryAttribute":"CORE","SecondaryAttribute":null,"TertiaryAttribute":"1.1.0","Payload":{"ProjectCategory":"CORE","SchemaVersion":"1.1.0"}},{"SurveyID":"SV_3jZLUQYdzXtaJCu","Element":"STAT","PrimaryAttribute":"Survey Statistics","SecondaryAttribute":null,"TertiaryAttribute":null,"Payload":{"MobileCompatible":true,"ID":"Survey Statistics"}},{"SurveyID":"SV_3jZLUQYdzXtaJCu","Element":"QC","PrimaryAttribute":"Survey Question Count","SecondaryAttribute":"22","TertiaryAttribute":null,"Payload":null},{"SurveyID":"SV_3jZLUQYdzXtaJCu","Element":"SQ","PrimaryAttribute":"QID2","SecondaryAttribute":"Click to write the question text","TertiaryAttribute":null,"Payload":{"QuestionText":"Click to write the question text","DefaultChoices":false,"DataExportTag":"vignette","QuestionID":"QID2","QuestionType":"DB","Selector":"TB","Configuration":{"QuestionDescriptionOption":"UseText"},"QuestionDescription":"Click to write the question text","ChoiceOrder":[],"Validation":{"Settings":{"Type":"None"}},"GradingData":[],"Language":[],"NextChoiceId":4,"NextAnswerId":1,"DataVisibility":{"Private":false,"Hidden":false}}},{"SurveyID":"SV_3jZLUQYdzXtaJCu","Element":"SQ","PrimaryAttribute":"QID21","SecondaryAttribute":"Click to write the question text","TertiaryAttribute":null,"Payload":{"QuestionText":"Click to write the question text","DataExportTag":"Q21","QuestionType":"MC","Selector":"SAVR","SubSelector":"TX","Configuration":{"QuestionDescriptionOption":"UseText"},"QuestionDescription":"Click to write the question text","Choices":{"1":{"Display":"Click to write Choice 1"},"2":{"Display":"Click to write Choice 2"},"3":{"Display":"Click to write Choice 3"}},"ChoiceOrder":["1","2","3"],"Validation":{"Settings":{"ForceResponse":"OFF","Type":"None"}},"Language":[],"NextChoiceId":4,"NextAnswerId":1,"QuestionID":"QID21"}},{"SurveyID":"SV_3jZLUQYdzXtaJCu","Element":"SQ","PrimaryAttribute":"QID19","SecondaryAttribute":"How many years of work experience do you have?","TertiaryAttribute":null,"Payload":{"Configuration":{"InputHeight":29,"InputWidth":161,"QuestionDescriptionOption":"UseText"},"DataExportTag":"work_exp","DataVisibility":{"Hidden":false,"Private":false},"DefaultChoices":false,"GradingData":[],"Language":[],"NextAnswerId":1,"NextChoiceId":29,"QuestionDescription":"How many years of work experience do you have?","QuestionID":"QID19","QuestionText":"How many years of work experience do you have?","QuestionText_Unsafe":"How many years of work experience do you have?","QuestionType":"TE","SearchSource":{"AllowFreeResponse":"false"},"Selector":"SL","Validation":{"Settings":{"ContentType":"ValidNumber","ForceResponse":"ON","ForceResponseType":"ON","MinChars":"1","Type":"ContentType","ValidDateType":"DateWithFormat","ValidNumber":{"Max":"","Min":"","NumDecimals":""},"ValidPhoneType":"ValidUSPhone","ValidZipType":"ValidUSZip"}}}},{"SurveyID":"SV_3jZLUQYdzXtaJCu","Element":"SQ","PrimaryAttribute":"QID3","SecondaryAttribute":"Imagine that after you completed your panelist selections, you learned that there was room to add...","TertiaryAttribute":null,"Payload":{"QuestionText":"<span style=\"color:#95a5a6;\"><b>Imagine that after you completed your panelist selections, you learned that there was room to add an additional mayor to your panel.<\/b><\/span><br>\n<br>\n<b><\/b>Who would you like to select to be the seventh panelist at your summit?<br><br>As a reminder, here is information on the composition of your originally-selected panel of six mayors:","DefaultChoices":false,"DataExportTag":"Q3","QuestionType":"DB","Selector":"TB","Configuration":{"QuestionDescriptionOption":"UseText"},"QuestionDescription":"Imagine that after you completed your panelist selections, you learned that there was room to add...","ChoiceOrder":[],"Validation":{"Settings":{"Type":"None"}},"GradingData":[],"Language":[],"NextChoiceId":4,"NextAnswerId":1,"QuestionID":"QID3","QuestionJS":"Qualtrics.SurveyEngine.addOnload(function() {\n    \/\/ Retrieve the feedback text\n    var feedbackText = Qualtrics.SurveyEngine.getEmbeddedData('feedbackText');\n\n    \/\/ Display the feedback at the top\n    this.getQuestionContainer().innerHTML += feedbackText;\n\n    \/\/ Retrieve the saved table HTML\n    var savedTableHTML = Qualtrics.SurveyEngine.getEmbeddedData('savedTable');\n\n    \/\/ Create a container for the table\n    var tableContainer = document.createElement('div');\n    tableContainer.innerHTML = savedTableHTML;\n\n    \/\/ Add the table container to the question\n    this.getQuestionContainer().appendChild(tableContainer);\n\n    \/\/ Example of previously selected mayors' names (for highlighting purposes)\n    var finalChoices = [];\n    for (var i = 1; i <= 6; i++) {\n        finalChoices.push(Qualtrics.SurveyEngine.getEmbeddedData('choice-' + i));\n    }\n\n    let selectedMayor = \"\";\n\n    function handleMayorClick(cell, mayorName) {\n        \/\/ If the cell is a previous choice, do nothing.\n        if (cell.classList.contains('previous-choice')) {\n            return;\n        }\n\n        \/\/ If the cell is already selected, deselect it.\n        if (cell.classList.contains('selected')) {\n            cell.classList.remove('selected');\n            selectedMayor = \"\";\n            Qualtrics.SurveyEngine.setEmbeddedData('final-choice', null);\n            checkSelections();\n            return;\n        }\n\n        \/\/ If no mayor is selected yet, add the selected class to the clicked cell.\n        if (!selectedMayor) {\n            cell.classList.add('selected');\n            selectedMayor = mayorName;\n            Qualtrics.SurveyEngine.setEmbeddedData('choice-7', mayorName);\n            checkSelections();\n        }\n    }\n\n    \/\/ Function to check whether 1 mayor is selected\n    function checkSelections() {\n        let nextButton = document.querySelector('#NextButton');\n        if (selectedMayor) {\n            nextButton.style.pointerEvents = 'auto';\n            nextButton.style.opacity = '1';\n        } else {\n            nextButton.style.pointerEvents = 'none';\n            nextButton.style.opacity = '0.5';\n        }\n    }\n\n    \/\/ Initially disable the NextButton\n    checkSelections();\n\n    \/\/ Highlight previously selected mayors\n    finalChoices.forEach(choice => {\n        var cells = tableContainer.querySelectorAll('td');\n        cells.forEach(cell => {\n            if (cell.innerText.includes(choice)) {\n                cell.classList.add('previous-choice');\n                cell.style.backgroundColor = 'gray';\n            }\n        });\n    });\n\n    \/\/ Add clickable functionality to cells (Ensure you exclude gray cells)\n    var cells = tableContainer.querySelectorAll('td');\n    cells.forEach(cell => {\n        if (!cell.classList.contains('previous-choice')) {\n            var mayorName = cell.querySelector('b').innerText;\n            cell.addEventListener('click', function() {\n                handleMayorClick(cell, mayorName);\n            });\n        }\n    });\n\n    \/\/ Add styles for the previous-choice and selected classes\n    var style = document.createElement('style');\n    style.innerHTML = `\n        td.previous-choice {\n            background-color: #CCCCCC; \/* Gray color for already selected choices *\/\n            cursor: not-allowed;\n        }\n        td.selected {\n            background-color: #ffdd99; \/* Highlight for the newly selected choice *\/\n        }\n    `;\n    document.head.appendChild(style);\n});\n\nQualtrics.SurveyEngine.addOnReady(function () {\n    \/* Place your JavaScript here to run when the page is fully displayed *\/\n});\n\nQualtrics.SurveyEngine.addOnUnload(function () {\n    \/* Place your JavaScript here to run when the page is unloaded *\/\n});","DataVisibility":{"Private":false,"Hidden":false}}},{"SurveyID":"SV_3jZLUQYdzXtaJCu","Element":"SQ","PrimaryAttribute":"QID4","SecondaryAttribute":"Imagine that after you completed your panelist selections, you learned that there was room to add...","TertiaryAttribute":null,"Payload":{"QuestionText":"<b>Imagine that after you completed your panelist selections, you learned that there was room to add an additional mayor to your panel.<\/b><br>","DefaultChoices":false,"DataExportTag":"Q4","QuestionID":"QID4","QuestionType":"DB","Selector":"TB","Configuration":{"QuestionDescriptionOption":"UseText"},"QuestionDescription":"Imagine that after you completed your panelist selections, you learned that there was room to add...","ChoiceOrder":[],"Validation":{"Settings":{"Type":"None"}},"GradingData":[],"Language":[],"NextChoiceId":4,"NextAnswerId":1,"DataVisibility":{"Private":false,"Hidden":false},"QuestionJS":false}},{"SurveyID":"SV_3jZLUQYdzXtaJCu","Element":"SQ","PrimaryAttribute":"QID1","SecondaryAttribute":"Imagine that you are organizing a national summit on urban leadership. You are working to convene...","TertiaryAttribute":null,"Payload":{"QuestionText":"Imagine that you are organizing a national summit on urban leadership. You are working to convene a panel of distinguished mayors to provide guidance and insights on urban development and community engagement. Many current leaders in city governance have expressed interest in offering their wisdom, and you have your pick of who to include on the panel.&nbsp;","DefaultChoices":false,"DataExportTag":"vignette","QuestionID":"QID1","QuestionType":"DB","Selector":"TB","Configuration":{"QuestionDescriptionOption":"UseText"},"QuestionDescription":"Imagine that you are organizing a national summit on urban leadership. You are working to convene...","ChoiceOrder":[],"Validation":{"Settings":{"Type":"None"}},"GradingData":[],"Language":[],"NextChoiceId":4,"NextAnswerId":1,"QuestionJS":false,"DataVisibility":{"Private":false,"Hidden":false}}},{"SurveyID":"SV_3jZLUQYdzXtaJCu","Element":"SQ","PrimaryAttribute":"QID5","SecondaryAttribute":"Imagine that you are organizing a national summit on urban leadership. You are working to convene...","TertiaryAttribute":null,"Payload":{"QuestionText":"<span style=\"color:#95a5a6;\">Imagine that you are organizing a national summit on urban leadership. You are working to convene a panel of distinguished mayors to provide guidance and insights on urban development and community engagement. Many current leaders in city governance have expressed interest in offering their wisdom, and you have your pick of who to include on the panel.<\/span><br>\n<br>\nPlease select six panelists from the set below.","QuestionJS":"\/\/ This should be included after setting up the table in your initial script\nQualtrics.SurveyEngine.addOnReady(function () {\n    var condition = \"${e:\/\/Field\/pool}\";\n\n    \/\/ Placeholder for the updated raw data with mayoral attributes\nvar mayors = [\n    { name: \"Cherelle Parker\", photo: \"https:\/\/gridphilly.com\/wp-content\/uploads\/2023\/11\/cherelle-parker.png\", city: \"Philadelphia, PA\", cityPopulation: \"1.56M\", currentTerm: \"First\", race: \"Black\" },\n    { name: \"Eric Adams\", photo: \"https:\/\/upload.wikimedia.org\/wikipedia\/commons\/thumb\/f\/f2\/Deputy_Prime_Minister_Oliver_Dowden_visit_to_USA_and_UNGA_%2853202338814%29_%28cropped%29.jpg\/220px-Deputy_Prime_Minister_Oliver_Dowden_visit_to_USA_and_UNGA_%2853202338814%29_%28cropped%29.jpg\", city: \"New York City, NY\", cityPopulation: \"8.336M\", currentTerm: \"First\", race: \"Black\" },\n    { name: \"Justin Bibb\", photo: \"https:\/\/www.clevelandohio.gov\/sites\/clevelandohio\/files\/2023-07\/MayorBibb%20WEB%20only%207187.jpeg\", city: \"Cleveland, OH\", cityPopulation: \"361,607\", currentTerm: \"First\", race: \"Black\" },\n    { name: \"London Breed\", photo: \"https:\/\/t3.gstatic.com\/licensed-image?q=tbn:ANd9GcTWjdJXnN3OAt8VEsxZDRzEjEXiSqi4GEiFB8H7h1gUdPfEAnZIa8zyXauPZtsxykzB\", city: \"San Francisco, CA\", cityPopulation: \"808,437\", currentTerm: \"Second\", race: \"Black\" },\n    { name: \"Karen Bass\", photo: \"https:\/\/upload.wikimedia.org\/wikipedia\/commons\/thumb\/2\/26\/Mayor_Karen_Bass_official_portrait_%28alt_crop%29.jpg\/200px-Mayor_Karen_Bass_official_portrait_%28alt_crop%29.jpg\", city: \"Los Angeles, CA\", cityPopulation: \"3,822,238\", currentTerm: \"First\", race: \"Black\" },\n    { name: \"Brandon Johnson\", photo: \"https:\/\/upload.wikimedia.org\/wikipedia\/commons\/thumb\/0\/00\/Brandon_Johnson_with_Byron_Sigcho-Lopez_%28alt_crop%29.jpg\/200px-Brandon_Johnson_with_Byron_Sigcho-Lopez_%28alt_crop%29.jpg\", city: \"Chicago, IL\", cityPopulation: \"2,665,039\", currentTerm: \"First\", race: \"Black\" },\n    { name: \"Todd Gloria\", photo: \"https:\/\/upload.wikimedia.org\/wikipedia\/commons\/thumb\/3\/3a\/Todd_Gloria_2022_%28cropped%29.jpg\/200px-Todd_Gloria_2022_%28cropped%29.jpg\", city: \"San Diego, CA\", cityPopulation: \"1,381,162\", currentTerm: \"First\", race: \"Hispanic\" },\n    { name: \"Eric Johnson\", photo: \"https:\/\/upload.wikimedia.org\/wikipedia\/commons\/thumb\/0\/07\/L-21-06-10-A-312_%2851239403937%29_%28cropped%29.jpg\/200px-L-21-06-10-A-312_%2851239403937%29_%28cropped%29.jpg\", city: \"Dallas, TX\", cityPopulation: \"1,299,544\", currentTerm: \"Second\", race: \"Black\" },\n    { name: \"Vi Lyles\", photo: \"https:\/\/upload.wikimedia.org\/wikipedia\/commons\/thumb\/f\/fa\/Vi_Lyles_2019.jpg\/200px-Vi_Lyles_2019.jpg\", city: \"Charlotte, NC\", cityPopulation: \"897,720\", currentTerm: \"Third\", race: \"Black\" },\n    { name: \"Victoria Woodards\", photo: \"https:\/\/encrypted-tbn3.gstatic.com\/images?q=tbn:ANd9GcQRswUgHtj5fQzYUaqYUxhMmnqEH6fG4BSxc-Isc4gILyH9stt-\", city: \"Tacoma, WA\", cityPopulation: \"221,776\", currentTerm: \"Second\", race: \"Black\" },\n    { name: \"LaToya Cantrell\", photo: \"https:\/\/wharton.yul1.qualtrics.com\/ControlPanel\/Graphic.php?IM=IM_x4t6zLtcCrAe9jw\", city: \"New Orleans, LA\", cityPopulation: \"376,971\", currentTerm: \"Second\", race: \"Black\" },\n    { name: \"Yadira Ramos-Herbert\", photo: \"https:\/\/wharton.yul1.qualtrics.com\/ControlPanel\/Graphic.php?IM=IM_K9IeBNeU4DOkBv3\", city: \"New Rochelle, NY\", cityPopulation: \"82,288\", currentTerm: \"First\", race: \"Hispanic\" },\n    { name: \"Francis Suarez\", photo: \"https:\/\/upload.wikimedia.org\/wikipedia\/commons\/thumb\/8\/8d\/Francis_Suarez_by_Gage_Skidmore_%28cropped%29.jpg\/200px-Francis_Suarez_by_Gage_Skidmore_%28cropped%29.jpg\", city: \"Miami, FL\", cityPopulation: \"449,514\", currentTerm: \"Second\", race: \"Hispanic\" },\n    { name: \"Rex Richardson\", photo: \"https:\/\/upload.wikimedia.org\/wikipedia\/commons\/thumb\/b\/b8\/Rex_Richardson_Portrait_%28cropped%29.jpg\/200px-Rex_Richardson_Portrait_%28cropped%29.jpg\", city: \"Long Beach, CA\", cityPopulation: \"451,307\", currentTerm: \"First\", race: \"Black\" },\n    { name: \"Yemi Mobolade\", photo: \"https:\/\/upload.wikimedia.org\/wikipedia\/commons\/thumb\/1\/1d\/Yemi_Mobolade_%2853154219482%29_%28cropped%29.jpg\/440px-Yemi_Mobolade_%2853154219482%29_%28cropped%29.jpg\", city: \"Colorado Springs, CO\", cityPopulation: \"486,248\", currentTerm: \"First\", race: \"Black\" },\n    { name: \"Andre Dickens\", photo: \"https:\/\/upload.wikimedia.org\/wikipedia\/commons\/thumb\/b\/bf\/Andre_Dickens_%28cropped%29.jpg\/200px-Andre_Dickens_%28cropped%29.jpg\", city: \"Atlanta, GA\", cityPopulation: \"499,127\", currentTerm: \"First\", race: \"Black\" },\n    { name: \"Regina Romero\", photo: \"https:\/\/upload.wikimedia.org\/wikipedia\/commons\/thumb\/e\/ea\/Regina_Romero_-_2020_01_%28cropped%29.jpg\/200px-Regina_Romero_-_2020_01_%28cropped%29.jpg\", city: \"Tucson, AZ\", cityPopulation: \"546,574\", currentTerm: \"First\", race: \"Hispanic\" },\n    { name: \"Quinton Lucas\", photo: \"https:\/\/upload.wikimedia.org\/wikipedia\/commons\/thumb\/b\/b3\/Quinton_Lucas_at_Downtown_Airport_Renaming_2_%286717577%29_%28cropped%29_%28cropped%29.jpg\/200px-Quinton_Lucas_at_Downtown_Airport_Renaming_2_%286717577%29_%28cropped%29_%28cropped%29.jpg\", city: \"Kansas City, MO\", cityPopulation: \"509,297\", currentTerm: \"Second\", race: \"Black\" },\n    { name: \"Cavalier Johnson\", photo: \"https:\/\/upload.wikimedia.org\/wikipedia\/commons\/thumb\/c\/ce\/P20220905AS-000002_%2852516571827%29_%28alt_crop%29.jpg\/200px-P20220905AS-000002_%2852516571827%29_%28alt_crop%29.jpg\", city: \"Milwaukee, WI\", cityPopulation: \"563,305\", currentTerm: \"First\", race: \"Black\" },\n    { name: \"John Whitmire\", photo: \"https:\/\/upload.wikimedia.org\/wikipedia\/commons\/thumb\/b\/b2\/John_Whitmire_in_2023.png\/200px-John_Whitmire_in_2023.png\", city: \"Houston, TX\", cityPopulation: \"2,302,878\", currentTerm: \"First\", race: \"Non-URM\" },\n    { name: \"Kate Gallego\", photo: \"https:\/\/upload.wikimedia.org\/wikipedia\/commons\/thumb\/e\/e4\/Kate_Gallego_by_Gage_Skidmore_3_%28cropped%29.jpg\/200px-Kate_Gallego_by_Gage_Skidmore_3_%28cropped%29.jpg\", city: \"Phoenix, AZ\", cityPopulation: \"1,644,409\", currentTerm: \"Second\", race: \"Non-URM\" },\n    { name: \"Donna Deegan\", photo: \"https:\/\/upload.wikimedia.org\/wikipedia\/commons\/thumb\/4\/4d\/Deegan_Donna-3327b_%28cropped%29.jpg\/200px-Deegan_Donna-3327b_%28cropped%29.jpg\", city: \"Jacksonville, FL\", cityPopulation: \"1,016,536\", currentTerm: \"First\", race: \"Non-URM\" },\n    { name: \"Mattie Parker\", photo: \"https:\/\/www.txdirectory.com\/files\/photo\/per67748.jpg\", city: \"Fort Worth, TX\", cityPopulation: \"956,709\", currentTerm: \"First\", race: \"Non-URM\" },\n    { name: \"Andrew Ginther\", photo: \"https:\/\/thenewamericansmag.com\/wp-content\/uploads\/2018\/07\/Mayor-andrew-Ginther.jpg\", city: \"Columbus, OH\", cityPopulation: \"907,971\", currentTerm: \"Second\", race: \"Non-URM\" },\n    { name: \"Craig Greenberg\", photo: \"https:\/\/upload.wikimedia.org\/wikipedia\/commons\/d\/d4\/Louisville_mayor_and_mandala_%28cropped%29_%28cropped%29.jpg\", city: \"Louisville, KY\", cityPopulation: \"773,399\", currentTerm: \"First\", race: \"Non-URM\" },\n    { name: \"Carolyn Goodman\", photo: \"https:\/\/upload.wikimedia.org\/wikipedia\/commons\/thumb\/4\/47\/Carolyn_Goodman_%2841810757042%29_%28cropped%29.jpg\/200px-Carolyn_Goodman_%2841810757042%29_%28cropped%29.jpg\", city: \"Las Vegas, NV\", cityPopulation: \"656,274\", currentTerm: \"Third\", race: \"Non-URM\" },\n    { name: \"Ted Wheeler\", photo: \"https:\/\/upload.wikimedia.org\/wikipedia\/commons\/thumb\/d\/d1\/180421-N-UK248-023_%2841616137742%29_%28cropped%29.jpg\/200px-180421-N-UK248-023_%2841616137742%29_%28cropped%29.jpg\", city: \"Portland, OR\", cityPopulation: \"635,067\", currentTerm: \"Second\", race: \"Non-URM\" },\n    { name: \"Jane Castor\", photo: \"https:\/\/upload.wikimedia.org\/wikipedia\/commons\/thumb\/1\/1e\/Mayor_Jane_Castor_-Tampa_%28cropped%29.jpeg\/200px-Mayor_Jane_Castor_-Tampa_%28cropped%29.jpeg\", city: \"Tampa, FL\", cityPopulation: \"398,173\", currentTerm: \"First\", race: \"Non-URM\" },\n    { name: \"G.T. Bynum\", photo: \"https:\/\/encrypted-tbn3.gstatic.com\/images?q=tbn:ANd9GcSTuJs8Oax3zL8yyFKKNwAjuRwFdLvuz-APOZLF9ZUAvUB7Fa_S\", city: \"Tulsa, OK\", cityPopulation: \"411,867\", currentTerm: \"Second\", race: \"Non-URM\" },\n    { name: \"Jacob Frey\", photo: \"https:\/\/upload.wikimedia.org\/wikipedia\/commons\/thumb\/3\/3a\/Jacob_Frey_at_Nicollet_Mall_reopening_2017-11-16_-_1.jpg\/200px-Jacob_Frey_at_Nicollet_Mall_reopening_2017-11-16_-_1.jpg\", city: \"Minneapolis, MN\", cityPopulation: \"425,096\", currentTerm: \"Second\", race: \"Non-URM\" },\n    { name: \"Bobby Dyer\", photo: \"https:\/\/upload.wikimedia.org\/wikipedia\/commons\/thumb\/c\/c2\/NAS_Oceana_Thanks_City_of_Virginia_Beach_%281%29_%28alt_crop%29.jpg\/200px-NAS_Oceana_Thanks_City_of_Virginia_Beach_%281%29_%28alt_crop%29.jpg\", city: \"Virginia Beach, VA\", cityPopulation: \"455,618\", currentTerm: \"Second\", race: \"Non-URM\" },\n    { name: \"Mary-Ann Baldwin\", photo: \"https:\/\/upload.wikimedia.org\/wikipedia\/commons\/thumb\/4\/49\/Mary_Ann_Baldwin_%28cropped%29.jpg\/200px-Mary_Ann_Baldwin_%28cropped%29.jpg\", city: \"Raleigh, NC\", cityPopulation: \"476,587\", currentTerm: \"First\", race: \"Non-URM\" },\n    { name: \"Jean Stothert\", photo: \"https:\/\/upload.wikimedia.org\/wikipedia\/commons\/thumb\/2\/26\/Jean_Stothert_2020_%28cropped%29.jpg\/200px-Jean_Stothert_2020_%28cropped%29.jpg\", city: \"Omaha, NE\", cityPopulation: \"485,153\", currentTerm: \"Third\", race: \"Non-URM\" },\n    { name: \"Mike Duggan\", photo: \"https:\/\/upload.wikimedia.org\/wikipedia\/commons\/thumb\/d\/d2\/Mike_Duggan_%2852345819381%29_%281%29.jpg\/440px-Mike_Duggan_%2852345819381%29_%281%29.jpg\", city: \"Detroit, MI\", cityPopulation: \"620,376\", currentTerm: \"Third\", race: \"Non-URM\" },\n    { name: \"Steven Fulop\", photo: \"https:\/\/upload.wikimedia.org\/wikipedia\/commons\/thumb\/1\/15\/Steven_Fulop_Ward_E_Councilman_in_Jersey_City_New_Jersey_circa_2012.jpg\/200px-Steven_Fulop_Ward_E_Councilman_in_Jersey_City_New_Jersey_circa_2012.jpg\", city: \"Jersey City, NJ\", cityPopulation: \"286,670\", currentTerm: \"Third\", race: \"Non-URM\" },\n    { name: \"Freddi O'Connell\", photo: \"https:\/\/www.tennessean.com\/gcdn\/presto\/2023\/05\/06\/PNAS\/ae121454-1e87-40f5-b68d-15cae2de9d21-021923_FreddieOConnell_Headshot2.jpg\", city: \"Nashville, TN\", cityPopulation: \"689,447\", currentTerm: \"First\", race: \"Non-URM\" },\n    { name: \"Buddy Dyer\", photo: \"https:\/\/upload.wikimedia.org\/wikipedia\/commons\/9\/9e\/Buddy_Dyer.jpg\", city: \"Orlando, FL\", cityPopulation: \"316,081\", currentTerm: \"Five\", race: \"Non-URM\" },\n    { name: \"Rick Blangiardi\", photo: \"https:\/\/upload.wikimedia.org\/wikipedia\/commons\/thumb\/2\/29\/2022-1026-smithsonian-apac-rick-blangiardi.jpg\/675px-2022-1026-smithsonian-apac-rick-blangiardi.jpg\", city: \"Honolulu, HI\", cityPopulation: \"350,964\", currentTerm: \"First\", race: \"Non-URM\" },\n    { name: \"Beth Weldon\", photo: \"https:\/\/mm.aiircdn.com\/258\/5c4b7600d2f95.jpg\", city: \"Juneau, AK\", cityPopulation: \"31,685\", currentTerm: \"Second\", race: \"Non-URM\" },\n    \/\/ Additional Mayors\n    { name: \"Keith James\", photo: \"https:\/\/www.wpb.org\/home\/showpublishedimage\/11744\/638290712126270000\", city: \"West Palm Beach, FL\", cityPopulation: \"120,932\", currentTerm: \"Second\", race: \"Black\" },\n    { name: \"Shawyn Patterson-Howard\", photo: \"https:\/\/westchestermagazine.com\/wp-content\/uploads\/2023\/10\/MAYOR-SPH.jpg\", city: \"Mount Vernon, NY\", cityPopulation: \"71,714\", currentTerm: \"Second\", race: \"Black\" },\n    { name: \"Tishaura Jones\", photo: \"https:\/\/www.stlouis-mo.gov\/government\/departments\/mayor\/images\/tishaurawhite-1_2.jpg\", city: \"St. Louis, MO\", cityPopulation: \"286,578\", currentTerm: \"First\", race: \"Black\" },\n    { name: \"Joe Hogsett\", photo: \"https:\/\/s3.amazonaws.com\/ballotpedia-api4\/files\/thumbs\/200\/300\/JosephHogsett.jpg\", city: \"Indianapolis, IN\", cityPopulation: \"880,621\", currentTerm: \"Third\", race: \"Non-URM\" },\n \t{ name: \"Mike Johnston\", photo: \"https:\/\/upload.wikimedia.org\/wikipedia\/commons\/thumb\/d\/d7\/Michael_Johnston_%28cropped%29.jpg\/330px-Michael_Johnston_%28cropped%29.jpg\", city: \"Denver, CO\", cityPopulation: \"713,252\", currentTerm: \"First\", race: \"Non-URM\" },\n    { name: \"Ron Nirenberg\", photo: \"https:\/\/guardianhouse.org\/wp-content\/uploads\/2018\/03\/Mayor-Ron-Nirenberg.jpg\", city: \"San Antonio, TX\", cityPopulation: \"1,473,000\", currentTerm: \"Fourth\", race: \"Non-URM\" }\n];\n\t\n    \/\/ Separate mayors into two groups based on race\n    var urmMayors = mayors.filter(mayor => mayor.race === \"Black\" || mayor.race === \"Hispanic\");\n    var nonURMMayors = mayors.filter(mayor => mayor.race === \"Non-URM\");\n\n    \/\/ Function to shuffle an array (Fisher-Yates)\n    function shuffle(array) {\n        for (let i = array.length - 1; i > 0; i--) {\n            const j = Math.floor(Math.random() * (i + 1));\n            [array[i], array[j]] = [array[j], array[i]];\n        }\n    }\n\n    \/\/ Shuffle the mayor groups\n    shuffle(urmMayors);\n    shuffle(nonURMMayors);\n\n    var selectedMayors;\n\n    switch (condition) {\n        case 'URM': \/\/ 22 URM and 4 Non-URM\n            selectedMayors = urmMayors.slice(0, 22).concat(nonURMMayors.slice(0, 4));\n            break;\n        case 'Non-URM': \/\/ 22 Non-URM and 4 URM\n            selectedMayors = nonURMMayors.slice(0, 22).concat(urmMayors.slice(0, 4));\n            break;\n    }\n\n    \/\/ Shuffle the combined selected mayors to mix the order\n    shuffle(selectedMayors);\n\n    \/\/ Create a table and style it\n    var table = document.createElement('table');\n    table.style.borderCollapse = 'collapse';\n    table.style.width = '100%';\n\n    \/\/ Variables to store selected mayors\n    let selectedMayorsArray = [];\n\n    \/\/ Function to handle mayor selection\n    function handleMayorClick(cell, mayorName) {\n        if (cell.classList.contains('selected')) {\n            cell.classList.remove('selected');\n            selectedMayorsArray = selectedMayorsArray.filter(name => name !== mayorName);\n        } else if (selectedMayorsArray.length < 6) {\n            cell.classList.add('selected');\n            selectedMayorsArray.push(mayorName);\n        }\n\n        if (selectedMayorsArray.length === 6) {\n            \/\/ Save the selected mayors as embedded data\n            for (let i = 0; i < selectedMayorsArray.length; i++) {\n                var embeddedVariable = 'choice-' + (i + 1); \n                Qualtrics.SurveyEngine.setEmbeddedData(embeddedVariable, selectedMayorsArray[i]);\n            }\n        }\n        checkSelections();\n    }\n\n    \/\/ Function to check whether up to 6 mayors are selected\n    function checkSelections() {\n        let nextButton = document.querySelector('#NextButton');\n        if (selectedMayorsArray.length === 6) {\n            nextButton.style.pointerEvents = 'auto';\n            nextButton.style.opacity = '1';\n        } else {\n            nextButton.style.pointerEvents = 'none';\n            nextButton.style.opacity = '0.5';\n        }\n    }\n\n    \/\/ Initially disable the NextButton\n    checkSelections();\n\n    \/\/ Calculate rows and columns\n    var rows = 6;\n    var cols = 5;\n\n    \/\/ Iterate through rows and columns\n    for (var i = 0; i < rows; i++) {\n        var row = document.createElement('tr');\n        for (var j = 0; j < cols; j++) {\n            var index = i * cols + j;\n\n            if (index >= selectedMayors.length) break;\n\n            var mayor = selectedMayors[index];\n\n            \/\/ Create table cell\n            var cell = document.createElement('td');\n\n            \/\/ Create img element for the photo\n            var img = document.createElement('img');\n            img.src = mayor.photo;\n            img.style.width = '100px';\n            img.style.height = '150px';\n            img.style.margin = '0 auto'; \/\/ Center the image\n\n            \/\/ Add img and other details to cell\n            cell.innerHTML = \"<b>\" + mayor.name + \"<\/b><br>\" +\n                img.outerHTML + \"<br>\" +\n                \"<b>Mayor of:<\/b> \" + mayor.city + \"<br>\" +\n                \"<b>City Population:<\/b> \" + mayor.cityPopulation + \"<br>\" +\n                \"<b>Current Term:<\/b> \" + mayor.currentTerm;\n\n            \/\/ Style cell\n            cell.style.border = '1px solid black';\n            cell.style.padding = '10px';\n            cell.style.textAlign = 'center';     \/\/ Center align content horizontally\n            cell.style.verticalAlign = 'top';    \/\/ Top align content vertically\n\n            \/\/ Add click event to select the mayor from the table\n            cell.addEventListener('click', function(mayorName) {\n                return function() {\n                    handleMayorClick(this, mayorName);\n                };\n            }(mayor.name));\n\n            row.appendChild(cell);\n        }\n        table.appendChild(row);\n    }\n\n    \/\/ Add the table to the survey question container here to ensure it is visible on the page\n    this.getQuestionContainer().appendChild(table);\n\n    \/\/ Convert the table to a string\n    var tableString = table.outerHTML;\n\n    \/\/ Save the table string as an embedded variable\n    Qualtrics.SurveyEngine.setEmbeddedData('savedTable', tableString);\n\n    \/\/ Add styles for the selected class\n    var style = document.createElement('style');\n    style.innerHTML = `\n        td.selected {\n            background-color: #ffdd99; \/* Change this to your desired highlight color *\/\n        }\n    `;\n    document.head.appendChild(style);\n});","DefaultChoices":false,"DataExportTag":"pool","QuestionType":"DB","Selector":"TB","DataVisibility":{"Private":false,"Hidden":false},"Configuration":{"QuestionDescriptionOption":"UseText"},"QuestionDescription":"Imagine that you are organizing a national summit on urban leadership. You are working to convene...","ChoiceOrder":[],"Validation":{"Settings":{"Type":"None"}},"GradingData":[],"Language":[],"NextChoiceId":4,"NextAnswerId":1,"QuestionID":"QID5"}},{"SurveyID":"SV_3jZLUQYdzXtaJCu","Element":"SQ","PrimaryAttribute":"QID9","SecondaryAttribute":"Informed Consent You are being asked to complete a survey as part of a research study about human...","TertiaryAttribute":null,"Payload":{"ChoiceOrder":[],"Configuration":{"QuestionDescriptionOption":"UseText"},"DataExportTag":"consent","DataVisibility":{"Hidden":false,"Private":false},"DefaultChoices":false,"GradingData":[],"Language":[],"NextAnswerId":1,"NextChoiceId":4,"QuestionDescription":"Informed Consent You are being asked to complete a survey as part of a research study about human...","QuestionID":"QID9","QuestionText":"<div style=\"text-align: center;\"><b>Informed Consent<\/b><\/div>\n<br>\nYou are being asked to complete a survey as part of a research study about human behavior and decision-making. Your participation in this study is entirely voluntary. If you elect to participate, you will be asked to select an advisory panel based on a pool of options. You will then be asked to answer a series of survey questions. Additional information will be provided to you during your study participation.<br>\n<br>\nThis survey should take about 3 minutes. You can withdraw from the study at any time. If you decide to withdraw from the survey, your data will be destroyed. We will not share or store any data beyond the use of this research project.<br>\n<br>\nWe will make every effort to keep all the information you tell us during the study strictly confidential, except as required by law. Worker IDs will be collected strictly on the basis of compensation. Your name and other identifying information will never be connected with the responses you provide so no one will ever be able to identify you in any publications that will result from this research. If you have questions, concerns, or complaints regarding your confidentiality or if you have any questions about your rights as a research participant, you should e-mail the researcher at josecerv@wharton.upenn.edu. If a member of the research team cannot be reached or you want to talk to someone other than those working on the study, you may contact the Office of Regulatory Affairs with any questions, concerns, or complaints at the University of Pennsylvania by calling (215) 898-2614.<br>\n<br>\nIf you agree to participate, please click the arrow to continue. Otherwise, you may close the browser or navigate away from the page.","QuestionText_Unsafe":"<div style=\"text-align: center;\"><b>Informed Consent<\/b><\/div>\n<br>\nYou are being asked to complete a survey as part of a research study about human behavior and decision-making. Your participation in this study is entirely voluntary. If you elect to participate, you will be asked to select an advisory panel based on a pool of options. You will then be asked to answer a series of survey questions. Additional information will be provided to you during your study participation.<br>\n<br>\nThis survey should take about 5 minutes. You can withdraw from the study at any time. If you decide to withdraw from the survey, your data will be destroyed. We will not share or store any data beyond the use of this research project.<br>\n<br>\nWe will make every effort to keep all the information you tell us during the study strictly confidential, except as required by law. Worker IDs will be collected strictly on the basis of compensation. Your name and other identifying information will never be connected with the responses you provide so no one will ever be able to identify you in any publications that will result from this research. If you have questions, concerns, or complaints regarding your confidentiality or if you have any questions about your rights as a research participant, you should e-mail the researcher at josecerv@wharton.upenn.edu. If a member of the research team cannot be reached or you want to talk to someone other than those working on the study, you may contact the Office of Regulatory Affairs with any questions, concerns, or complaints at the University of Pennsylvania by calling (215) 898-2614.<br>\n<br>\nIf you agree to participate, please click the arrow to continue. Otherwise, you may close the browser or navigate away from the page.","QuestionType":"DB","Selector":"TB","Validation":{"Settings":{"Type":"None"}}}},{"SurveyID":"SV_3jZLUQYdzXtaJCu","Element":"SQ","PrimaryAttribute":"QID6","SecondaryAttribute":"Please check the box below to proceed.","TertiaryAttribute":null,"Payload":{"Configuration":{"Align":"left","QuestionDescriptionOption":"UseText","Theme":"light"},"DataExportTag":"captcha","DefaultChoices":false,"GradingData":[],"Language":[],"NextAnswerId":1,"NextChoiceId":4,"QuestionDescription":"Please check the box below to proceed.","QuestionID":"QID6","QuestionText":"Please check the box below to proceed.","QuestionText_Unsafe":"Please check the box below to proceed.","QuestionType":"Captcha","Selector":"V2","QuestionJS":false,"DataVisibility":{"Private":false,"Hidden":false}}},{"SurveyID":"SV_3jZLUQYdzXtaJCu","Element":"SQ","PrimaryAttribute":"QID8","SecondaryAttribute":"Please ignore the question below and instead type in \"one one\" (exactly as shown) as your respons...","TertiaryAttribute":null,"Payload":{"Configuration":{"InputHeight":29,"InputWidth":170,"QuestionDescriptionOption":"UseText"},"DataExportTag":"ec_2","DataVisibility":{"Hidden":false,"Private":false},"DefaultChoices":false,"GradingData":[],"Language":[],"NextAnswerId":1,"NextChoiceId":4,"QuestionDescription":"Please ignore the question below and instead type in \"one one\" (exactly as shown) as your respons...","QuestionID":"QID8","QuestionText":"Please ignore the question below and instead type in \"one one\" (exactly as shown) as your response to proceed:<br><br>What is 13 + 39?<br>","QuestionText_Unsafe":"Please ignore the question below and instead type in \"one one\" (exactly as shown) as your response to proceed:<br><br>What is 13 + 39?<br>","QuestionType":"TE","SearchSource":{"AllowFreeResponse":"false"},"Selector":"SL","Validation":{"Settings":{"ForceResponse":"ON","ForceResponseType":"ON","Type":"None"}}}},{"SurveyID":"SV_3jZLUQYdzXtaJCu","Element":"SQ","PrimaryAttribute":"QID7","SecondaryAttribute":"Please respond truthfully to the items below.","TertiaryAttribute":null,"Payload":{"AnswerOrder":["1","2"],"Answers":{"1":{"Display":"Yes"},"2":{"Display":"No"}},"ChoiceDataExportTags":false,"ChoiceOrder":["1","2","3","4","5","6"],"Choices":{"1":{"Display":"Have you ever been bitten by an insect?"},"2":{"Display":"Have you ever been to Mexico?"},"3":{"Display":"Have you ever been to the Moon?"},"4":{"Display":"Have you ever drank water?"},"5":{"Display":"Have you ever suffered a fatal heart attack?"},"6":{"Display":"Are you human?"}},"Configuration":{"ChoiceColumnWidth":25,"MobileFirst":true,"QuestionDescriptionOption":"UseText","RepeatHeaders":"none","TextPosition":"inline","WhiteSpace":"OFF"},"DataExportTag":"ec_1","DataVisibility":{"Hidden":false,"Private":false},"DefaultChoices":false,"GradingData":[],"Language":[],"NextAnswerId":4,"NextChoiceId":7,"QuestionDescription":"Please respond truthfully to the items below.","QuestionID":"QID7","QuestionText":"Please respond truthfully to the items below.","QuestionText_Unsafe":"Please respond truthfully to the items below.","QuestionType":"Matrix","Randomization":{"Advanced":null,"TotalRandSubset":"","Type":"All"},"Selector":"Likert","SubSelector":"SingleAnswer","Validation":{"Settings":{"ForceResponse":"ON","ForceResponseType":"ON","Type":"None"}}}},{"SurveyID":"SV_3jZLUQYdzXtaJCu","Element":"SQ","PrimaryAttribute":"QID20","SecondaryAttribute":"Thank you for taking the survey. Please feel free to leave any comments or feedback!","TertiaryAttribute":null,"Payload":{"Configuration":{"InputHeight":65,"InputWidth":299,"QuestionDescriptionOption":"UseText"},"DataExportTag":"end","DefaultChoices":false,"GradingData":[],"Language":[],"NextAnswerId":1,"NextChoiceId":4,"QuestionDescription":"Thank you for taking the survey. Please feel free to leave any comments or feedback!","QuestionID":"QID20","QuestionText":"Thank you for taking the survey. Please feel free to leave any comments or feedback!","QuestionText_Unsafe":"Thank you for taking the survey. Please feel free to leave any comments or feedback!","QuestionType":"TE","SearchSource":{"AllowFreeResponse":"false"},"Selector":"ML","Validation":{"Settings":{"ForceResponse":"OFF","Type":"None"}},"DataVisibility":{"Private":false,"Hidden":false}}},{"SurveyID":"SV_3jZLUQYdzXtaJCu","Element":"SQ","PrimaryAttribute":"QID22","SecondaryAttribute":"Thank you for your selection. Here is the composition of the panel of mayors you\u2019ve selected :","TertiaryAttribute":null,"Payload":{"QuestionText":"Thank you for your selection.<br><br>Here is the composition of the panel of mayors you\u2019ve selected\r\n:","DefaultChoices":false,"DataExportTag":"Q22","QuestionID":"QID22","QuestionType":"DB","Selector":"TB","Configuration":{"QuestionDescriptionOption":"UseText"},"QuestionDescription":"Thank you for your selection. Here is the composition of the panel of mayors you\u2019ve selected :","ChoiceOrder":[],"Validation":{"Settings":{"Type":"None"}},"GradingData":[],"Language":[],"NextChoiceId":4,"NextAnswerId":1,"QuestionJS":"Qualtrics.SurveyEngine.addOnReady(function () {\n    \/\/ Retrieve the condition\n    var condition = \"${e:\/\/Field\/cond}\";\n\n    \/\/ Define categories\n    var categories = {\n        racialMinorities: [\"Black\", \"Hispanic\"],\n        secondTerm: \"Second\",\n        largeCities: 1000000 \/\/ Population threshold\n    };\n\n    \/\/ Retrieve final choices\n    var final_choices = [];\n    for (var i = 1; i <= 6; i++) {\n        final_choices.push(Qualtrics.SurveyEngine.getEmbeddedData('choice-' + i));\n    }\n\tconsole.log(final_choices);\n\n    \/\/ Prepare a dictionary to hold the count for each category\n    var countDict = {\n        minorities: 0,\n        secondTerm: 0,\n        largeCities: 0\n    };\n\n    \/\/ Define the raw data with mayoral attributes and include states\n    \/\/ Updated mayor data from the provided CSV\n var mayors = [\n    { name: \"Cherelle Parker\", photo: \"https:\/\/gridphilly.com\/wp-content\/uploads\/2023\/11\/cherelle-parker.png\", city: \"Philadelphia, PA\", cityPopulation: \"1.56M\", currentTerm: \"First\", race: \"Black\" },\n    { name: \"Eric Adams\", photo: \"https:\/\/upload.wikimedia.org\/wikipedia\/commons\/thumb\/f\/f2\/Deputy_Prime_Minister_Oliver_Dowden_visit_to_USA_and_UNGA_%2853202338814%29_%28cropped%29.jpg\/220px-Deputy_Prime_Minister_Oliver_Dowden_visit_to_USA_and_UNGA_%2853202338814%29_%28cropped%29.jpg\", city: \"New York City, NY\", cityPopulation: \"8.336M\", currentTerm: \"First\", race: \"Black\" },\n    { name: \"Justin Bibb\", photo: \"https:\/\/www.clevelandohio.gov\/sites\/clevelandohio\/files\/2023-07\/MayorBibb%20WEB%20only%207187.jpeg\", city: \"Cleveland, OH\", cityPopulation: \"361,607\", currentTerm: \"First\", race: \"Black\" },\n    { name: \"London Breed\", photo: \"https:\/\/t3.gstatic.com\/licensed-image?q=tbn:ANd9GcTWjdJXnN3OAt8VEsxZDRzEjEXiSqi4GEiFB8H7h1gUdPfEAnZIa8zyXauPZtsxykzB\", city: \"San Francisco, CA\", cityPopulation: \"808,437\", currentTerm: \"Second\", race: \"Black\" },\n    { name: \"Karen Bass\", photo: \"https:\/\/upload.wikimedia.org\/wikipedia\/commons\/thumb\/2\/26\/Mayor_Karen_Bass_official_portrait_%28alt_crop%29.jpg\/200px-Mayor_Karen_Bass_official_portrait_%28alt_crop%29.jpg\", city: \"Los Angeles, CA\", cityPopulation: \"3,822,238\", currentTerm: \"First\", race: \"Black\" },\n    { name: \"Brandon Johnson\", photo: \"https:\/\/upload.wikimedia.org\/wikipedia\/commons\/thumb\/0\/00\/Brandon_Johnson_with_Byron_Sigcho-Lopez_%28alt_crop%29.jpg\/200px-Brandon_Johnson_with_Byron_Sigcho-Lopez_%28alt_crop%29.jpg\", city: \"Chicago, IL\", cityPopulation: \"2,665,039\", currentTerm: \"First\", race: \"Black\" },\n    { name: \"Todd Gloria\", photo: \"https:\/\/upload.wikimedia.org\/wikipedia\/commons\/thumb\/3\/3a\/Todd_Gloria_2022_%28cropped%29.jpg\/200px-Todd_Gloria_2022_%28cropped%29.jpg\", city: \"San Diego, CA\", cityPopulation: \"1,381,162\", currentTerm: \"First\", race: \"Hispanic\" },\n    { name: \"Eric Johnson\", photo: \"https:\/\/upload.wikimedia.org\/wikipedia\/commons\/thumb\/0\/07\/L-21-06-10-A-312_%2851239403937%29_%28cropped%29.jpg\/200px-L-21-06-10-A-312_%2851239403937%29_%28cropped%29.jpg\", city: \"Dallas, TX\", cityPopulation: \"1,299,544\", currentTerm: \"Second\", race: \"Black\" },\n    { name: \"Vi Lyles\", photo: \"https:\/\/upload.wikimedia.org\/wikipedia\/commons\/thumb\/f\/fa\/Vi_Lyles_2019.jpg\/200px-Vi_Lyles_2019.jpg\", city: \"Charlotte, NC\", cityPopulation: \"897,720\", currentTerm: \"Third\", race: \"Black\" },\n    { name: \"Victoria Woodards\", photo: \"https:\/\/encrypted-tbn3.gstatic.com\/images?q=tbn:ANd9GcQRswUgHtj5fQzYUaqYUxhMmnqEH6fG4BSxc-Isc4gILyH9stt-\", city: \"Tacoma, WA\", cityPopulation: \"221,776\", currentTerm: \"Second\", race: \"Black\" },\n    { name: \"LaToya Cantrell\", photo: \"https:\/\/wharton.yul1.qualtrics.com\/ControlPanel\/Graphic.php?IM=IM_x4t6zLtcCrAe9jw\", city: \"New Orleans, LA\", cityPopulation: \"376,971\", currentTerm: \"Second\", race: \"Black\" },\n    { name: \"Yadira Ramos-Herbert\", photo: \"https:\/\/wharton.yul1.qualtrics.com\/ControlPanel\/Graphic.php?IM=IM_K9IeBNeU4DOkBv3\", city: \"New Rochelle, NY\", cityPopulation: \"82,288\", currentTerm: \"First\", race: \"Hispanic\" },\n    { name: \"Francis Suarez\", photo: \"https:\/\/upload.wikimedia.org\/wikipedia\/commons\/thumb\/8\/8d\/Francis_Suarez_by_Gage_Skidmore_%28cropped%29.jpg\/200px-Francis_Suarez_by_Gage_Skidmore_%28cropped%29.jpg\", city: \"Miami, FL\", cityPopulation: \"449,514\", currentTerm: \"Second\", race: \"Hispanic\" },\n    { name: \"Rex Richardson\", photo: \"https:\/\/upload.wikimedia.org\/wikipedia\/commons\/thumb\/b\/b8\/Rex_Richardson_Portrait_%28cropped%29.jpg\/200px-Rex_Richardson_Portrait_%28cropped%29.jpg\", city: \"Long Beach, CA\", cityPopulation: \"451,307\", currentTerm: \"First\", race: \"Black\" },\n    { name: \"Yemi Mobolade\", photo: \"https:\/\/upload.wikimedia.org\/wikipedia\/commons\/thumb\/1\/1d\/Yemi_Mobolade_%2853154219482%29_%28cropped%29.jpg\/440px-Yemi_Mobolade_%2853154219482%29_%28cropped%29.jpg\", city: \"Colorado Springs, CO\", cityPopulation: \"486,248\", currentTerm: \"First\", race: \"Black\" },\n    { name: \"Andre Dickens\", photo: \"https:\/\/upload.wikimedia.org\/wikipedia\/commons\/thumb\/b\/bf\/Andre_Dickens_%28cropped%29.jpg\/200px-Andre_Dickens_%28cropped%29.jpg\", city: \"Atlanta, GA\", cityPopulation: \"499,127\", currentTerm: \"First\", race: \"Black\" },\n    { name: \"Regina Romero\", photo: \"https:\/\/upload.wikimedia.org\/wikipedia\/commons\/thumb\/e\/ea\/Regina_Romero_-_2020_01_%28cropped%29.jpg\/200px-Regina_Romero_-_2020_01_%28cropped%29.jpg\", city: \"Tucson, AZ\", cityPopulation: \"546,574\", currentTerm: \"First\", race: \"Hispanic\" },\n    { name: \"Quinton Lucas\", photo: \"https:\/\/upload.wikimedia.org\/wikipedia\/commons\/thumb\/b\/b3\/Quinton_Lucas_at_Downtown_Airport_Renaming_2_%286717577%29_%28cropped%29_%28cropped%29.jpg\/200px-Quinton_Lucas_at_Downtown_Airport_Renaming_2_%286717577%29_%28cropped%29_%28cropped%29.jpg\", city: \"Kansas City, MO\", cityPopulation: \"509,297\", currentTerm: \"Second\", race: \"Black\" },\n    { name: \"Cavalier Johnson\", photo: \"https:\/\/upload.wikimedia.org\/wikipedia\/commons\/thumb\/c\/ce\/P20220905AS-000002_%2852516571827%29_%28alt_crop%29.jpg\/200px-P20220905AS-000002_%2852516571827%29_%28alt_crop%29.jpg\", city: \"Milwaukee, WI\", cityPopulation: \"563,305\", currentTerm: \"First\", race: \"Black\" },\n    { name: \"John Whitmire\", photo: \"https:\/\/upload.wikimedia.org\/wikipedia\/commons\/thumb\/b\/b2\/John_Whitmire_in_2023.png\/200px-John_Whitmire_in_2023.png\", city: \"Houston, TX\", cityPopulation: \"2,302,878\", currentTerm: \"First\", race: \"Non-URM\" },\n    { name: \"Kate Gallego\", photo: \"https:\/\/upload.wikimedia.org\/wikipedia\/commons\/thumb\/e\/e4\/Kate_Gallego_by_Gage_Skidmore_3_%28cropped%29.jpg\/200px-Kate_Gallego_by_Gage_Skidmore_3_%28cropped%29.jpg\", city: \"Phoenix, AZ\", cityPopulation: \"1,644,409\", currentTerm: \"Second\", race: \"Non-URM\" },\n    { name: \"Donna Deegan\", photo: \"https:\/\/upload.wikimedia.org\/wikipedia\/commons\/thumb\/4\/4d\/Deegan_Donna-3327b_%28cropped%29.jpg\/200px-Deegan_Donna-3327b_%28cropped%29.jpg\", city: \"Jacksonville, FL\", cityPopulation: \"1,016,536\", currentTerm: \"First\", race: \"Non-URM\" },\n    { name: \"Mattie Parker\", photo: \"https:\/\/www.txdirectory.com\/files\/photo\/per67748.jpg\", city: \"Fort Worth, TX\", cityPopulation: \"956,709\", currentTerm: \"First\", race: \"Non-URM\" },\n    { name: \"Andrew Ginther\", photo: \"https:\/\/thenewamericansmag.com\/wp-content\/uploads\/2018\/07\/Mayor-andrew-Ginther.jpg\", city: \"Columbus, OH\", cityPopulation: \"907,971\", currentTerm: \"Second\", race: \"Non-URM\" },\n    { name: \"Craig Greenberg\", photo: \"https:\/\/upload.wikimedia.org\/wikipedia\/commons\/d\/d4\/Louisville_mayor_and_mandala_%28cropped%29_%28cropped%29.jpg\", city: \"Louisville, KY\", cityPopulation: \"773,399\", currentTerm: \"First\", race: \"Non-URM\" },\n    { name: \"Carolyn Goodman\", photo: \"https:\/\/upload.wikimedia.org\/wikipedia\/commons\/thumb\/4\/47\/Carolyn_Goodman_%2841810757042%29_%28cropped%29.jpg\/200px-Carolyn_Goodman_%2841810757042%29_%28cropped%29.jpg\", city: \"Las Vegas, NV\", cityPopulation: \"656,274\", currentTerm: \"Third\", race: \"Non-URM\" },\n    { name: \"Ted Wheeler\", photo: \"https:\/\/upload.wikimedia.org\/wikipedia\/commons\/thumb\/d\/d1\/180421-N-UK248-023_%2841616137742%29_%28cropped%29.jpg\/200px-180421-N-UK248-023_%2841616137742%29_%28cropped%29.jpg\", city: \"Portland, OR\", cityPopulation: \"635,067\", currentTerm: \"Second\", race: \"Non-URM\" },\n    { name: \"Jane Castor\", photo: \"https:\/\/upload.wikimedia.org\/wikipedia\/commons\/thumb\/1\/1e\/Mayor_Jane_Castor_-Tampa_%28cropped%29.jpeg\/200px-Mayor_Jane_Castor_-Tampa_%28cropped%29.jpeg\", city: \"Tampa, FL\", cityPopulation: \"398,173\", currentTerm: \"First\", race: \"Non-URM\" },\n    { name: \"G.T. Bynum\", photo: \"https:\/\/encrypted-tbn3.gstatic.com\/images?q=tbn:ANd9GcSTuJs8Oax3zL8yyFKKNwAjuRwFdLvuz-APOZLF9ZUAvUB7Fa_S\", city: \"Tulsa, OK\", cityPopulation: \"411,867\", currentTerm: \"Second\", race: \"Non-URM\" },\n    { name: \"Jacob Frey\", photo: \"https:\/\/upload.wikimedia.org\/wikipedia\/commons\/thumb\/3\/3a\/Jacob_Frey_at_Nicollet_Mall_reopening_2017-11-16_-_1.jpg\/200px-Jacob_Frey_at_Nicollet_Mall_reopening_2017-11-16_-_1.jpg\", city: \"Minneapolis, MN\", cityPopulation: \"425,096\", currentTerm: \"Second\", race: \"Non-URM\" },\n    { name: \"Bobby Dyer\", photo: \"https:\/\/upload.wikimedia.org\/wikipedia\/commons\/thumb\/c\/c2\/NAS_Oceana_Thanks_City_of_Virginia_Beach_%281%29_%28alt_crop%29.jpg\/200px-NAS_Oceana_Thanks_City_of_Virginia_Beach_%281%29_%28alt_crop%29.jpg\", city: \"Virginia Beach, VA\", cityPopulation: \"455,618\", currentTerm: \"Second\", race: \"Non-URM\" },\n    { name: \"Mary-Ann Baldwin\", photo: \"https:\/\/upload.wikimedia.org\/wikipedia\/commons\/thumb\/4\/49\/Mary_Ann_Baldwin_%28cropped%29.jpg\/200px-Mary_Ann_Baldwin_%28cropped%29.jpg\", city: \"Raleigh, NC\", cityPopulation: \"476,587\", currentTerm: \"First\", race: \"Non-URM\" },\n    { name: \"Jean Stothert\", photo: \"https:\/\/upload.wikimedia.org\/wikipedia\/commons\/thumb\/2\/26\/Jean_Stothert_2020_%28cropped%29.jpg\/200px-Jean_Stothert_2020_%28cropped%29.jpg\", city: \"Omaha, NE\", cityPopulation: \"485,153\", currentTerm: \"Third\", race: \"Non-URM\" },\n    { name: \"Mike Duggan\", photo: \"https:\/\/upload.wikimedia.org\/wikipedia\/commons\/thumb\/d\/d2\/Mike_Duggan_%2852345819381%29_%281%29.jpg\/440px-Mike_Duggan_%2852345819381%29_%281%29.jpg\", city: \"Detroit, MI\", cityPopulation: \"620,376\", currentTerm: \"Third\", race: \"Non-URM\" },\n    { name: \"Steven Fulop\", photo: \"https:\/\/upload.wikimedia.org\/wikipedia\/commons\/thumb\/1\/15\/Steven_Fulop_Ward_E_Councilman_in_Jersey_City_New_Jersey_circa_2012.jpg\/200px-Steven_Fulop_Ward_E_Councilman_in_Jersey_City_New_Jersey_circa_2012.jpg\", city: \"Jersey City, NJ\", cityPopulation: \"286,670\", currentTerm: \"Third\", race: \"Non-URM\" },\n    { name: \"Freddi O'Connell\", photo: \"https:\/\/www.tennessean.com\/gcdn\/presto\/2023\/05\/06\/PNAS\/ae121454-1e87-40f5-b68d-15cae2de9d21-021923_FreddieOConnell_Headshot2.jpg\", city: \"Nashville, TN\", cityPopulation: \"689,447\", currentTerm: \"First\", race: \"Non-URM\" },\n    { name: \"Buddy Dyer\", photo: \"https:\/\/upload.wikimedia.org\/wikipedia\/commons\/9\/9e\/Buddy_Dyer.jpg\", city: \"Orlando, FL\", cityPopulation: \"316,081\", currentTerm: \"Five\", race: \"Non-URM\" },\n    { name: \"Rick Blangiardi\", photo: \"https:\/\/upload.wikimedia.org\/wikipedia\/commons\/thumb\/2\/29\/2022-1026-smithsonian-apac-rick-blangiardi.jpg\/675px-2022-1026-smithsonian-apac-rick-blangiardi.jpg\", city: \"Honolulu, HI\", cityPopulation: \"350,964\", currentTerm: \"First\", race: \"Non-URM\" },\n    { name: \"Beth Weldon\", photo: \"https:\/\/mm.aiircdn.com\/258\/5c4b7600d2f95.jpg\", city: \"Juneau, AK\", cityPopulation: \"31,685\", currentTerm: \"Second\", race: \"Non-URM\" },\n    \/\/ Additional Mayors\n    { name: \"Keith James\", photo: \"https:\/\/www.wpb.org\/home\/showpublishedimage\/11744\/638290712126270000\", city: \"West Palm Beach, FL\", cityPopulation: \"120,932\", currentTerm: \"Second\", race: \"Black\" },\n    { name: \"Shawyn Patterson-Howard\", photo: \"https:\/\/westchestermagazine.com\/wp-content\/uploads\/2023\/10\/MAYOR-SPH.jpg\", city: \"Mount Vernon, NY\", cityPopulation: \"71,714\", currentTerm: \"Second\", race: \"Black\" },\n    { name: \"Tishaura Jones\", photo: \"https:\/\/www.stlouis-mo.gov\/government\/departments\/mayor\/images\/tishaurawhite-1_2.jpg\", city: \"St. Louis, MO\", cityPopulation: \"286,578\", currentTerm: \"First\", race: \"Black\" },\n    { name: \"Joe Hogsett\", photo: \"https:\/\/s3.amazonaws.com\/ballotpedia-api4\/files\/thumbs\/200\/300\/JosephHogsett.jpg\", city: \"Indianapolis, IN\", cityPopulation: \"880,621\", currentTerm: \"Third\", race: \"Non-URM\" },\n \t{ name: \"Mike Johnston\", photo: \"https:\/\/upload.wikimedia.org\/wikipedia\/commons\/thumb\/d\/d7\/Michael_Johnston_%28cropped%29.jpg\/330px-Michael_Johnston_%28cropped%29.jpg\", city: \"Denver, CO\", cityPopulation: \"713,252\", currentTerm: \"First\", race: \"Non-URM\" },\n    { name: \"Ron Nirenberg\", photo: \"https:\/\/guardianhouse.org\/wp-content\/uploads\/2018\/03\/Mayor-Ron-Nirenberg.jpg\", city: \"San Antonio, TX\", cityPopulation: \"1,473,000\", currentTerm: \"Fourth\", race: \"Non-URM\" }\n];\n\n\n    \/\/ Function to find the population number from the population string\n    function parsePopulation(populationString) {\n        return parseFloat(populationString.replace(\/[^0-9.]\/g, \"\"));\n    }\n\n    \/\/ Calculate counts for each category based on final choices\n    for (var i = 0; i < final_choices.length; i++) {\n        for (var j = 0; j < mayors.length; j++) {\n            if (final_choices[i] === mayors[j].name) {\n                if (categories.racialMinorities.includes(mayors[j].race)) {\n                    countDict.minorities++;\n                }\n                if (mayors[j].currentTerm === categories.secondTerm) {\n                    countDict.secondTerm++;\n                }\n                if (parsePopulation(mayors[j].cityPopulation) > categories.largeCities) {\n                    countDict.largeCities++;\n                }\n            }\n        }\n    }\n\n    \/\/ Calculate the percentage for each category\n    var percentages = {\n        minorities: Math.round((countDict.minorities \/ 6) * 100),\n        secondTerm: Math.round((countDict.secondTerm \/ 6) * 100),\n        largeCities: Math.round((countDict.largeCities \/ 6) * 100)\n    };\n\n    \/\/ Prepare the feedback items\n    var feedbackItems = [];\n    if (condition === 'treat') {\n        feedbackItems.push(percentages.minorities + \"% are racial minorities\");\n        feedbackItems.push(percentages.secondTerm + \"% are in their second term\");\n        feedbackItems.push(percentages.largeCities + \"% oversee a city of over 1 million people\");\n    } else if (condition === 'control') {\n        feedbackItems.push(percentages.secondTerm + \"% are in their second term\");\n        feedbackItems.push(percentages.largeCities + \"% oversee a city of over 1 million people\");\n    }\n\n    \/\/ Function to shuffle an array\n    function shuffle(array) {\n        for (let i = array.length - 1; i > 0; i--) {\n            const j = Math.floor(Math.random() * (i + 1));\n            [array[i], array[j]] = [array[j], array[i]];\n        }\n    }\n\n    \/\/ Shuffle the feedback items\n    shuffle(feedbackItems);\n\n    \/\/ Prepare the feedback text\n    var feedbackText = \"<ul style='font-size: 18px; margin-top: 0px;'>\";\n    for (var i = 0; i < feedbackItems.length; i++) {\n        feedbackText += \"<li>\" + feedbackItems[i] + \"<\/li>\";\n    }\n    feedbackText += \"<\/ul>\";\n\n    \/\/ Add the feedback to the question container\n    this.getQuestionContainer().innerHTML += feedbackText;\n\n    \/\/ Save the feedback text in an embedded data field\n    Qualtrics.SurveyEngine.setEmbeddedData('feedbackText', feedbackText);\n});\n\nQualtrics.SurveyEngine.addOnReady(function() {\n    \/*Place your JavaScript here to run when the page is fully displayed*\/\n});\n\nQualtrics.SurveyEngine.addOnUnload(function() {\n    \/*Place your JavaScript here to run when the page is unloaded*\/\n});","DataVisibility":{"Private":false,"Hidden":false}}},{"SurveyID":"SV_3jZLUQYdzXtaJCu","Element":"SQ","PrimaryAttribute":"QID10","SecondaryAttribute":"Thank you for your selections. We just have a few more questions.","TertiaryAttribute":null,"Payload":{"ChoiceOrder":[],"Configuration":{"QuestionDescriptionOption":"UseText"},"DataExportTag":"Q23","DataVisibility":{"Hidden":false,"Private":false},"DefaultChoices":false,"GradingData":[],"Language":[],"NextAnswerId":1,"NextChoiceId":4,"QuestionDescription":"Thank you for your selections. We just have a few more questions.","QuestionID":"QID10","QuestionText":"Thank you for your selections. We just have a few more questions.<br>","QuestionText_Unsafe":"Thank you. In the following section please answer the question to the best of your ability.<br>","QuestionType":"DB","Selector":"TB","Validation":{"Settings":{"Type":"None"}}}},{"SurveyID":"SV_3jZLUQYdzXtaJCu","Element":"SQ","PrimaryAttribute":"QID12","SecondaryAttribute":"Thank you. We have a few more questions for you about your panel decision.","TertiaryAttribute":null,"Payload":{"ChoiceOrder":[],"Configuration":{"QuestionDescriptionOption":"UseText"},"DataExportTag":"Q32","DataVisibility":{"Hidden":false,"Private":false},"DefaultChoices":false,"GradingData":[],"Language":[],"NextAnswerId":1,"NextChoiceId":4,"QuestionDescription":"Thank you. We have a few more questions for you about your panel decision.","QuestionID":"QID12","QuestionText":"Thank you. We have a few more questions for you about your panel decision.","QuestionText_Unsafe":"Thank you. We have a few more questions for you about your panel decision.","QuestionType":"DB","Selector":"TB","Validation":{"Settings":{"Type":"None"}}}},{"SurveyID":"SV_3jZLUQYdzXtaJCu","Element":"SQ","PrimaryAttribute":"QID16","SecondaryAttribute":"What is the highest level of school you have completed or the highest degree you have received? ","TertiaryAttribute":null,"Payload":{"ChoiceOrder":[1,2,3,4,5,6],"Choices":{"1":{"Display":"Less than high school degree"},"2":{"Display":"High school graduate (high school diploma or equivalent including GED)"},"3":{"Display":"Some college but no degree"},"4":{"Display":"Associate degree in college (2-year)"},"5":{"Display":"Bachelor's degree in college (4-year)"},"6":{"Display":"Advanced degree (Masters, PhD, MD, JD, etc.)"}},"Configuration":{"QuestionDescriptionOption":"UseText"},"DataExportTag":"edu","DataVisibility":{"Hidden":false,"Private":false},"Language":[],"NextAnswerId":1,"NextChoiceId":9,"QuestionDescription":"What is the highest level of school you have completed or the highest degree you have received? ","QuestionID":"QID16","QuestionText":"What is the highest level of school you have completed or the highest degree you have received?&nbsp;","QuestionText_Unsafe":"What is the highest level of school you have completed or the highest degree you have received?&nbsp;","QuestionType":"MC","RecodeValues":{"1":"1","2":"2","3":"3","4":"4","5":"5","6":"6"},"Selector":"SAVR","SubSelector":"TX","Validation":{"Settings":{"ForceResponse":"ON","ForceResponseType":"ON","Type":"None"}}}},{"SurveyID":"SV_3jZLUQYdzXtaJCu","Element":"SQ","PrimaryAttribute":"QID13","SecondaryAttribute":"What is your age?","TertiaryAttribute":null,"Payload":{"Configuration":{"InputHeight":29,"InputWidth":160,"QuestionDescriptionOption":"UseText"},"DataExportTag":"age","DefaultChoices":false,"GradingData":[],"Language":[],"NextAnswerId":1,"NextChoiceId":4,"QuestionDescription":"What is your age?","QuestionID":"QID13","QuestionText":"What is your age?","QuestionText_Unsafe":"What is your age?","QuestionType":"TE","SearchSource":{"AllowFreeResponse":"false"},"Selector":"SL","Validation":{"Settings":{"ContentType":"ValidNumber","ForceResponse":"ON","ForceResponseType":"ON","MinChars":"1","Type":"ContentType","ValidDateType":"DateWithFormat","ValidNumber":{"Max":"100","Min":"17","NumDecimals":"0"},"ValidPhoneType":"ValidUSPhone","ValidZipType":"ValidUSZip"}}}},{"SurveyID":"SV_3jZLUQYdzXtaJCu","Element":"SQ","PrimaryAttribute":"QID14","SecondaryAttribute":"What is your gender?","TertiaryAttribute":null,"Payload":{"ChoiceOrder":["1","2","3","4"],"Choices":{"1":{"Display":"Woman"},"2":{"Display":"Man"},"3":{"Display":"Non-binary"},"4":{"Display":"Another gender not listed here:","TextEntry":"true"}},"Configuration":{"QuestionDescriptionOption":"UseText"},"DataExportTag":"gender","DataVisibility":{"Hidden":false,"Private":false},"DefaultChoices":false,"GradingData":[],"Language":[],"NextAnswerId":1,"NextChoiceId":5,"QuestionDescription":"What is your gender?","QuestionID":"QID14","QuestionText":"What is your gender?","QuestionText_Unsafe":"What is your gender?","QuestionType":"MC","RecodeValues":{"1":"1","2":"2","3":"3","4":"4"},"Selector":"SAVR","SubSelector":"TX","Validation":{"Settings":{"ForceResponse":"ON","ForceResponseType":"ON","Type":"None"}}}},{"SurveyID":"SV_3jZLUQYdzXtaJCu","Element":"SQ","PrimaryAttribute":"QID17","SecondaryAttribute":"What was your total household income before taxes during the past 12 months?","TertiaryAttribute":null,"Payload":{"ChoiceOrder":[1,2,3,4,5,6,7],"Choices":{"1":{"Display":"Less than $25,000"},"2":{"Display":"$25,000-$49,999"},"3":{"Display":"$50,000-$74,999"},"4":{"Display":"$75,000-$99,999"},"5":{"Display":"$100,000-$149,999"},"6":{"Display":"$150,000 or more"},"7":{"Display":"Prefer not to say"}},"Configuration":{"QuestionDescriptionOption":"UseText"},"DataExportTag":"income","DataVisibility":{"Hidden":false,"Private":false},"DefaultChoices":false,"Language":{"DE":{"Choices":{"1":{"Display":"Unter 25.000 US-Dollar"},"2":{"Display":"25.000 - 49.999 Dollar"},"3":{"Display":"50.000 - 74.999 US-Dollar"},"4":{"Display":"75.000 - 99.999 US-Dollar"},"5":{"Display":"100.000 - 149.999 US-Dollar"},"6":{"Display":"150.000 US-Dollar oder mehr"},"7":{"Display":"Keine Angabe"}},"QuestionText":"Wie hoch war das Gesamteinkommen Ihres Haushalts vor Steuern in den letzten 12 Monaten?"},"EN-GB":{"Choices":{"1":{"Display":"Less than $25,000"},"2":{"Display":"$25,000-$49,999"},"3":{"Display":"$50,000-$74,999"},"4":{"Display":"$75,000-$99,999"},"5":{"Display":"$100,000-$149,999"},"6":{"Display":"$150,000 or more"},"7":{"Display":"Prefer not to say"}},"QuestionText":"What was your total household income before taxes during the past 12 months?"},"ES":{"Choices":{"1":{"Display":"Menos de 25.000 d\u00f3lares"},"2":{"Display":"25.000 - 49.999 d\u00f3lares"},"3":{"Display":"Entre 50.000 y 74.999 d\u00f3lares"},"4":{"Display":"Entre 75.000 y 99.999 d\u00f3lares"},"5":{"Display":"Entre 100.000 y 149.999 d\u00f3lares"},"6":{"Display":"150.000 d\u00f3lares o m\u00e1s"},"7":{"Display":"Prefiero no decirlo"}},"QuestionText":"\u00bfA cu\u00e1nto ascienden sus ingresos dom\u00e9sticos totales antes de impuestos de los \u00faltimos 12 meses?"},"ES-ES":{"Choices":{"1":{"Display":"Menos de 25 000 USD"},"2":{"Display":"25 000-49 999 USD"},"3":{"Display":"50 000-74 999 USD"},"4":{"Display":"75 000-99 999 USD"},"5":{"Display":"100 000-149 999 USD"},"6":{"Display":"150 000 USD o m\u00e1s"},"7":{"Display":"Prefiero no decirlo"}},"QuestionText":"\u00bfCu\u00e1les fueron los ingresos brutos anuales de su hogar durante los \u00faltimos 12 meses?"},"FR":{"Choices":{"1":{"Display":"Moins de 25\u00a0000\u00a0$"},"2":{"Display":"25\u00a0000\u00a0$-49\u00a0999\u00a0$"},"3":{"Display":"50\u00a0000\u00a0\u20ac-74\u00a0999\u00a0\u20ac"},"4":{"Display":"75\u00a0000\u00a0\u20ac-99\u00a0999\u00a0\u20ac"},"5":{"Display":"100\u00a0000\u00a0\u20ac-149\u00a0999\u00a0\u20ac"},"6":{"Display":"150\u00a0000\u00a0\u20ac ou plus"},"7":{"Display":"Ne souhaite pas r\u00e9pondre"}},"QuestionText":"Quel \u00e9tait le revenu total de votre m\u00e9nage (avant imp\u00f4t) au cours des 12\u00a0derniers mois\u00a0?"},"IT":{"Choices":{"1":{"Display":"Inferiore a $ 25.000"},"2":{"Display":"25.000 $ - 49.999 $"},"3":{"Display":"50.000 $ - 74.999 $"},"4":{"Display":"75.000 $ -99.999 $"},"5":{"Display":"100.000 $ - 149.999 $"},"6":{"Display":"$150.000 o superiore"},"7":{"Display":"Preferisco non dirlo"}},"QuestionText":"Qual \u00e8 stato il tuo reddito familiare complessivo prima delle tasse durante gli ultimi 12 mesi?"},"JA":{"Choices":{"1":{"Display":"$25,000\u672a\u6e80"},"2":{"Display":"$25,000\u304b\u3089$49,999"},"3":{"Display":"$50,000\u304b\u3089$74,999"},"4":{"Display":"$75,000\u304b\u3089$99,999"},"5":{"Display":"$100,000\u304b\u3089$149,999"},"6":{"Display":"$150,000\u4ee5\u4e0a"},"7":{"Display":"\u56de\u7b54\u3057\u305f\u304f\u306a\u3044"}},"QuestionText":"\u904e\u53bb12\u30ab\u6708\u9593\u306e\u5408\u8a08\u4e16\u5e2f\u53ce\u5165\uff08\u7a0e\u8fbc\u307f\uff09\u3092\u304a\u7b54\u3048\u304f\u3060\u3055\u3044\u3002"},"KO":{"Choices":{"1":{"Display":"$25,000 \ubbf8\ub9cc"},"2":{"Display":"$25,000~$49,999"},"3":{"Display":"$50,000~$74,999"},"4":{"Display":"$75,000~$99,999"},"5":{"Display":"$100,000~$149,999"},"6":{"Display":"$150,000 \uc774\uc0c1"},"7":{"Display":"\uc5b8\uae09 \uc548 \ud568"}},"QuestionText":"\uc9c0\ub09c 12\uac1c\uc6d4 \ub3d9\uc548 \uadc0\ud558\uc758 \uc138\uc804 \ucd1d \uac00\uacc4\uc18c\ub4dd\uc740 \uc5bc\ub9c8\uc785\ub2c8\uae4c?"},"NL":{"Choices":{"1":{"Display":"Minder dan $ 25.000"},"2":{"Display":"$ 25.000 - $ 49.999"},"3":{"Display":"$50.000 - $74.999"},"4":{"Display":"$75.000 - $99.999"},"5":{"Display":"$100.000 - $149.999"},"6":{"Display":"$ 150.000 of meer"},"7":{"Display":"Ik antwoord liever niet"}},"QuestionText":"Wat was uw totale bruto gezinsinkomen in de afgelopen twaalf maanden?"},"PT-BR":{"Choices":{"1":{"Display":"Menos de US$ 25.000"},"2":{"Display":"$25.000-$49.999"},"3":{"Display":"US$ 50.000 a US$ 74.999"},"4":{"Display":"US$ 75.000 a US$ 99.999"},"5":{"Display":"US$ 100.000 a US$ 149.999"},"6":{"Display":"$150.000 ou mais"},"7":{"Display":"Prefiro n\u00e3o dizer"}},"QuestionText":"Qual foi sua renda familiar total sem impostos nos \u00faltimos 12 meses?"},"ZH-S":{"Choices":{"1":{"Display":"\u4f4e\u4e8e $25,000"},"2":{"Display":"$25,000-$49,999"},"3":{"Display":"$50,000-$74,999"},"4":{"Display":"$75,000-$99,999"},"5":{"Display":"$100,000-$149,999"},"6":{"Display":"$150,000 \u6216\u4ee5\u4e0a"},"7":{"Display":"\u4fdd\u5bc6"}},"QuestionText":"\u60a8\u8fc7\u53bb 12 \u4e2a\u6708\u7684\u7a0e\u524d\u5bb6\u5ead\u603b\u6536\u5165\u662f\u591a\u5c11\uff1f"},"ZH-T":{"Choices":{"1":{"Display":"\u4f4e\u65bc 25,000 \u7f8e\u5143"},"2":{"Display":"$25,000-$49,999"},"3":{"Display":"50,000 - 74,999 \u7f8e\u5143"},"4":{"Display":"75,000 - 99,999 \u7f8e\u5143"},"5":{"Display":"100,000 - 149,999 \u7f8e\u5143"},"6":{"Display":"150,000 \u7f8e\u5143\u4ee5\u4e0a"},"7":{"Display":"\u4e0d\u9858\u900f\u9732"}},"QuestionText":"\u60a8\u904e\u53bb 12 \u500b\u6708\u7684\u7a05\u524d\u5bb6\u5ead\u7e3d\u6536\u5165\u662f\uff1f"}},"NextAnswerId":1,"NextChoiceId":8,"QuestionDescription":"What was your total household income before taxes during the past 12 months?","QuestionID":"QID17","QuestionText":"What was your total household income before taxes during the past 12 months?","QuestionText_Unsafe":"What was your total household income before taxes during the past 12 months?","QuestionType":"MC","Selector":"SAVR","SubSelector":"TX","Validation":{"Settings":{"ForceResponse":"ON","ForceResponseType":"ON","Type":"None"}}}},{"SurveyID":"SV_3jZLUQYdzXtaJCu","Element":"SQ","PrimaryAttribute":"QID11","SecondaryAttribute":"What were your goals in selecting the seventh mayor?","TertiaryAttribute":null,"Payload":{"Configuration":{"InputHeight":84,"InputWidth":400,"QuestionDescriptionOption":"UseText"},"DataExportTag":"goals","DataVisibility":{"Hidden":false,"Private":false},"DefaultChoices":false,"GradingData":[],"Language":[],"NextAnswerId":1,"NextChoiceId":4,"QuestionDescription":"What were your goals in selecting the seventh mayor?","QuestionID":"QID11","QuestionText":"What were your goals in selecting the seventh mayor?","QuestionText_Unsafe":"What were your goals in selecting the seventh panelist?","QuestionType":"TE","SearchSource":{"AllowFreeResponse":"false"},"Selector":"ML","Validation":{"Settings":{"ForceResponse":"ON","ForceResponseType":"ON","Type":"None"}}}},{"SurveyID":"SV_3jZLUQYdzXtaJCu","Element":"SQ","PrimaryAttribute":"QID18","SecondaryAttribute":"Which of the following industries most closely matches the one in which you are employed?","TertiaryAttribute":null,"Payload":{"ChoiceOrder":[1,2,3,4,5,6,7,8,9,10,11,12,13,14,15,16,17,18,19,20],"Choices":{"1":{"Display":"Forestry, fishing, hunting or agriculture support"},"10":{"Display":"Educational services"},"11":{"Display":"Wholesale trade"},"12":{"Display":"Health care or social assistance"},"13":{"Display":"Retail trade"},"14":{"Display":"Arts, entertainment or recreation"},"15":{"Display":"Transportation or warehousing"},"16":{"Display":"Accommodation or food services"},"17":{"Display":"Information"},"18":{"Display":"Other services (except public administration)"},"19":{"Display":"Finance or insurance"},"2":{"Display":"Real estate or rental and leasing"},"20":{"Display":"Unclassified establishments"},"3":{"Display":"Mining"},"4":{"Display":"Professional, scientific or technical services"},"5":{"Display":"Utilities"},"6":{"Display":"Management of companies or enterprises"},"7":{"Display":"Construction"},"8":{"Display":"Admin, support, waste management or remediation services"},"9":{"Display":"Manufacturing"}},"Configuration":{"QuestionDescriptionOption":"UseText"},"DataExportTag":"occupation","DataVisibility":{"Hidden":false,"Private":false},"Language":[],"NextAnswerId":1,"NextChoiceId":21,"QuestionDescription":"Which of the following industries most closely matches the one in which you are employed?","QuestionID":"QID18","QuestionText":"Which of the following industries most closely matches the one in which you are employed?","QuestionText_Unsafe":"Which of the following industries most closely matches the one in which you are employed?","QuestionType":"MC","Randomization":{"Advanced":{"FixedOrder":["{~Randomized~}","{~Randomized~}","{~Randomized~}","{~Randomized~}","{~Randomized~}","{~Randomized~}","{~Randomized~}","{~Randomized~}","{~Randomized~}","{~Randomized~}","{~Randomized~}","{~Randomized~}","{~Randomized~}","{~Randomized~}","{~Randomized~}","{~Randomized~}","{~Randomized~}","{~Randomized~}","20","18"],"RandomSubSet":[],"RandomizeAll":["1","2","3","4","5","6","7","8","9","10","11","12","13","14","15","16","17","19"],"TotalRandSubset":0,"Undisplayed":[]},"EvenPresentation":false,"TotalRandSubset":"","Type":"Advanced"},"Selector":"DL","Validation":{"Settings":{"ForceResponse":"ON","ForceResponseType":"ON","Type":"None"}}}},{"SurveyID":"SV_3jZLUQYdzXtaJCu","Element":"SQ","PrimaryAttribute":"QID15","SecondaryAttribute":"Which race or ethnicity best describes you?","TertiaryAttribute":null,"Payload":{"ChoiceOrder":["1","2","3","4","5"],"Choices":{"1":{"Display":"American Indian or Alaskan Native"},"2":{"Display":"Asian \/ Pacific Islander"},"3":{"Display":"Black or African American"},"4":{"Display":"Hispanic \/ Latinx"},"5":{"Display":"White \/ Caucasian"}},"Configuration":{"QuestionDescriptionOption":"UseText"},"DataExportTag":"race","DataVisibility":{"Hidden":false,"Private":false},"Language":[],"NextAnswerId":1,"NextChoiceId":6,"QuestionDescription":"Which race or ethnicity best describes you?","QuestionID":"QID15","QuestionText":"Which race or ethnicity best describes you?","QuestionText_Unsafe":"Which race or ethnicity best describes you?","QuestionType":"MC","RecodeValues":{"1":"1","2":"2","3":"3","4":"4","5":"5"},"Selector":"SAVR","SubSelector":"TX","Validation":{"Settings":{"ForceResponse":"ON","ForceResponseType":"ON","Type":"None"}}}}]}